// !$*UTF8*$!
{
	archiveVersion = 1;
	classes = {
	};
	objectVersion = 46;
	objects = {

/* Begin PBXBuildFile section */
		759506AE035A0D0FFF1F66AB /* libPods-VideoExample.a in Frameworks */ = {isa = PBXBuildFile; fileRef = 479CFCA44E4128D19E5857A8 /* libPods-VideoExample.a */; };
		F6805F151B8DF11F00BD2111 /* BlockViewController.m in Sources */ = {isa = PBXBuildFile; fileRef = F6805F141B8DF11F00BD2111 /* BlockViewController.m */; };
		F6805F181B8DFFF100BD2111 /* TrackingTableViewController.m in Sources */ = {isa = PBXBuildFile; fileRef = F6805F171B8DFFF100BD2111 /* TrackingTableViewController.m */; };
		F6CC1F2D1B8DE2C100770F3A /* main.m in Sources */ = {isa = PBXBuildFile; fileRef = F6CC1F2C1B8DE2C100770F3A /* main.m */; };
		F6CC1F301B8DE2C100770F3A /* AppDelegate.m in Sources */ = {isa = PBXBuildFile; fileRef = F6CC1F2F1B8DE2C100770F3A /* AppDelegate.m */; };
		F6CC1F331B8DE2C100770F3A /* BlocksInfoViewController.m in Sources */ = {isa = PBXBuildFile; fileRef = F6CC1F321B8DE2C100770F3A /* BlocksInfoViewController.m */; };
		F6CC1F361B8DE2C100770F3A /* Main.storyboard in Resources */ = {isa = PBXBuildFile; fileRef = F6CC1F341B8DE2C100770F3A /* Main.storyboard */; };
		F6CC1F381B8DE2C100770F3A /* Images.xcassets in Resources */ = {isa = PBXBuildFile; fileRef = F6CC1F371B8DE2C100770F3A /* Images.xcassets */; };
		F6CC1F3B1B8DE2C100770F3A /* LaunchScreen.xib in Resources */ = {isa = PBXBuildFile; fileRef = F6CC1F391B8DE2C100770F3A /* LaunchScreen.xib */; };
		F6CC1F551B8DEB7400770F3A /* BlocksTableViewController.m in Sources */ = {isa = PBXBuildFile; fileRef = F6CC1F541B8DEB7400770F3A /* BlocksTableViewController.m */; };
/* End PBXBuildFile section */

/* Begin PBXFileReference section */
		479CFCA44E4128D19E5857A8 /* libPods-VideoExample.a */ = {isa = PBXFileReference; explicitFileType = archive.ar; includeInIndex = 0; path = "libPods-VideoExample.a"; sourceTree = BUILT_PRODUCTS_DIR; };
		50B08E322491B73DDA612119 /* Pods-VideoExample.debug.xcconfig */ = {isa = PBXFileReference; includeInIndex = 1; lastKnownFileType = text.xcconfig; name = "Pods-VideoExample.debug.xcconfig"; path = "Pods/Target Support Files/Pods-VideoExample/Pods-VideoExample.debug.xcconfig"; sourceTree = "<group>"; };
		94C9832CC90AC5ECA2E22B4B /* Pods-VideoExample.release.xcconfig */ = {isa = PBXFileReference; includeInIndex = 1; lastKnownFileType = text.xcconfig; name = "Pods-VideoExample.release.xcconfig"; path = "Pods/Target Support Files/Pods-VideoExample/Pods-VideoExample.release.xcconfig"; sourceTree = "<group>"; };
		F6805F131B8DF11F00BD2111 /* BlockViewController.h */ = {isa = PBXFileReference; fileEncoding = 4; lastKnownFileType = sourcecode.c.h; path = BlockViewController.h; sourceTree = "<group>"; };
		F6805F141B8DF11F00BD2111 /* BlockViewController.m */ = {isa = PBXFileReference; fileEncoding = 4; lastKnownFileType = sourcecode.c.objc; path = BlockViewController.m; sourceTree = "<group>"; };
		F6805F161B8DFFF100BD2111 /* TrackingTableViewController.h */ = {isa = PBXFileReference; fileEncoding = 4; lastKnownFileType = sourcecode.c.h; path = TrackingTableViewController.h; sourceTree = "<group>"; };
		F6805F171B8DFFF100BD2111 /* TrackingTableViewController.m */ = {isa = PBXFileReference; fileEncoding = 4; lastKnownFileType = sourcecode.c.objc; path = TrackingTableViewController.m; sourceTree = "<group>"; };
		F6CC1F271B8DE2C100770F3A /* VideoExample.app */ = {isa = PBXFileReference; explicitFileType = wrapper.application; includeInIndex = 0; path = VideoExample.app; sourceTree = BUILT_PRODUCTS_DIR; };
		F6CC1F2B1B8DE2C100770F3A /* Info.plist */ = {isa = PBXFileReference; lastKnownFileType = text.plist.xml; path = Info.plist; sourceTree = "<group>"; };
		F6CC1F2C1B8DE2C100770F3A /* main.m */ = {isa = PBXFileReference; lastKnownFileType = sourcecode.c.objc; path = main.m; sourceTree = "<group>"; };
		F6CC1F2E1B8DE2C100770F3A /* AppDelegate.h */ = {isa = PBXFileReference; lastKnownFileType = sourcecode.c.h; path = AppDelegate.h; sourceTree = "<group>"; };
		F6CC1F2F1B8DE2C100770F3A /* AppDelegate.m */ = {isa = PBXFileReference; lastKnownFileType = sourcecode.c.objc; path = AppDelegate.m; sourceTree = "<group>"; };
		F6CC1F311B8DE2C100770F3A /* BlocksInfoViewController.h */ = {isa = PBXFileReference; lastKnownFileType = sourcecode.c.h; path = BlocksInfoViewController.h; sourceTree = "<group>"; };
		F6CC1F321B8DE2C100770F3A /* BlocksInfoViewController.m */ = {isa = PBXFileReference; lastKnownFileType = sourcecode.c.objc; path = BlocksInfoViewController.m; sourceTree = "<group>"; };
		F6CC1F351B8DE2C100770F3A /* Base */ = {isa = PBXFileReference; lastKnownFileType = file.storyboard; name = Base; path = Base.lproj/Main.storyboard; sourceTree = "<group>"; };
		F6CC1F371B8DE2C100770F3A /* Images.xcassets */ = {isa = PBXFileReference; lastKnownFileType = folder.assetcatalog; path = Images.xcassets; sourceTree = "<group>"; };
		F6CC1F3A1B8DE2C100770F3A /* Base */ = {isa = PBXFileReference; lastKnownFileType = file.xib; name = Base; path = Base.lproj/LaunchScreen.xib; sourceTree = "<group>"; };
		F6CC1F531B8DEB7400770F3A /* BlocksTableViewController.h */ = {isa = PBXFileReference; fileEncoding = 4; lastKnownFileType = sourcecode.c.h; path = BlocksTableViewController.h; sourceTree = "<group>"; };
		F6CC1F541B8DEB7400770F3A /* BlocksTableViewController.m */ = {isa = PBXFileReference; fileEncoding = 4; lastKnownFileType = sourcecode.c.objc; path = BlocksTableViewController.m; sourceTree = "<group>"; };
/* End PBXFileReference section */

/* Begin PBXFrameworksBuildPhase section */
		F6CC1F241B8DE2C100770F3A /* Frameworks */ = {
			isa = PBXFrameworksBuildPhase;
			buildActionMask = 2147483647;
			files = (
				759506AE035A0D0FFF1F66AB /* libPods-VideoExample.a in Frameworks */,
			);
			runOnlyForDeploymentPostprocessing = 0;
		};
/* End PBXFrameworksBuildPhase section */

/* Begin PBXGroup section */
		28948CB9F28BC47F12F0D13E /* Pods */ = {
			isa = PBXGroup;
			children = (
				50B08E322491B73DDA612119 /* Pods-VideoExample.debug.xcconfig */,
				94C9832CC90AC5ECA2E22B4B /* Pods-VideoExample.release.xcconfig */,
			);
			name = Pods;
			sourceTree = "<group>";
		};
		F55BFE018733F90E1C53693E /* Frameworks */ = {
			isa = PBXGroup;
			children = (
				479CFCA44E4128D19E5857A8 /* libPods-VideoExample.a */,
			);
			name = Frameworks;
			sourceTree = "<group>";
		};
		F6CC1F1E1B8DE2C100770F3A = {
			isa = PBXGroup;
			children = (
				F6CC1F291B8DE2C100770F3A /* VideoExample */,
				F6CC1F281B8DE2C100770F3A /* Products */,
				28948CB9F28BC47F12F0D13E /* Pods */,
				F55BFE018733F90E1C53693E /* Frameworks */,
			);
			sourceTree = "<group>";
		};
		F6CC1F281B8DE2C100770F3A /* Products */ = {
			isa = PBXGroup;
			children = (
				F6CC1F271B8DE2C100770F3A /* VideoExample.app */,
			);
			name = Products;
			sourceTree = "<group>";
		};
		F6CC1F291B8DE2C100770F3A /* VideoExample */ = {
			isa = PBXGroup;
			children = (
				F6CC1F2E1B8DE2C100770F3A /* AppDelegate.h */,
				F6CC1F2F1B8DE2C100770F3A /* AppDelegate.m */,
				F6CC1F311B8DE2C100770F3A /* BlocksInfoViewController.h */,
				F6CC1F321B8DE2C100770F3A /* BlocksInfoViewController.m */,
				F6CC1F531B8DEB7400770F3A /* BlocksTableViewController.h */,
				F6CC1F541B8DEB7400770F3A /* BlocksTableViewController.m */,
				F6805F131B8DF11F00BD2111 /* BlockViewController.h */,
				F6805F141B8DF11F00BD2111 /* BlockViewController.m */,
				F6805F161B8DFFF100BD2111 /* TrackingTableViewController.h */,
				F6805F171B8DFFF100BD2111 /* TrackingTableViewController.m */,
				F6CC1F341B8DE2C100770F3A /* Main.storyboard */,
				F6CC1F371B8DE2C100770F3A /* Images.xcassets */,
				F6CC1F391B8DE2C100770F3A /* LaunchScreen.xib */,
				F6CC1F2A1B8DE2C100770F3A /* Supporting Files */,
			);
			path = VideoExample;
			sourceTree = "<group>";
		};
		F6CC1F2A1B8DE2C100770F3A /* Supporting Files */ = {
			isa = PBXGroup;
			children = (
				F6CC1F2B1B8DE2C100770F3A /* Info.plist */,
				F6CC1F2C1B8DE2C100770F3A /* main.m */,
			);
			name = "Supporting Files";
			sourceTree = "<group>";
		};
/* End PBXGroup section */

/* Begin PBXNativeTarget section */
		F6CC1F261B8DE2C100770F3A /* VideoExample */ = {
			isa = PBXNativeTarget;
			buildConfigurationList = F6CC1F4A1B8DE2C100770F3A /* Build configuration list for PBXNativeTarget "VideoExample" */;
			buildPhases = (
				AD0683C330B57A2E9FD71A39 /* [CP] Check Pods Manifest.lock */,
				F6CC1F231B8DE2C100770F3A /* Sources */,
				F6CC1F241B8DE2C100770F3A /* Frameworks */,
				F6CC1F251B8DE2C100770F3A /* Resources */,
				7E32595CBC75E59580062603 /* [CP] Embed Pods Frameworks */,
				A8D290BA1D76E18DC0E4B8C2 /* [CP] Copy Pods Resources */,
				986F9A39092E25D1B9B5AF0B /* Embed Pods Frameworks */,
			);
			buildRules = (
			);
			dependencies = (
			);
			name = VideoExample;
			productName = VideoExample;
			productReference = F6CC1F271B8DE2C100770F3A /* VideoExample.app */;
			productType = "com.apple.product-type.application";
		};
/* End PBXNativeTarget section */

/* Begin PBXProject section */
		F6CC1F1F1B8DE2C100770F3A /* Project object */ = {
			isa = PBXProject;
			attributes = {
				LastUpgradeCheck = 0630;
				ORGANIZATIONNAME = Yandex;
				TargetAttributes = {
					F6CC1F261B8DE2C100770F3A = {
						CreatedOnToolsVersion = 6.3.2;
					};
				};
			};
			buildConfigurationList = F6CC1F221B8DE2C100770F3A /* Build configuration list for PBXProject "VideoExample" */;
			compatibilityVersion = "Xcode 3.2";
			developmentRegion = English;
			hasScannedForEncodings = 0;
			knownRegions = (
				en,
				Base,
			);
			mainGroup = F6CC1F1E1B8DE2C100770F3A;
			productRefGroup = F6CC1F281B8DE2C100770F3A /* Products */;
			projectDirPath = "";
			projectRoot = "";
			targets = (
				F6CC1F261B8DE2C100770F3A /* VideoExample */,
			);
		};
/* End PBXProject section */

/* Begin PBXResourcesBuildPhase section */
		F6CC1F251B8DE2C100770F3A /* Resources */ = {
			isa = PBXResourcesBuildPhase;
			buildActionMask = 2147483647;
			files = (
				F6CC1F361B8DE2C100770F3A /* Main.storyboard in Resources */,
				F6CC1F3B1B8DE2C100770F3A /* LaunchScreen.xib in Resources */,
				F6CC1F381B8DE2C100770F3A /* Images.xcassets in Resources */,
			);
			runOnlyForDeploymentPostprocessing = 0;
		};
/* End PBXResourcesBuildPhase section */

/* Begin PBXShellScriptBuildPhase section */
		7E32595CBC75E59580062603 /* [CP] Embed Pods Frameworks */ = {
			isa = PBXShellScriptBuildPhase;
			buildActionMask = 2147483647;
			files = (
			);
			inputPaths = (
			);
			name = "[CP] Embed Pods Frameworks";
			outputPaths = (
			);
			runOnlyForDeploymentPostprocessing = 0;
			shellPath = /bin/sh;
			shellScript = "\"${SRCROOT}/Pods/Target Support Files/Pods-VideoExample/Pods-VideoExample-frameworks.sh\"\n";
			showEnvVarsInLog = 0;
		};
		986F9A39092E25D1B9B5AF0B /* Embed Pods Frameworks */ = {
			isa = PBXShellScriptBuildPhase;
			buildActionMask = 2147483647;
			files = (
			);
			inputPaths = (
			);
			name = "Embed Pods Frameworks";
			outputPaths = (
			);
			runOnlyForDeploymentPostprocessing = 0;
			shellPath = /bin/sh;
			shellScript = "\"${SRCROOT}/Pods/Target Support Files/Pods-VideoExample/Pods-VideoExample-frameworks.sh\"\n";
			showEnvVarsInLog = 0;
		};
		A8D290BA1D76E18DC0E4B8C2 /* [CP] Copy Pods Resources */ = {
			isa = PBXShellScriptBuildPhase;
			buildActionMask = 2147483647;
			files = (
			);
			inputPaths = (
			);
			name = "[CP] Copy Pods Resources";
			outputPaths = (
			);
			runOnlyForDeploymentPostprocessing = 0;
			shellPath = /bin/sh;
			shellScript = "\"${SRCROOT}/Pods/Target Support Files/Pods-VideoExample/Pods-VideoExample-resources.sh\"\n";
			showEnvVarsInLog = 0;
		};
		AD0683C330B57A2E9FD71A39 /* [CP] Check Pods Manifest.lock */ = {
			isa = PBXShellScriptBuildPhase;
			buildActionMask = 2147483647;
			files = (
			);
			inputPaths = (
				"${PODS_PODFILE_DIR_PATH}/Podfile.lock",
				"${PODS_ROOT}/Manifest.lock",
			);
			name = "[CP] Check Pods Manifest.lock";
			outputPaths = (
				"$(DERIVED_FILE_DIR)/Pods-VideoExample-checkManifestLockResult.txt",
			);
			runOnlyForDeploymentPostprocessing = 0;
			shellPath = /bin/sh;
			shellScript = "diff \"${PODS_PODFILE_DIR_PATH}/Podfile.lock\" \"${PODS_ROOT}/Manifest.lock\" > /dev/null\nif [ $? != 0 ] ; then\n    # print error to STDERR\n    echo \"error: The sandbox is not in sync with the Podfile.lock. Run 'pod install' or update your CocoaPods installation.\" >&2\n    exit 1\nfi\n# This output is used by Xcode 'outputs' to avoid re-running this script phase.\necho \"SUCCESS\" > \"${SCRIPT_OUTPUT_FILE_0}\"\n";
			showEnvVarsInLog = 0;
		};
/* End PBXShellScriptBuildPhase section */

/* Begin PBXSourcesBuildPhase section */
		F6CC1F231B8DE2C100770F3A /* Sources */ = {
			isa = PBXSourcesBuildPhase;
			buildActionMask = 2147483647;
			files = (
				F6CC1F331B8DE2C100770F3A /* BlocksInfoViewController.m in Sources */,
				F6CC1F301B8DE2C100770F3A /* AppDelegate.m in Sources */,
				F6805F181B8DFFF100BD2111 /* TrackingTableViewController.m in Sources */,
				F6CC1F2D1B8DE2C100770F3A /* main.m in Sources */,
				F6805F151B8DF11F00BD2111 /* BlockViewController.m in Sources */,
				F6CC1F551B8DEB7400770F3A /* BlocksTableViewController.m in Sources */,
			);
			runOnlyForDeploymentPostprocessing = 0;
		};
/* End PBXSourcesBuildPhase section */

/* Begin PBXVariantGroup section */
		F6CC1F341B8DE2C100770F3A /* Main.storyboard */ = {
			isa = PBXVariantGroup;
			children = (
				F6CC1F351B8DE2C100770F3A /* Base */,
			);
			name = Main.storyboard;
			sourceTree = "<group>";
		};
		F6CC1F391B8DE2C100770F3A /* LaunchScreen.xib */ = {
			isa = PBXVariantGroup;
			children = (
				F6CC1F3A1B8DE2C100770F3A /* Base */,
			);
			name = LaunchScreen.xib;
			sourceTree = "<group>";
		};
/* End PBXVariantGroup section */

/* Begin XCBuildConfiguration section */
		F6CC1F481B8DE2C100770F3A /* Debug */ = {
			isa = XCBuildConfiguration;
			buildSettings = {
				ALWAYS_SEARCH_USER_PATHS = NO;
				CLANG_CXX_LANGUAGE_STANDARD = "gnu++0x";
				CLANG_CXX_LIBRARY = "libc++";
				CLANG_ENABLE_MODULES = YES;
				CLANG_ENABLE_OBJC_ARC = YES;
				CLANG_WARN_BOOL_CONVERSION = YES;
				CLANG_WARN_CONSTANT_CONVERSION = YES;
				CLANG_WARN_DIRECT_OBJC_ISA_USAGE = YES_ERROR;
				CLANG_WARN_EMPTY_BODY = YES;
				CLANG_WARN_ENUM_CONVERSION = YES;
				CLANG_WARN_INT_CONVERSION = YES;
				CLANG_WARN_OBJC_ROOT_CLASS = YES_ERROR;
				CLANG_WARN_UNREACHABLE_CODE = YES;
				CLANG_WARN__DUPLICATE_METHOD_MATCH = YES;
				"CODE_SIGN_IDENTITY[sdk=iphoneos*]" = "iPhone Developer";
				COPY_PHASE_STRIP = NO;
				DEBUG_INFORMATION_FORMAT = "dwarf-with-dsym";
				ENABLE_STRICT_OBJC_MSGSEND = YES;
				GCC_C_LANGUAGE_STANDARD = gnu99;
				GCC_DYNAMIC_NO_PIC = NO;
				GCC_NO_COMMON_BLOCKS = YES;
				GCC_OPTIMIZATION_LEVEL = 0;
				GCC_PREPROCESSOR_DEFINITIONS = (
					"DEBUG=1",
					"$(inherited)",
				);
				GCC_SYMBOLS_PRIVATE_EXTERN = NO;
				GCC_WARN_64_TO_32_BIT_CONVERSION = YES;
				GCC_WARN_ABOUT_RETURN_TYPE = YES_ERROR;
				GCC_WARN_UNDECLARED_SELECTOR = YES;
				GCC_WARN_UNINITIALIZED_AUTOS = YES_AGGRESSIVE;
				GCC_WARN_UNUSED_FUNCTION = YES;
				GCC_WARN_UNUSED_VARIABLE = YES;
				IPHONEOS_DEPLOYMENT_TARGET = 8.3;
				MTL_ENABLE_DEBUG_INFO = YES;
				ONLY_ACTIVE_ARCH = YES;
				SDKROOT = iphoneos;
				TARGETED_DEVICE_FAMILY = "1,2";
			};
			name = Debug;
		};
		F6CC1F491B8DE2C100770F3A /* Release */ = {
			isa = XCBuildConfiguration;
			buildSettings = {
				ALWAYS_SEARCH_USER_PATHS = NO;
				CLANG_CXX_LANGUAGE_STANDARD = "gnu++0x";
				CLANG_CXX_LIBRARY = "libc++";
				CLANG_ENABLE_MODULES = YES;
				CLANG_ENABLE_OBJC_ARC = YES;
				CLANG_WARN_BOOL_CONVERSION = YES;
				CLANG_WARN_CONSTANT_CONVERSION = YES;
				CLANG_WARN_DIRECT_OBJC_ISA_USAGE = YES_ERROR;
				CLANG_WARN_EMPTY_BODY = YES;
				CLANG_WARN_ENUM_CONVERSION = YES;
				CLANG_WARN_INT_CONVERSION = YES;
				CLANG_WARN_OBJC_ROOT_CLASS = YES_ERROR;
				CLANG_WARN_UNREACHABLE_CODE = YES;
				CLANG_WARN__DUPLICATE_METHOD_MATCH = YES;
				"CODE_SIGN_IDENTITY[sdk=iphoneos*]" = "iPhone Developer";
				COPY_PHASE_STRIP = NO;
				DEBUG_INFORMATION_FORMAT = "dwarf-with-dsym";
				ENABLE_NS_ASSERTIONS = NO;
				ENABLE_STRICT_OBJC_MSGSEND = YES;
				GCC_C_LANGUAGE_STANDARD = gnu99;
				GCC_NO_COMMON_BLOCKS = YES;
				GCC_WARN_64_TO_32_BIT_CONVERSION = YES;
				GCC_WARN_ABOUT_RETURN_TYPE = YES_ERROR;
				GCC_WARN_UNDECLARED_SELECTOR = YES;
				GCC_WARN_UNINITIALIZED_AUTOS = YES_AGGRESSIVE;
				GCC_WARN_UNUSED_FUNCTION = YES;
				GCC_WARN_UNUSED_VARIABLE = YES;
				IPHONEOS_DEPLOYMENT_TARGET = 8.3;
				MTL_ENABLE_DEBUG_INFO = NO;
				SDKROOT = iphoneos;
				TARGETED_DEVICE_FAMILY = "1,2";
				VALIDATE_PRODUCT = YES;
			};
			name = Release;
		};
		F6CC1F4B1B8DE2C100770F3A /* Debug */ = {
			isa = XCBuildConfiguration;
			baseConfigurationReference = 50B08E322491B73DDA612119 /* Pods-VideoExample.debug.xcconfig */;
			buildSettings = {
				ASSETCATALOG_COMPILER_APPICON_NAME = AppIcon;
				ENABLE_BITCODE = YES;
				INFOPLIST_FILE = VideoExample/Info.plist;
				LD_RUNPATH_SEARCH_PATHS = "$(inherited) @executable_path/Frameworks";
				PRODUCT_NAME = "$(TARGET_NAME)";
			};
			name = Debug;
		};
		F6CC1F4C1B8DE2C100770F3A /* Release */ = {
			isa = XCBuildConfiguration;
			baseConfigurationReference = 94C9832CC90AC5ECA2E22B4B /* Pods-VideoExample.release.xcconfig */;
			buildSettings = {
				ASSETCATALOG_COMPILER_APPICON_NAME = AppIcon;
				ENABLE_BITCODE = YES;
				INFOPLIST_FILE = VideoExample/Info.plist;
				LD_RUNPATH_SEARCH_PATHS = "$(inherited) @executable_path/Frameworks";
				PRODUCT_NAME = "$(TARGET_NAME)";
			};
			name = Release;
		};
/* End XCBuildConfiguration section */

/* Begin XCConfigurationList section */
		F6CC1F221B8DE2C100770F3A /* Build configuration list for PBXProject "VideoExample" */ = {
			isa = XCConfigurationList;
			buildConfigurations = (
				F6CC1F481B8DE2C100770F3A /* Debug */,
				F6CC1F491B8DE2C100770F3A /* Release */,
			);
			defaultConfigurationIsVisible = 0;
			defaultConfigurationName = Release;
		};
		F6CC1F4A1B8DE2C100770F3A /* Build configuration list for PBXNativeTarget "VideoExample" */ = {
			isa = XCConfigurationList;
			buildConfigurations = (
				F6CC1F4B1B8DE2C100770F3A /* Debug */,
				F6CC1F4C1B8DE2C100770F3A /* Release */,
			);
			defaultConfigurationIsVisible = 0;
			defaultConfigurationName = Release;
		};
/* End XCConfigurationList section */
	};
	rootObject = F6CC1F1F1B8DE2C100770F3A /* Project object */;
}
