// !$*UTF8*$!
{
	archiveVersion = 1;
	classes = {
	};
	objectVersion = 51;
	objects = {

/* Begin PBXBuildFile section */
		313DFDD9D0BAEEC85BCE594B /* Pods_MobileMediationInterstitialExample.framework in Frameworks */ = {isa = PBXBuildFile; fileRef = F39814EAC73BC1B40D3A3F31 /* Pods_MobileMediationInterstitialExample.framework */; };
		B734D3FF22D77AC1002B9489 /* AppDelegate.swift in Sources */ = {isa = PBXBuildFile; fileRef = B734D3FE22D77AC1002B9489 /* AppDelegate.swift */; };
		B734D40122D77AC1002B9489 /* ViewController.swift in Sources */ = {isa = PBXBuildFile; fileRef = B734D40022D77AC1002B9489 /* ViewController.swift */; };
		B734D40422D77AC1002B9489 /* Main.storyboard in Resources */ = {isa = PBXBuildFile; fileRef = B734D40222D77AC1002B9489 /* Main.storyboard */; };
		B734D40922D77AC3002B9489 /* LaunchScreen.storyboard in Resources */ = {isa = PBXBuildFile; fileRef = B734D40722D77AC3002B9489 /* LaunchScreen.storyboard */; };
		B75C04A622D8BFF000F17153 /* Images.xcassets in Resources */ = {isa = PBXBuildFile; fileRef = B75C04A522D8BFF000F17153 /* Images.xcassets */; };
/* End PBXBuildFile section */

/* Begin PBXFileReference section */
		001A53B1F2DE48897936C24C /* Pods-AdFoxMediationInterstitialExample.debug.xcconfig */ = {isa = PBXFileReference; includeInIndex = 1; lastKnownFileType = text.xcconfig; name = "Pods-AdFoxMediationInterstitialExample.debug.xcconfig"; path = "Target Support Files/Pods-AdFoxMediationInterstitialExample/Pods-AdFoxMediationInterstitialExample.debug.xcconfig"; sourceTree = "<group>"; };
		15C4DFE927DD2EFE271831F9 /* Pods-MobileMediationInterstitialExample.debug.xcconfig */ = {isa = PBXFileReference; includeInIndex = 1; lastKnownFileType = text.xcconfig; name = "Pods-MobileMediationInterstitialExample.debug.xcconfig"; path = "Target Support Files/Pods-MobileMediationInterstitialExample/Pods-MobileMediationInterstitialExample.debug.xcconfig"; sourceTree = "<group>"; };
		9A86D0585E2AB5F85C42287C /* Pods-MobileMediationInterstitialExample.release.xcconfig */ = {isa = PBXFileReference; includeInIndex = 1; lastKnownFileType = text.xcconfig; name = "Pods-MobileMediationInterstitialExample.release.xcconfig"; path = "Target Support Files/Pods-MobileMediationInterstitialExample/Pods-MobileMediationInterstitialExample.release.xcconfig"; sourceTree = "<group>"; };
		B36987257F6BBD759B65715E /* Pods-AdFoxMediationInterstitialExample.release.xcconfig */ = {isa = PBXFileReference; includeInIndex = 1; lastKnownFileType = text.xcconfig; name = "Pods-AdFoxMediationInterstitialExample.release.xcconfig"; path = "Target Support Files/Pods-AdFoxMediationInterstitialExample/Pods-AdFoxMediationInterstitialExample.release.xcconfig"; sourceTree = "<group>"; };
		B734D3FB22D77AC1002B9489 /* MobileMediationInterstitialExample.app */ = {isa = PBXFileReference; explicitFileType = wrapper.application; includeInIndex = 0; path = MobileMediationInterstitialExample.app; sourceTree = BUILT_PRODUCTS_DIR; };
		B734D3FE22D77AC1002B9489 /* AppDelegate.swift */ = {isa = PBXFileReference; lastKnownFileType = sourcecode.swift; path = AppDelegate.swift; sourceTree = "<group>"; };
		B734D40022D77AC1002B9489 /* ViewController.swift */ = {isa = PBXFileReference; lastKnownFileType = sourcecode.swift; path = ViewController.swift; sourceTree = "<group>"; };
		B734D40322D77AC1002B9489 /* Base */ = {isa = PBXFileReference; lastKnownFileType = file.storyboard; name = Base; path = Base.lproj/Main.storyboard; sourceTree = "<group>"; };
		B734D40822D77AC3002B9489 /* Base */ = {isa = PBXFileReference; lastKnownFileType = file.storyboard; name = Base; path = Base.lproj/LaunchScreen.storyboard; sourceTree = "<group>"; };
		B734D40A22D77AC3002B9489 /* Info.plist */ = {isa = PBXFileReference; lastKnownFileType = text.plist.xml; path = Info.plist; sourceTree = "<group>"; };
		B75C04A522D8BFF000F17153 /* Images.xcassets */ = {isa = PBXFileReference; lastKnownFileType = folder.assetcatalog; path = Images.xcassets; sourceTree = "<group>"; };
		F39814EAC73BC1B40D3A3F31 /* Pods_MobileMediationInterstitialExample.framework */ = {isa = PBXFileReference; explicitFileType = wrapper.framework; includeInIndex = 0; path = Pods_MobileMediationInterstitialExample.framework; sourceTree = BUILT_PRODUCTS_DIR; };
/* End PBXFileReference section */

/* Begin PBXFrameworksBuildPhase section */
		B734D3F822D77AC1002B9489 /* Frameworks */ = {
			isa = PBXFrameworksBuildPhase;
			buildActionMask = 2147483647;
			files = (
				313DFDD9D0BAEEC85BCE594B /* Pods_MobileMediationInterstitialExample.framework in Frameworks */,
			);
			runOnlyForDeploymentPostprocessing = 0;
		};
/* End PBXFrameworksBuildPhase section */

/* Begin PBXGroup section */
		3EBF5F87D340C55F0FE93CF5 /* Pods */ = {
			isa = PBXGroup;
			children = (
				001A53B1F2DE48897936C24C /* Pods-AdFoxMediationInterstitialExample.debug.xcconfig */,
				B36987257F6BBD759B65715E /* Pods-AdFoxMediationInterstitialExample.release.xcconfig */,
				15C4DFE927DD2EFE271831F9 /* Pods-MobileMediationInterstitialExample.debug.xcconfig */,
				9A86D0585E2AB5F85C42287C /* Pods-MobileMediationInterstitialExample.release.xcconfig */,
			);
			path = Pods;
			sourceTree = "<group>";
		};
		B734D3F222D77AC1002B9489 = {
			isa = PBXGroup;
			children = (
				B734D3FD22D77AC1002B9489 /* MobileMediationInterstitialExample */,
				B734D3FC22D77AC1002B9489 /* Products */,
				3EBF5F87D340C55F0FE93CF5 /* Pods */,
				ED13C429FB049AA0B3331148 /* Frameworks */,
			);
			sourceTree = "<group>";
		};
		B734D3FC22D77AC1002B9489 /* Products */ = {
			isa = PBXGroup;
			children = (
				B734D3FB22D77AC1002B9489 /* MobileMediationInterstitialExample.app */,
			);
			name = Products;
			sourceTree = "<group>";
		};
		B734D3FD22D77AC1002B9489 /* MobileMediationInterstitialExample */ = {
			isa = PBXGroup;
			children = (
				B734D3FE22D77AC1002B9489 /* AppDelegate.swift */,
				B734D40A22D77AC3002B9489 /* Info.plist */,
				B75C04A522D8BFF000F17153 /* Images.xcassets */,
				B734D40222D77AC1002B9489 /* Main.storyboard */,
				B734D40722D77AC3002B9489 /* LaunchScreen.storyboard */,
				B734D40022D77AC1002B9489 /* ViewController.swift */,
			);
			path = MobileMediationInterstitialExample;
			sourceTree = "<group>";
		};
		ED13C429FB049AA0B3331148 /* Frameworks */ = {
			isa = PBXGroup;
			children = (
				F39814EAC73BC1B40D3A3F31 /* Pods_MobileMediationInterstitialExample.framework */,
			);
			name = Frameworks;
			sourceTree = "<group>";
		};
/* End PBXGroup section */

/* Begin PBXNativeTarget section */
		B734D3FA22D77AC1002B9489 /* MobileMediationInterstitialExample */ = {
			isa = PBXNativeTarget;
			buildConfigurationList = B734D40D22D77AC3002B9489 /* Build configuration list for PBXNativeTarget "MobileMediationInterstitialExample" */;
			buildPhases = (
				1C494263DFA3904C1320E18C /* [CP] Check Pods Manifest.lock */,
				B734D3F722D77AC1002B9489 /* Sources */,
				B734D3F822D77AC1002B9489 /* Frameworks */,
				B734D3F922D77AC1002B9489 /* Resources */,
				A16F9AF94A819E62FE1EF7F4 /* [CP] Embed Pods Frameworks */,
				50222982A16FA45C4966BE51 /* [CP] Copy Pods Resources */,
			);
			buildRules = (
			);
			dependencies = (
			);
			name = MobileMediationInterstitialExample;
			productName = AdFoxMediationInterstitialExample;
			productReference = B734D3FB22D77AC1002B9489 /* MobileMediationInterstitialExample.app */;
			productType = "com.apple.product-type.application";
		};
/* End PBXNativeTarget section */

/* Begin PBXProject section */
		B734D3F322D77AC1002B9489 /* Project object */ = {
			isa = PBXProject;
			attributes = {
				LastSwiftUpdateCheck = 1020;
				LastUpgradeCheck = 1020;
				ORGANIZATIONNAME = YANDEX;
				TargetAttributes = {
					B734D3FA22D77AC1002B9489 = {
						CreatedOnToolsVersion = 10.2.1;
					};
				};
			};
			buildConfigurationList = B734D3F622D77AC1002B9489 /* Build configuration list for PBXProject "MobileMediationInterstitialExample" */;
			compatibilityVersion = "Xcode 9.3";
			developmentRegion = en;
			hasScannedForEncodings = 0;
			knownRegions = (
				en,
				Base,
			);
			mainGroup = B734D3F222D77AC1002B9489;
			productRefGroup = B734D3FC22D77AC1002B9489 /* Products */;
			projectDirPath = "";
			projectRoot = "";
			targets = (
				B734D3FA22D77AC1002B9489 /* MobileMediationInterstitialExample */,
			);
		};
/* End PBXProject section */

/* Begin PBXResourcesBuildPhase section */
		B734D3F922D77AC1002B9489 /* Resources */ = {
			isa = PBXResourcesBuildPhase;
			buildActionMask = 2147483647;
			files = (
				B734D40922D77AC3002B9489 /* LaunchScreen.storyboard in Resources */,
				B75C04A622D8BFF000F17153 /* Images.xcassets in Resources */,
				B734D40422D77AC1002B9489 /* Main.storyboard in Resources */,
			);
			runOnlyForDeploymentPostprocessing = 0;
		};
/* End PBXResourcesBuildPhase section */

/* Begin PBXShellScriptBuildPhase section */
		1C494263DFA3904C1320E18C /* [CP] Check Pods Manifest.lock */ = {
			isa = PBXShellScriptBuildPhase;
			buildActionMask = 2147483647;
			files = (
			);
			inputFileListPaths = (
			);
			inputPaths = (
				"${PODS_PODFILE_DIR_PATH}/Podfile.lock",
				"${PODS_ROOT}/Manifest.lock",
			);
			name = "[CP] Check Pods Manifest.lock";
			outputFileListPaths = (
			);
			outputPaths = (
				"$(DERIVED_FILE_DIR)/Pods-MobileMediationInterstitialExample-checkManifestLockResult.txt",
			);
			runOnlyForDeploymentPostprocessing = 0;
			shellPath = /bin/sh;
			shellScript = "diff \"${PODS_PODFILE_DIR_PATH}/Podfile.lock\" \"${PODS_ROOT}/Manifest.lock\" > /dev/null\nif [ $? != 0 ] ; then\n    # print error to STDERR\n    echo \"error: The sandbox is not in sync with the Podfile.lock. Run 'pod install' or update your CocoaPods installation.\" >&2\n    exit 1\nfi\n# This output is used by Xcode 'outputs' to avoid re-running this script phase.\necho \"SUCCESS\" > \"${SCRIPT_OUTPUT_FILE_0}\"\n";
			showEnvVarsInLog = 0;
		};
		50222982A16FA45C4966BE51 /* [CP] Copy Pods Resources */ = {
			isa = PBXShellScriptBuildPhase;
			buildActionMask = 2147483647;
			files = (
			);
			inputFileListPaths = (
				"${PODS_ROOT}/Target Support Files/Pods-MobileMediationInterstitialExample/Pods-MobileMediationInterstitialExample-resources-${CONFIGURATION}-input-files.xcfilelist",
			);
			name = "[CP] Copy Pods Resources";
			outputFileListPaths = (
				"${PODS_ROOT}/Target Support Files/Pods-MobileMediationInterstitialExample/Pods-MobileMediationInterstitialExample-resources-${CONFIGURATION}-output-files.xcfilelist",
			);
			runOnlyForDeploymentPostprocessing = 0;
			shellPath = /bin/sh;
			shellScript = "\"${PODS_ROOT}/Target Support Files/Pods-MobileMediationInterstitialExample/Pods-MobileMediationInterstitialExample-resources.sh\"\n";
			showEnvVarsInLog = 0;
		};
		A16F9AF94A819E62FE1EF7F4 /* [CP] Embed Pods Frameworks */ = {
			isa = PBXShellScriptBuildPhase;
			buildActionMask = 2147483647;
			files = (
			);
			inputFileListPaths = (
				"${PODS_ROOT}/Target Support Files/Pods-MobileMediationInterstitialExample/Pods-MobileMediationInterstitialExample-frameworks-${CONFIGURATION}-input-files.xcfilelist",
			);
			name = "[CP] Embed Pods Frameworks";
			outputFileListPaths = (
				"${PODS_ROOT}/Target Support Files/Pods-MobileMediationInterstitialExample/Pods-MobileMediationInterstitialExample-frameworks-${CONFIGURATION}-output-files.xcfilelist",
			);
			runOnlyForDeploymentPostprocessing = 0;
			shellPath = /bin/sh;
			shellScript = "\"${PODS_ROOT}/Target Support Files/Pods-MobileMediationInterstitialExample/Pods-MobileMediationInterstitialExample-frameworks.sh\"\n";
			showEnvVarsInLog = 0;
		};
/* End PBXShellScriptBuildPhase section */

/* Begin PBXSourcesBuildPhase section */
		B734D3F722D77AC1002B9489 /* Sources */ = {
			isa = PBXSourcesBuildPhase;
			buildActionMask = 2147483647;
			files = (
				B734D40122D77AC1002B9489 /* ViewController.swift in Sources */,
				B734D3FF22D77AC1002B9489 /* AppDelegate.swift in Sources */,
			);
			runOnlyForDeploymentPostprocessing = 0;
		};
/* End PBXSourcesBuildPhase section */

/* Begin PBXVariantGroup section */
		B734D40222D77AC1002B9489 /* Main.storyboard */ = {
			isa = PBXVariantGroup;
			children = (
				B734D40322D77AC1002B9489 /* Base */,
			);
			name = Main.storyboard;
			sourceTree = "<group>";
		};
		B734D40722D77AC3002B9489 /* LaunchScreen.storyboard */ = {
			isa = PBXVariantGroup;
			children = (
				B734D40822D77AC3002B9489 /* Base */,
			);
			name = LaunchScreen.storyboard;
			sourceTree = "<group>";
		};
/* End PBXVariantGroup section */

/* Begin XCBuildConfiguration section */
		B734D40B22D77AC3002B9489 /* Debug */ = {
			isa = XCBuildConfiguration;
			buildSettings = {
				ALWAYS_SEARCH_USER_PATHS = NO;
				CLANG_ANALYZER_NONNULL = YES;
				CLANG_ANALYZER_NUMBER_OBJECT_CONVERSION = YES_AGGRESSIVE;
				CLANG_CXX_LANGUAGE_STANDARD = "gnu++14";
				CLANG_CXX_LIBRARY = "libc++";
				CLANG_ENABLE_MODULES = YES;
				CLANG_ENABLE_OBJC_ARC = YES;
				CLANG_ENABLE_OBJC_WEAK = YES;
				CLANG_WARN_BLOCK_CAPTURE_AUTORELEASING = YES;
				CLANG_WARN_BOOL_CONVERSION = YES;
				CLANG_WARN_COMMA = YES;
				CLANG_WARN_CONSTANT_CONVERSION = YES;
				CLANG_WARN_DEPRECATED_OBJC_IMPLEMENTATIONS = YES;
				CLANG_WARN_DIRECT_OBJC_ISA_USAGE = YES_ERROR;
				CLANG_WARN_DOCUMENTATION_COMMENTS = YES;
				CLANG_WARN_EMPTY_BODY = YES;
				CLANG_WARN_ENUM_CONVERSION = YES;
				CLANG_WARN_INFINITE_RECURSION = YES;
				CLANG_WARN_INT_CONVERSION = YES;
				CLANG_WARN_NON_LITERAL_NULL_CONVERSION = YES;
				CLANG_WARN_OBJC_IMPLICIT_RETAIN_SELF = YES;
				CLANG_WARN_OBJC_LITERAL_CONVERSION = YES;
				CLANG_WARN_OBJC_ROOT_CLASS = YES_ERROR;
				CLANG_WARN_RANGE_LOOP_ANALYSIS = YES;
				CLANG_WARN_STRICT_PROTOTYPES = YES;
				CLANG_WARN_SUSPICIOUS_MOVE = YES;
				CLANG_WARN_UNGUARDED_AVAILABILITY = YES_AGGRESSIVE;
				CLANG_WARN_UNREACHABLE_CODE = YES;
				CLANG_WARN__DUPLICATE_METHOD_MATCH = YES;
				CODE_SIGN_IDENTITY = "iPhone Developer";
				COPY_PHASE_STRIP = NO;
				DEBUG_INFORMATION_FORMAT = dwarf;
				ENABLE_STRICT_OBJC_MSGSEND = YES;
				ENABLE_TESTABILITY = YES;
				GCC_C_LANGUAGE_STANDARD = gnu11;
				GCC_DYNAMIC_NO_PIC = NO;
				GCC_NO_COMMON_BLOCKS = YES;
				GCC_OPTIMIZATION_LEVEL = 0;
				GCC_PREPROCESSOR_DEFINITIONS = (
					"DEBUG=1",
					"$(inherited)",
				);
				GCC_WARN_64_TO_32_BIT_CONVERSION = YES;
				GCC_WARN_ABOUT_RETURN_TYPE = YES_ERROR;
				GCC_WARN_UNDECLARED_SELECTOR = YES;
				GCC_WARN_UNINITIALIZED_AUTOS = YES_AGGRESSIVE;
				GCC_WARN_UNUSED_FUNCTION = YES;
				GCC_WARN_UNUSED_VARIABLE = YES;
				IPHONEOS_DEPLOYMENT_TARGET = 10.0;
				MTL_ENABLE_DEBUG_INFO = INCLUDE_SOURCE;
				MTL_FAST_MATH = YES;
				ONLY_ACTIVE_ARCH = YES;
				SDKROOT = iphoneos;
				SWIFT_ACTIVE_COMPILATION_CONDITIONS = DEBUG;
				SWIFT_OPTIMIZATION_LEVEL = "-Onone";
			};
			name = Debug;
		};
		B734D40C22D77AC3002B9489 /* Release */ = {
			isa = XCBuildConfiguration;
			buildSettings = {
				ALWAYS_SEARCH_USER_PATHS = NO;
				CLANG_ANALYZER_NONNULL = YES;
				CLANG_ANALYZER_NUMBER_OBJECT_CONVERSION = YES_AGGRESSIVE;
				CLANG_CXX_LANGUAGE_STANDARD = "gnu++14";
				CLANG_CXX_LIBRARY = "libc++";
				CLANG_ENABLE_MODULES = YES;
				CLANG_ENABLE_OBJC_ARC = YES;
				CLANG_ENABLE_OBJC_WEAK = YES;
				CLANG_WARN_BLOCK_CAPTURE_AUTORELEASING = YES;
				CLANG_WARN_BOOL_CONVERSION = YES;
				CLANG_WARN_COMMA = YES;
				CLANG_WARN_CONSTANT_CONVERSION = YES;
				CLANG_WARN_DEPRECATED_OBJC_IMPLEMENTATIONS = YES;
				CLANG_WARN_DIRECT_OBJC_ISA_USAGE = YES_ERROR;
				CLANG_WARN_DOCUMENTATION_COMMENTS = YES;
				CLANG_WARN_EMPTY_BODY = YES;
				CLANG_WARN_ENUM_CONVERSION = YES;
				CLANG_WARN_INFINITE_RECURSION = YES;
				CLANG_WARN_INT_CONVERSION = YES;
				CLANG_WARN_NON_LITERAL_NULL_CONVERSION = YES;
				CLANG_WARN_OBJC_IMPLICIT_RETAIN_SELF = YES;
				CLANG_WARN_OBJC_LITERAL_CONVERSION = YES;
				CLANG_WARN_OBJC_ROOT_CLASS = YES_ERROR;
				CLANG_WARN_RANGE_LOOP_ANALYSIS = YES;
				CLANG_WARN_STRICT_PROTOTYPES = YES;
				CLANG_WARN_SUSPICIOUS_MOVE = YES;
				CLANG_WARN_UNGUARDED_AVAILABILITY = YES_AGGRESSIVE;
				CLANG_WARN_UNREACHABLE_CODE = YES;
				CLANG_WARN__DUPLICATE_METHOD_MATCH = YES;
				CODE_SIGN_IDENTITY = "iPhone Developer";
				COPY_PHASE_STRIP = NO;
				DEBUG_INFORMATION_FORMAT = "dwarf-with-dsym";
				ENABLE_NS_ASSERTIONS = NO;
				ENABLE_STRICT_OBJC_MSGSEND = YES;
				GCC_C_LANGUAGE_STANDARD = gnu11;
				GCC_NO_COMMON_BLOCKS = YES;
				GCC_WARN_64_TO_32_BIT_CONVERSION = YES;
				GCC_WARN_ABOUT_RETURN_TYPE = YES_ERROR;
				GCC_WARN_UNDECLARED_SELECTOR = YES;
				GCC_WARN_UNINITIALIZED_AUTOS = YES_AGGRESSIVE;
				GCC_WARN_UNUSED_FUNCTION = YES;
				GCC_WARN_UNUSED_VARIABLE = YES;
				IPHONEOS_DEPLOYMENT_TARGET = 10.0;
				MTL_ENABLE_DEBUG_INFO = NO;
				MTL_FAST_MATH = YES;
				SDKROOT = iphoneos;
				SWIFT_COMPILATION_MODE = wholemodule;
				SWIFT_OPTIMIZATION_LEVEL = "-O";
				VALIDATE_PRODUCT = YES;
			};
			name = Release;
		};
		B734D40E22D77AC3002B9489 /* Debug */ = {
			isa = XCBuildConfiguration;
			baseConfigurationReference = 15C4DFE927DD2EFE271831F9 /* Pods-MobileMediationInterstitialExample.debug.xcconfig */;
			buildSettings = {
				ASSETCATALOG_COMPILER_APPICON_NAME = AppIcon;
				CODE_SIGN_STYLE = Automatic;
				INFOPLIST_FILE = MobileMediationInterstitialExample/Info.plist;
				IPHONEOS_DEPLOYMENT_TARGET = 10.0;
				LD_RUNPATH_SEARCH_PATHS = (
					"$(inherited)",
					"@executable_path/Frameworks",
				);
				PRODUCT_BUNDLE_IDENTIFIER = com.yandex.MobileMediationInterstitialExampleSwift;
				PRODUCT_NAME = "$(TARGET_NAME)";
				SWIFT_VERSION = 5.0;
				TARGETED_DEVICE_FAMILY = "1,2";
			};
			name = Debug;
		};
		B734D40F22D77AC3002B9489 /* Release */ = {
			isa = XCBuildConfiguration;
			baseConfigurationReference = 9A86D0585E2AB5F85C42287C /* Pods-MobileMediationInterstitialExample.release.xcconfig */;
			buildSettings = {
				ASSETCATALOG_COMPILER_APPICON_NAME = AppIcon;
				CODE_SIGN_STYLE = Automatic;
				INFOPLIST_FILE = MobileMediationInterstitialExample/Info.plist;
				IPHONEOS_DEPLOYMENT_TARGET = 10.0;
				LD_RUNPATH_SEARCH_PATHS = (
					"$(inherited)",
					"@executable_path/Frameworks",
				);
				PRODUCT_BUNDLE_IDENTIFIER = com.yandex.MobileMediationInterstitialExampleSwift;
				PRODUCT_NAME = "$(TARGET_NAME)";
				SWIFT_VERSION = 5.0;
				TARGETED_DEVICE_FAMILY = "1,2";
			};
			name = Release;
		};
/* End XCBuildConfiguration section */

/* Begin XCConfigurationList section */
		B734D3F622D77AC1002B9489 /* Build configuration list for PBXProject "MobileMediationInterstitialExample" */ = {
			isa = XCConfigurationList;
			buildConfigurations = (
				B734D40B22D77AC3002B9489 /* Debug */,
				B734D40C22D77AC3002B9489 /* Release */,
			);
			defaultConfigurationIsVisible = 0;
			defaultConfigurationName = Release;
		};
		B734D40D22D77AC3002B9489 /* Build configuration list for PBXNativeTarget "MobileMediationInterstitialExample" */ = {
			isa = XCConfigurationList;
			buildConfigurations = (
				B734D40E22D77AC3002B9489 /* Debug */,
				B734D40F22D77AC3002B9489 /* Release */,
			);
			defaultConfigurationIsVisible = 0;
			defaultConfigurationName = Release;
		};
/* End XCConfigurationList section */
	};
	rootObject = B734D3F322D77AC1002B9489 /* Project object */;
}
