{
  "pins" : [
    {
      "identity" : "appmetrica-sdk-ios",
      "kind" : "remoteSourceControl",
      "location" : "https://github.com/appmetrica/appmetrica-sdk-ios",
      "state" : {
        "revision" : "32783c93cc9015868f72295dc10129182c0dbbc3",
        "version" : "5.8.1"
      }
    },
    {
      "identity" : "divkit-ios",
      "kind" : "remoteSourceControl",
      "location" : "https://github.com/divkit/divkit-ios.git",
      "state" : {
        "revision" : "5e7bef5c9214a3e48486838ce3f91c3444c3b49a",
        "version" : "30.32.0"
      }
    },
    {
      "identity" : "divkit-ios-facade",
      "kind" : "remoteSourceControl",
      "location" : "https://github.com/divkit/divkit-ios-facade",
      "state" : {
        "revision" : "1c0f0503f609b45666e8845211f65f5cfc1af611",
        "version" : "4.5.0"
      }
    },
    {
      "identity" : "kscrash",
      "kind" : "remoteSourceControl",
      "location" : "https://github.com/kstenerud/KSCrash",
      "state" : {
        "revision" : "c3bbb7241c9730edfa14675898de00770a85dc0e",
        "version" : "2.0.0-rc.4"
      }
    },
    {
      "identity" : "swift-cmark",
      "kind" : "remoteSourceControl",
      "location" : "https://github.com/apple/swift-cmark.git",
      "state" : {
        "revision" : "3ccff77b2dc5b96b77db3da0d68d28068593fa53",
        "version" : "0.5.0"
      }
    },
    {
      "identity" : "swift-markdown",
      "kind" : "remoteSourceControl",
      "location" : "https://github.com/apple/swift-markdown.git",
      "state" : {
        "revision" : "8f79cb175981458a0a27e76cb42fee8e17b1a993",
        "version" : "0.5.0"
      }
    },
    {
      "identity" : "vgsl",
      "kind" : "remoteSourceControl",
      "location" : "https://github.com/yandex/vgsl.git",
      "state" : {
        "revision" : "72b44f7b013f00e3789052f93ced786efbfd8ecc",
        "version" : "6.16.2"
      }
    }
  ],
  "version" : 2
}
