// !$*UTF8*$!
{
	archiveVersion = 1;
	classes = {
	};
	objectVersion = 50;
	objects = {

/* Begin PBXBuildFile section */
		98991713C97D32337516B4DD /* libPods-RewardedExample.a in Frameworks */ = {isa = PBXBuildFile; fileRef = 0DBEE7BE65FFB5E2F45FF3A2 /* libPods-RewardedExample.a */; };
		B303456A21C1537400C9A4DA /* AppDelegate.swift in Sources */ = {isa = PBXBuildFile; fileRef = B303456921C1537400C9A4DA /* AppDelegate.swift */; };
		B303456C21C1537400C9A4DA /* ViewController.swift in Sources */ = {isa = PBXBuildFile; fileRef = B303456B21C1537400C9A4DA /* ViewController.swift */; };
		B303457421C1537600C9A4DA /* LaunchScreen.storyboard in Resources */ = {isa = PBXBuildFile; fileRef = B303457221C1537600C9A4DA /* LaunchScreen.storyboard */; };
		B303457C21C1544000C9A4DA /* Images.xcassets in Resources */ = {isa = PBXBuildFile; fileRef = B303457B21C1544000C9A4DA /* Images.xcassets */; };
		B303457F21C1548300C9A4DA /* Main.storyboard in Resources */ = {isa = PBXBuildFile; fileRef = B303457D21C1548300C9A4DA /* Main.storyboard */; };
/* End PBXBuildFile section */

/* Begin PBXFileReference section */
		0DBEE7BE65FFB5E2F45FF3A2 /* libPods-RewardedExample.a */ = {isa = PBXFileReference; explicitFileType = archive.ar; includeInIndex = 0; path = "libPods-RewardedExample.a"; sourceTree = BUILT_PRODUCTS_DIR; };
		279B8267CD7D9E9299D20446 /* Pods-RewardedExample.release.xcconfig */ = {isa = PBXFileReference; includeInIndex = 1; lastKnownFileType = text.xcconfig; name = "Pods-RewardedExample.release.xcconfig"; path = "Pods/Target Support Files/Pods-RewardedExample/Pods-RewardedExample.release.xcconfig"; sourceTree = "<group>"; };
		968E893EEA690C89F4B2E532 /* Pods-RewardedExample.debug.xcconfig */ = {isa = PBXFileReference; includeInIndex = 1; lastKnownFileType = text.xcconfig; name = "Pods-RewardedExample.debug.xcconfig"; path = "Pods/Target Support Files/Pods-RewardedExample/Pods-RewardedExample.debug.xcconfig"; sourceTree = "<group>"; };
		B303456621C1537400C9A4DA /* RewardedExample.app */ = {isa = PBXFileReference; explicitFileType = wrapper.application; includeInIndex = 0; path = RewardedExample.app; sourceTree = BUILT_PRODUCTS_DIR; };
		B303456921C1537400C9A4DA /* AppDelegate.swift */ = {isa = PBXFileReference; lastKnownFileType = sourcecode.swift; path = AppDelegate.swift; sourceTree = "<group>"; };
		B303456B21C1537400C9A4DA /* ViewController.swift */ = {isa = PBXFileReference; lastKnownFileType = sourcecode.swift; path = ViewController.swift; sourceTree = "<group>"; };
		B303457321C1537600C9A4DA /* Base */ = {isa = PBXFileReference; lastKnownFileType = file.storyboard; name = Base; path = Base.lproj/LaunchScreen.storyboard; sourceTree = "<group>"; };
		B303457521C1537600C9A4DA /* Info.plist */ = {isa = PBXFileReference; lastKnownFileType = text.plist.xml; path = Info.plist; sourceTree = "<group>"; };
		B303457B21C1544000C9A4DA /* Images.xcassets */ = {isa = PBXFileReference; lastKnownFileType = folder.assetcatalog; path = Images.xcassets; sourceTree = "<group>"; };
		B303457E21C1548300C9A4DA /* Base */ = {isa = PBXFileReference; lastKnownFileType = file.storyboard; name = Base; path = Base.lproj/Main.storyboard; sourceTree = "<group>"; };
/* End PBXFileReference section */

/* Begin PBXFrameworksBuildPhase section */
		B303456321C1537400C9A4DA /* Frameworks */ = {
			isa = PBXFrameworksBuildPhase;
			buildActionMask = 2147483647;
			files = (
				98991713C97D32337516B4DD /* libPods-RewardedExample.a in Frameworks */,
			);
			runOnlyForDeploymentPostprocessing = 0;
		};
/* End PBXFrameworksBuildPhase section */

/* Begin PBXGroup section */
		1F07996DC7653B8375D56DE3 /* Pods */ = {
			isa = PBXGroup;
			children = (
				968E893EEA690C89F4B2E532 /* Pods-RewardedExample.debug.xcconfig */,
				279B8267CD7D9E9299D20446 /* Pods-RewardedExample.release.xcconfig */,
			);
			name = Pods;
			sourceTree = "<group>";
		};
		B303455D21C1537400C9A4DA = {
			isa = PBXGroup;
			children = (
				B303456821C1537400C9A4DA /* RewardedExample */,
				B303456721C1537400C9A4DA /* Products */,
				1F07996DC7653B8375D56DE3 /* Pods */,
				B5609CC80D5BDFBFCEFB8AF8 /* Frameworks */,
			);
			sourceTree = "<group>";
		};
		B303456721C1537400C9A4DA /* Products */ = {
			isa = PBXGroup;
			children = (
				B303456621C1537400C9A4DA /* RewardedExample.app */,
			);
			name = Products;
			sourceTree = "<group>";
		};
		B303456821C1537400C9A4DA /* RewardedExample */ = {
			isa = PBXGroup;
			children = (
				B303456921C1537400C9A4DA /* AppDelegate.swift */,
				B303456B21C1537400C9A4DA /* ViewController.swift */,
				B303457D21C1548300C9A4DA /* Main.storyboard */,
				B303457221C1537600C9A4DA /* LaunchScreen.storyboard */,
				B303457B21C1544000C9A4DA /* Images.xcassets */,
				B303457521C1537600C9A4DA /* Info.plist */,
			);
			path = RewardedExample;
			sourceTree = "<group>";
		};
		B5609CC80D5BDFBFCEFB8AF8 /* Frameworks */ = {
			isa = PBXGroup;
			children = (
				0DBEE7BE65FFB5E2F45FF3A2 /* libPods-RewardedExample.a */,
			);
			name = Frameworks;
			sourceTree = "<group>";
		};
/* End PBXGroup section */

/* Begin PBXNativeTarget section */
		B303456521C1537400C9A4DA /* RewardedExample */ = {
			isa = PBXNativeTarget;
			buildConfigurationList = B303457821C1537600C9A4DA /* Build configuration list for PBXNativeTarget "RewardedExample" */;
			buildPhases = (
				14D90E64CFE46BEAA08F6D2E /* [CP] Check Pods Manifest.lock */,
				B303456221C1537400C9A4DA /* Sources */,
				B303456321C1537400C9A4DA /* Frameworks */,
				B303456421C1537400C9A4DA /* Resources */,
			);
			buildRules = (
			);
			dependencies = (
			);
			name = RewardedExample;
			productName = RewardedExample;
			productReference = B303456621C1537400C9A4DA /* RewardedExample.app */;
			productType = "com.apple.product-type.application";
		};
/* End PBXNativeTarget section */

/* Begin PBXProject section */
		B303455E21C1537400C9A4DA /* Project object */ = {
			isa = PBXProject;
			attributes = {
				LastSwiftUpdateCheck = 1010;
				LastUpgradeCheck = 1010;
				ORGANIZATIONNAME = Yandex;
				TargetAttributes = {
					B303456521C1537400C9A4DA = {
						CreatedOnToolsVersion = 10.1;
					};
				};
			};
			buildConfigurationList = B303456121C1537400C9A4DA /* Build configuration list for PBXProject "RewardedExample" */;
			compatibilityVersion = "Xcode 9.3";
			developmentRegion = en;
			hasScannedForEncodings = 0;
			knownRegions = (
				en,
				Base,
			);
			mainGroup = B303455D21C1537400C9A4DA;
			productRefGroup = B303456721C1537400C9A4DA /* Products */;
			projectDirPath = "";
			projectRoot = "";
			targets = (
				B303456521C1537400C9A4DA /* RewardedExample */,
			);
		};
/* End PBXProject section */

/* Begin PBXResourcesBuildPhase section */
		B303456421C1537400C9A4DA /* Resources */ = {
			isa = PBXResourcesBuildPhase;
			buildActionMask = 2147483647;
			files = (
				B303457F21C1548300C9A4DA /* Main.storyboard in Resources */,
				B303457C21C1544000C9A4DA /* Images.xcassets in Resources */,
				B303457421C1537600C9A4DA /* LaunchScreen.storyboard in Resources */,
			);
			runOnlyForDeploymentPostprocessing = 0;
		};
/* End PBXResourcesBuildPhase section */

/* Begin PBXShellScriptBuildPhase section */
		14D90E64CFE46BEAA08F6D2E /* [CP] Check Pods Manifest.lock */ = {
			isa = PBXShellScriptBuildPhase;
			buildActionMask = 2147483647;
			files = (
			);
			inputFileListPaths = (
			);
			inputPaths = (
				"${PODS_PODFILE_DIR_PATH}/Podfile.lock",
				"${PODS_ROOT}/Manifest.lock",
			);
			name = "[CP] Check Pods Manifest.lock";
			outputFileListPaths = (
			);
			outputPaths = (
				"$(DERIVED_FILE_DIR)/Pods-RewardedExample-checkManifestLockResult.txt",
			);
			runOnlyForDeploymentPostprocessing = 0;
			shellPath = /bin/sh;
			shellScript = "diff \"${PODS_PODFILE_DIR_PATH}/Podfile.lock\" \"${PODS_ROOT}/Manifest.lock\" > /dev/null\nif [ $? != 0 ] ; then\n    # print error to STDERR\n    echo \"error: The sandbox is not in sync with the Podfile.lock. Run 'pod install' or update your CocoaPods installation.\" >&2\n    exit 1\nfi\n# This output is used by Xcode 'outputs' to avoid re-running this script phase.\necho \"SUCCESS\" > \"${SCRIPT_OUTPUT_FILE_0}\"\n";
			showEnvVarsInLog = 0;
		};
/* End PBXShellScriptBuildPhase section */

/* Begin PBXSourcesBuildPhase section */
		B303456221C1537400C9A4DA /* Sources */ = {
			isa = PBXSourcesBuildPhase;
			buildActionMask = 2147483647;
			files = (
				B303456C21C1537400C9A4DA /* ViewController.swift in Sources */,
				B303456A21C1537400C9A4DA /* AppDelegate.swift in Sources */,
			);
			runOnlyForDeploymentPostprocessing = 0;
		};
/* End PBXSourcesBuildPhase section */

/* Begin PBXVariantGroup section */
		B303457221C1537600C9A4DA /* LaunchScreen.storyboard */ = {
			isa = PBXVariantGroup;
			children = (
				B303457321C1537600C9A4DA /* Base */,
			);
			name = LaunchScreen.storyboard;
			sourceTree = "<group>";
		};
		B303457D21C1548300C9A4DA /* Main.storyboard */ = {
			isa = PBXVariantGroup;
			children = (
				B303457E21C1548300C9A4DA /* Base */,
			);
			name = Main.storyboard;
			sourceTree = "<group>";
		};
/* End PBXVariantGroup section */

/* Begin XCBuildConfiguration section */
		B303457621C1537600C9A4DA /* Debug */ = {
			isa = XCBuildConfiguration;
			buildSettings = {
				ALWAYS_SEARCH_USER_PATHS = NO;
				CLANG_ANALYZER_NONNULL = YES;
				CLANG_ANALYZER_NUMBER_OBJECT_CONVERSION = YES_AGGRESSIVE;
				CLANG_CXX_LANGUAGE_STANDARD = "gnu++14";
				CLANG_CXX_LIBRARY = "libc++";
				CLANG_ENABLE_MODULES = YES;
				CLANG_ENABLE_OBJC_ARC = YES;
				CLANG_ENABLE_OBJC_WEAK = YES;
				CLANG_WARN_BLOCK_CAPTURE_AUTORELEASING = YES;
				CLANG_WARN_BOOL_CONVERSION = YES;
				CLANG_WARN_COMMA = YES;
				CLANG_WARN_CONSTANT_CONVERSION = YES;
				CLANG_WARN_DEPRECATED_OBJC_IMPLEMENTATIONS = YES;
				CLANG_WARN_DIRECT_OBJC_ISA_USAGE = YES_ERROR;
				CLANG_WARN_DOCUMENTATION_COMMENTS = YES;
				CLANG_WARN_EMPTY_BODY = YES;
				CLANG_WARN_ENUM_CONVERSION = YES;
				CLANG_WARN_INFINITE_RECURSION = YES;
				CLANG_WARN_INT_CONVERSION = YES;
				CLANG_WARN_NON_LITERAL_NULL_CONVERSION = YES;
				CLANG_WARN_OBJC_IMPLICIT_RETAIN_SELF = YES;
				CLANG_WARN_OBJC_LITERAL_CONVERSION = YES;
				CLANG_WARN_OBJC_ROOT_CLASS = YES_ERROR;
				CLANG_WARN_RANGE_LOOP_ANALYSIS = YES;
				CLANG_WARN_STRICT_PROTOTYPES = YES;
				CLANG_WARN_SUSPICIOUS_MOVE = YES;
				CLANG_WARN_UNGUARDED_AVAILABILITY = YES_AGGRESSIVE;
				CLANG_WARN_UNREACHABLE_CODE = YES;
				CLANG_WARN__DUPLICATE_METHOD_MATCH = YES;
				CODE_SIGN_IDENTITY = "iPhone Developer";
				COPY_PHASE_STRIP = NO;
				DEBUG_INFORMATION_FORMAT = dwarf;
				ENABLE_STRICT_OBJC_MSGSEND = YES;
				ENABLE_TESTABILITY = YES;
				GCC_C_LANGUAGE_STANDARD = gnu11;
				GCC_DYNAMIC_NO_PIC = NO;
				GCC_NO_COMMON_BLOCKS = YES;
				GCC_OPTIMIZATION_LEVEL = 0;
				GCC_PREPROCESSOR_DEFINITIONS = (
					"DEBUG=1",
					"$(inherited)",
				);
				GCC_WARN_64_TO_32_BIT_CONVERSION = YES;
				GCC_WARN_ABOUT_RETURN_TYPE = YES_ERROR;
				GCC_WARN_UNDECLARED_SELECTOR = YES;
				GCC_WARN_UNINITIALIZED_AUTOS = YES_AGGRESSIVE;
				GCC_WARN_UNUSED_FUNCTION = YES;
				GCC_WARN_UNUSED_VARIABLE = YES;
				IPHONEOS_DEPLOYMENT_TARGET = 12.1;
				MTL_ENABLE_DEBUG_INFO = INCLUDE_SOURCE;
				MTL_FAST_MATH = YES;
				ONLY_ACTIVE_ARCH = YES;
				SDKROOT = iphoneos;
				SWIFT_ACTIVE_COMPILATION_CONDITIONS = DEBUG;
				SWIFT_OPTIMIZATION_LEVEL = "-Onone";
			};
			name = Debug;
		};
		B303457721C1537600C9A4DA /* Release */ = {
			isa = XCBuildConfiguration;
			buildSettings = {
				ALWAYS_SEARCH_USER_PATHS = NO;
				CLANG_ANALYZER_NONNULL = YES;
				CLANG_ANALYZER_NUMBER_OBJECT_CONVERSION = YES_AGGRESSIVE;
				CLANG_CXX_LANGUAGE_STANDARD = "gnu++14";
				CLANG_CXX_LIBRARY = "libc++";
				CLANG_ENABLE_MODULES = YES;
				CLANG_ENABLE_OBJC_ARC = YES;
				CLANG_ENABLE_OBJC_WEAK = YES;
				CLANG_WARN_BLOCK_CAPTURE_AUTORELEASING = YES;
				CLANG_WARN_BOOL_CONVERSION = YES;
				CLANG_WARN_COMMA = YES;
				CLANG_WARN_CONSTANT_CONVERSION = YES;
				CLANG_WARN_DEPRECATED_OBJC_IMPLEMENTATIONS = YES;
				CLANG_WARN_DIRECT_OBJC_ISA_USAGE = YES_ERROR;
				CLANG_WARN_DOCUMENTATION_COMMENTS = YES;
				CLANG_WARN_EMPTY_BODY = YES;
				CLANG_WARN_ENUM_CONVERSION = YES;
				CLANG_WARN_INFINITE_RECURSION = YES;
				CLANG_WARN_INT_CONVERSION = YES;
				CLANG_WARN_NON_LITERAL_NULL_CONVERSION = YES;
				CLANG_WARN_OBJC_IMPLICIT_RETAIN_SELF = YES;
				CLANG_WARN_OBJC_LITERAL_CONVERSION = YES;
				CLANG_WARN_OBJC_ROOT_CLASS = YES_ERROR;
				CLANG_WARN_RANGE_LOOP_ANALYSIS = YES;
				CLANG_WARN_STRICT_PROTOTYPES = YES;
				CLANG_WARN_SUSPICIOUS_MOVE = YES;
				CLANG_WARN_UNGUARDED_AVAILABILITY = YES_AGGRESSIVE;
				CLANG_WARN_UNREACHABLE_CODE = YES;
				CLANG_WARN__DUPLICATE_METHOD_MATCH = YES;
				CODE_SIGN_IDENTITY = "iPhone Developer";
				COPY_PHASE_STRIP = NO;
				DEBUG_INFORMATION_FORMAT = "dwarf-with-dsym";
				ENABLE_NS_ASSERTIONS = NO;
				ENABLE_STRICT_OBJC_MSGSEND = YES;
				GCC_C_LANGUAGE_STANDARD = gnu11;
				GCC_NO_COMMON_BLOCKS = YES;
				GCC_WARN_64_TO_32_BIT_CONVERSION = YES;
				GCC_WARN_ABOUT_RETURN_TYPE = YES_ERROR;
				GCC_WARN_UNDECLARED_SELECTOR = YES;
				GCC_WARN_UNINITIALIZED_AUTOS = YES_AGGRESSIVE;
				GCC_WARN_UNUSED_FUNCTION = YES;
				GCC_WARN_UNUSED_VARIABLE = YES;
				IPHONEOS_DEPLOYMENT_TARGET = 12.1;
				MTL_ENABLE_DEBUG_INFO = NO;
				MTL_FAST_MATH = YES;
				SDKROOT = iphoneos;
				SWIFT_COMPILATION_MODE = wholemodule;
				SWIFT_OPTIMIZATION_LEVEL = "-O";
				VALIDATE_PRODUCT = YES;
			};
			name = Release;
		};
		B303457921C1537600C9A4DA /* Debug */ = {
			isa = XCBuildConfiguration;
			baseConfigurationReference = 968E893EEA690C89F4B2E532 /* Pods-RewardedExample.debug.xcconfig */;
			buildSettings = {
				ASSETCATALOG_COMPILER_APPICON_NAME = AppIcon;
				CODE_SIGN_STYLE = Automatic;
				INFOPLIST_FILE = RewardedExample/Info.plist;
				LD_RUNPATH_SEARCH_PATHS = (
					"$(inherited)",
					"@executable_path/Frameworks",
				);
				PRODUCT_BUNDLE_IDENTIFIER = com.yandex.RewardedExample;
				PRODUCT_NAME = "$(TARGET_NAME)";
				SWIFT_VERSION = 4.2;
				TARGETED_DEVICE_FAMILY = "1,2";
			};
			name = Debug;
		};
		B303457A21C1537600C9A4DA /* Release */ = {
			isa = XCBuildConfiguration;
			baseConfigurationReference = 279B8267CD7D9E9299D20446 /* Pods-RewardedExample.release.xcconfig */;
			buildSettings = {
				ASSETCATALOG_COMPILER_APPICON_NAME = AppIcon;
				CODE_SIGN_STYLE = Automatic;
				INFOPLIST_FILE = RewardedExample/Info.plist;
				LD_RUNPATH_SEARCH_PATHS = (
					"$(inherited)",
					"@executable_path/Frameworks",
				);
				PRODUCT_BUNDLE_IDENTIFIER = com.yandex.RewardedExample;
				PRODUCT_NAME = "$(TARGET_NAME)";
				SWIFT_VERSION = 4.2;
				TARGETED_DEVICE_FAMILY = "1,2";
			};
			name = Release;
		};
/* End XCBuildConfiguration section */

/* Begin XCConfigurationList section */
		B303456121C1537400C9A4DA /* Build configuration list for PBXProject "RewardedExample" */ = {
			isa = XCConfigurationList;
			buildConfigurations = (
				B303457621C1537600C9A4DA /* Debug */,
				B303457721C1537600C9A4DA /* Release */,
			);
			defaultConfigurationIsVisible = 0;
			defaultConfigurationName = Release;
		};
		B303457821C1537600C9A4DA /* Build configuration list for PBXNativeTarget "RewardedExample" */ = {
			isa = XCConfigurationList;
			buildConfigurations = (
				B303457921C1537600C9A4DA /* Debug */,
				B303457A21C1537600C9A4DA /* Release */,
			);
			defaultConfigurationIsVisible = 0;
			defaultConfigurationName = Release;
		};
/* End XCConfigurationList section */
	};
	rootObject = B303455E21C1537400C9A4DA /* Project object */;
}
