// !$*UTF8*$!
{
	archiveVersion = 1;
	classes = {
	};
	objectVersion = 50;
	objects = {

/* Begin PBXBuildFile section */
		4946DD3C2ACFF3B1304C5944 /* libPods-VASTExample.a in Frameworks */ = {isa = PBXBuildFile; fileRef = F7AEEF953FA994FC472C8C6B /* libPods-VASTExample.a */; };
		B73163F122DF080800DF84B3 /* TrackingTableViewController.swift in Sources */ = {isa = PBXBuildFile; fileRef = B73163F022DF080800DF84B3 /* TrackingTableViewController.swift */; };
		B7A5168622DF6E7100095829 /* Images.xcassets in Resources */ = {isa = PBXBuildFile; fileRef = B7A5168522DF6E7000095829 /* Images.xcassets */; };
		B7DFAFC922E22CC500E68966 /* VideoAdsTableViewController.swift in Sources */ = {isa = PBXBuildFile; fileRef = B7DFAFC822E22CC500E68966 /* VideoAdsTableViewController.swift */; };
		B7DFAFCB22E22CCC00E68966 /* VideoAdDescriptionViewController.swift in Sources */ = {isa = PBXBuildFile; fileRef = B7DFAFCA22E22CCC00E68966 /* VideoAdDescriptionViewController.swift */; };
		B7FB822922DC58B800679B81 /* AppDelegate.swift in Sources */ = {isa = PBXBuildFile; fileRef = B7FB822822DC58B800679B81 /* AppDelegate.swift */; };
		B7FB822B22DC58B800679B81 /* ViewController.swift in Sources */ = {isa = PBXBuildFile; fileRef = B7FB822A22DC58B800679B81 /* ViewController.swift */; };
		B7FB822E22DC58B800679B81 /* Main.storyboard in Resources */ = {isa = PBXBuildFile; fileRef = B7FB822C22DC58B800679B81 /* Main.storyboard */; };
		B7FB823322DC58B900679B81 /* LaunchScreen.storyboard in Resources */ = {isa = PBXBuildFile; fileRef = B7FB823122DC58B900679B81 /* LaunchScreen.storyboard */; };
/* End PBXBuildFile section */

/* Begin PBXFileReference section */
		44C5D36131421C89546208BF /* Pods-VASTExample.debug.xcconfig */ = {isa = PBXFileReference; includeInIndex = 1; lastKnownFileType = text.xcconfig; name = "Pods-VASTExample.debug.xcconfig"; path = "Pods/Target Support Files/Pods-VASTExample/Pods-VASTExample.debug.xcconfig"; sourceTree = "<group>"; };
		81048C814A2DFD2EF8C36C5C /* Pods-VASTExample.release.xcconfig */ = {isa = PBXFileReference; includeInIndex = 1; lastKnownFileType = text.xcconfig; name = "Pods-VASTExample.release.xcconfig"; path = "Pods/Target Support Files/Pods-VASTExample/Pods-VASTExample.release.xcconfig"; sourceTree = "<group>"; };
		B73163F022DF080800DF84B3 /* TrackingTableViewController.swift */ = {isa = PBXFileReference; lastKnownFileType = sourcecode.swift; path = TrackingTableViewController.swift; sourceTree = "<group>"; };
		B7A5168522DF6E7000095829 /* Images.xcassets */ = {isa = PBXFileReference; lastKnownFileType = folder.assetcatalog; path = Images.xcassets; sourceTree = "<group>"; };
		B7DFAFC822E22CC500E68966 /* VideoAdsTableViewController.swift */ = {isa = PBXFileReference; fileEncoding = 4; lastKnownFileType = sourcecode.swift; path = VideoAdsTableViewController.swift; sourceTree = "<group>"; };
		B7DFAFCA22E22CCC00E68966 /* VideoAdDescriptionViewController.swift */ = {isa = PBXFileReference; fileEncoding = 4; lastKnownFileType = sourcecode.swift; path = VideoAdDescriptionViewController.swift; sourceTree = "<group>"; };
		B7FB822522DC58B800679B81 /* VASTExample.app */ = {isa = PBXFileReference; explicitFileType = wrapper.application; includeInIndex = 0; path = VASTExample.app; sourceTree = BUILT_PRODUCTS_DIR; };
		B7FB822822DC58B800679B81 /* AppDelegate.swift */ = {isa = PBXFileReference; lastKnownFileType = sourcecode.swift; path = AppDelegate.swift; sourceTree = "<group>"; };
		B7FB822A22DC58B800679B81 /* ViewController.swift */ = {isa = PBXFileReference; lastKnownFileType = sourcecode.swift; path = ViewController.swift; sourceTree = "<group>"; };
		B7FB822D22DC58B800679B81 /* Base */ = {isa = PBXFileReference; lastKnownFileType = file.storyboard; name = Base; path = Base.lproj/Main.storyboard; sourceTree = "<group>"; };
		B7FB823222DC58B900679B81 /* Base */ = {isa = PBXFileReference; lastKnownFileType = file.storyboard; name = Base; path = Base.lproj/LaunchScreen.storyboard; sourceTree = "<group>"; };
		B7FB823422DC58B900679B81 /* Info.plist */ = {isa = PBXFileReference; lastKnownFileType = text.plist.xml; path = Info.plist; sourceTree = "<group>"; };
		F7AEEF953FA994FC472C8C6B /* libPods-VASTExample.a */ = {isa = PBXFileReference; explicitFileType = archive.ar; includeInIndex = 0; path = "libPods-VASTExample.a"; sourceTree = BUILT_PRODUCTS_DIR; };
/* End PBXFileReference section */

/* Begin PBXFrameworksBuildPhase section */
		B7FB822222DC58B800679B81 /* Frameworks */ = {
			isa = PBXFrameworksBuildPhase;
			buildActionMask = 2147483647;
			files = (
				4946DD3C2ACFF3B1304C5944 /* libPods-VASTExample.a in Frameworks */,
			);
			runOnlyForDeploymentPostprocessing = 0;
		};
/* End PBXFrameworksBuildPhase section */

/* Begin PBXGroup section */
		4858D0C652564A704975B4BD /* Pods */ = {
			isa = PBXGroup;
			children = (
				44C5D36131421C89546208BF /* Pods-VASTExample.debug.xcconfig */,
				81048C814A2DFD2EF8C36C5C /* Pods-VASTExample.release.xcconfig */,
			);
			name = Pods;
			sourceTree = "<group>";
		};
		B7FB821C22DC58B800679B81 = {
			isa = PBXGroup;
			children = (
				B7FB822722DC58B800679B81 /* VASTExample */,
				B7FB822622DC58B800679B81 /* Products */,
				4858D0C652564A704975B4BD /* Pods */,
				F9D2D4DAA3A1455926A33953 /* Frameworks */,
			);
			sourceTree = "<group>";
		};
		B7FB822622DC58B800679B81 /* Products */ = {
			isa = PBXGroup;
			children = (
				B7FB822522DC58B800679B81 /* VASTExample.app */,
			);
			name = Products;
			sourceTree = "<group>";
		};
		B7FB822722DC58B800679B81 /* VASTExample */ = {
			isa = PBXGroup;
			children = (
				B7FB822822DC58B800679B81 /* AppDelegate.swift */,
				B7A5168522DF6E7000095829 /* Images.xcassets */,
				B7FB823422DC58B900679B81 /* Info.plist */,
				B7FB823122DC58B900679B81 /* LaunchScreen.storyboard */,
				B7FB822C22DC58B800679B81 /* Main.storyboard */,
				B73163F022DF080800DF84B3 /* TrackingTableViewController.swift */,
				B7DFAFCA22E22CCC00E68966 /* VideoAdDescriptionViewController.swift */,
				B7DFAFC822E22CC500E68966 /* VideoAdsTableViewController.swift */,
				B7FB822A22DC58B800679B81 /* ViewController.swift */,
			);
			path = VASTExample;
			sourceTree = "<group>";
		};
		F9D2D4DAA3A1455926A33953 /* Frameworks */ = {
			isa = PBXGroup;
			children = (
				F7AEEF953FA994FC472C8C6B /* libPods-VASTExample.a */,
			);
			name = Frameworks;
			sourceTree = "<group>";
		};
/* End PBXGroup section */

/* Begin PBXNativeTarget section */
		B7FB822422DC58B800679B81 /* VASTExample */ = {
			isa = PBXNativeTarget;
			buildConfigurationList = B7FB823722DC58B900679B81 /* Build configuration list for PBXNativeTarget "VASTExample" */;
			buildPhases = (
				DD9AFFC4114578C7E91BC2B3 /* [CP] Check Pods Manifest.lock */,
				B7FB822122DC58B800679B81 /* Sources */,
				B7FB822222DC58B800679B81 /* Frameworks */,
				B7FB822322DC58B800679B81 /* Resources */,
				FC7D124A3D6B5C21D31509C8 /* [CP] Copy Pods Resources */,
			);
			buildRules = (
			);
			dependencies = (
			);
			name = VASTExample;
			productName = VASTExample;
			productReference = B7FB822522DC58B800679B81 /* VASTExample.app */;
			productType = "com.apple.product-type.application";
		};
/* End PBXNativeTarget section */

/* Begin PBXProject section */
		B7FB821D22DC58B800679B81 /* Project object */ = {
			isa = PBXProject;
			attributes = {
				LastSwiftUpdateCheck = 1020;
				LastUpgradeCheck = 1200;
				ORGANIZATIONNAME = YANDEX;
				TargetAttributes = {
					B7FB822422DC58B800679B81 = {
						CreatedOnToolsVersion = 10.2.1;
					};
				};
			};
			buildConfigurationList = B7FB822022DC58B800679B81 /* Build configuration list for PBXProject "VASTExample" */;
			compatibilityVersion = "Xcode 9.3";
			developmentRegion = en;
			hasScannedForEncodings = 0;
			knownRegions = (
				en,
				Base,
			);
			mainGroup = B7FB821C22DC58B800679B81;
			productRefGroup = B7FB822622DC58B800679B81 /* Products */;
			projectDirPath = "";
			projectRoot = "";
			targets = (
				B7FB822422DC58B800679B81 /* VASTExample */,
			);
		};
/* End PBXProject section */

/* Begin PBXResourcesBuildPhase section */
		B7FB822322DC58B800679B81 /* Resources */ = {
			isa = PBXResourcesBuildPhase;
			buildActionMask = 2147483647;
			files = (
				B7A5168622DF6E7100095829 /* Images.xcassets in Resources */,
				B7FB823322DC58B900679B81 /* LaunchScreen.storyboard in Resources */,
				B7FB822E22DC58B800679B81 /* Main.storyboard in Resources */,
			);
			runOnlyForDeploymentPostprocessing = 0;
		};
/* End PBXResourcesBuildPhase section */

/* Begin PBXShellScriptBuildPhase section */
		DD9AFFC4114578C7E91BC2B3 /* [CP] Check Pods Manifest.lock */ = {
			isa = PBXShellScriptBuildPhase;
			buildActionMask = 2147483647;
			files = (
			);
			inputFileListPaths = (
			);
			inputPaths = (
				"${PODS_PODFILE_DIR_PATH}/Podfile.lock",
				"${PODS_ROOT}/Manifest.lock",
			);
			name = "[CP] Check Pods Manifest.lock";
			outputFileListPaths = (
			);
			outputPaths = (
				"$(DERIVED_FILE_DIR)/Pods-VASTExample-checkManifestLockResult.txt",
			);
			runOnlyForDeploymentPostprocessing = 0;
			shellPath = /bin/sh;
			shellScript = "diff \"${PODS_PODFILE_DIR_PATH}/Podfile.lock\" \"${PODS_ROOT}/Manifest.lock\" > /dev/null\nif [ $? != 0 ] ; then\n    # print error to STDERR\n    echo \"error: The sandbox is not in sync with the Podfile.lock. Run 'pod install' or update your CocoaPods installation.\" >&2\n    exit 1\nfi\n# This output is used by Xcode 'outputs' to avoid re-running this script phase.\necho \"SUCCESS\" > \"${SCRIPT_OUTPUT_FILE_0}\"\n";
			showEnvVarsInLog = 0;
		};
		FC7D124A3D6B5C21D31509C8 /* [CP] Copy Pods Resources */ = {
			isa = PBXShellScriptBuildPhase;
			buildActionMask = 2147483647;
			files = (
			);
			inputFileListPaths = (
				"${PODS_ROOT}/Target Support Files/Pods-VASTExample/Pods-VASTExample-resources-${CONFIGURATION}-input-files.xcfilelist",
			);
			name = "[CP] Copy Pods Resources";
			outputFileListPaths = (
				"${PODS_ROOT}/Target Support Files/Pods-VASTExample/Pods-VASTExample-resources-${CONFIGURATION}-output-files.xcfilelist",
			);
			runOnlyForDeploymentPostprocessing = 0;
			shellPath = /bin/sh;
			shellScript = "\"${PODS_ROOT}/Target Support Files/Pods-VASTExample/Pods-VASTExample-resources.sh\"\n";
			showEnvVarsInLog = 0;
		};
/* End PBXShellScriptBuildPhase section */

/* Begin PBXSourcesBuildPhase section */
		B7FB822122DC58B800679B81 /* Sources */ = {
			isa = PBXSourcesBuildPhase;
			buildActionMask = 2147483647;
			files = (
				B7FB822B22DC58B800679B81 /* ViewController.swift in Sources */,
				B7FB822922DC58B800679B81 /* AppDelegate.swift in Sources */,
				B7DFAFCB22E22CCC00E68966 /* VideoAdDescriptionViewController.swift in Sources */,
				B7DFAFC922E22CC500E68966 /* VideoAdsTableViewController.swift in Sources */,
				B73163F122DF080800DF84B3 /* TrackingTableViewController.swift in Sources */,
			);
			runOnlyForDeploymentPostprocessing = 0;
		};
/* End PBXSourcesBuildPhase section */

/* Begin PBXVariantGroup section */
		B7FB822C22DC58B800679B81 /* Main.storyboard */ = {
			isa = PBXVariantGroup;
			children = (
				B7FB822D22DC58B800679B81 /* Base */,
			);
			name = Main.storyboard;
			sourceTree = "<group>";
		};
		B7FB823122DC58B900679B81 /* LaunchScreen.storyboard */ = {
			isa = PBXVariantGroup;
			children = (
				B7FB823222DC58B900679B81 /* Base */,
			);
			name = LaunchScreen.storyboard;
			sourceTree = "<group>";
		};
/* End PBXVariantGroup section */

/* Begin XCBuildConfiguration section */
		B7FB823522DC58B900679B81 /* Debug */ = {
			isa = XCBuildConfiguration;
			buildSettings = {
				ALWAYS_SEARCH_USER_PATHS = NO;
				CLANG_ANALYZER_NONNULL = YES;
				CLANG_ANALYZER_NUMBER_OBJECT_CONVERSION = YES_AGGRESSIVE;
				CLANG_CXX_LANGUAGE_STANDARD = "gnu++14";
				CLANG_CXX_LIBRARY = "libc++";
				CLANG_ENABLE_MODULES = YES;
				CLANG_ENABLE_OBJC_ARC = YES;
				CLANG_ENABLE_OBJC_WEAK = YES;
				CLANG_WARN_BLOCK_CAPTURE_AUTORELEASING = YES;
				CLANG_WARN_BOOL_CONVERSION = YES;
				CLANG_WARN_COMMA = YES;
				CLANG_WARN_CONSTANT_CONVERSION = YES;
				CLANG_WARN_DEPRECATED_OBJC_IMPLEMENTATIONS = YES;
				CLANG_WARN_DIRECT_OBJC_ISA_USAGE = YES_ERROR;
				CLANG_WARN_DOCUMENTATION_COMMENTS = YES;
				CLANG_WARN_EMPTY_BODY = YES;
				CLANG_WARN_ENUM_CONVERSION = YES;
				CLANG_WARN_INFINITE_RECURSION = YES;
				CLANG_WARN_INT_CONVERSION = YES;
				CLANG_WARN_NON_LITERAL_NULL_CONVERSION = YES;
				CLANG_WARN_OBJC_IMPLICIT_RETAIN_SELF = YES;
				CLANG_WARN_OBJC_LITERAL_CONVERSION = YES;
				CLANG_WARN_OBJC_ROOT_CLASS = YES_ERROR;
				CLANG_WARN_QUOTED_INCLUDE_IN_FRAMEWORK_HEADER = YES;
				CLANG_WARN_RANGE_LOOP_ANALYSIS = YES;
				CLANG_WARN_STRICT_PROTOTYPES = YES;
				CLANG_WARN_SUSPICIOUS_MOVE = YES;
				CLANG_WARN_UNGUARDED_AVAILABILITY = YES_AGGRESSIVE;
				CLANG_WARN_UNREACHABLE_CODE = YES;
				CLANG_WARN__DUPLICATE_METHOD_MATCH = YES;
				CODE_SIGN_IDENTITY = "iPhone Developer";
				COPY_PHASE_STRIP = NO;
				DEBUG_INFORMATION_FORMAT = dwarf;
				ENABLE_STRICT_OBJC_MSGSEND = YES;
				ENABLE_TESTABILITY = YES;
				GCC_C_LANGUAGE_STANDARD = gnu11;
				GCC_DYNAMIC_NO_PIC = NO;
				GCC_NO_COMMON_BLOCKS = YES;
				GCC_OPTIMIZATION_LEVEL = 0;
				GCC_PREPROCESSOR_DEFINITIONS = (
					"DEBUG=1",
					"$(inherited)",
				);
				GCC_WARN_64_TO_32_BIT_CONVERSION = YES;
				GCC_WARN_ABOUT_RETURN_TYPE = YES_ERROR;
				GCC_WARN_UNDECLARED_SELECTOR = YES;
				GCC_WARN_UNINITIALIZED_AUTOS = YES_AGGRESSIVE;
				GCC_WARN_UNUSED_FUNCTION = YES;
				GCC_WARN_UNUSED_VARIABLE = YES;
				IPHONEOS_DEPLOYMENT_TARGET = 9.0;
				MTL_ENABLE_DEBUG_INFO = INCLUDE_SOURCE;
				MTL_FAST_MATH = YES;
				ONLY_ACTIVE_ARCH = YES;
				SDKROOT = iphoneos;
				SWIFT_ACTIVE_COMPILATION_CONDITIONS = DEBUG;
				SWIFT_OPTIMIZATION_LEVEL = "-Onone";
			};
			name = Debug;
		};
		B7FB823622DC58B900679B81 /* Release */ = {
			isa = XCBuildConfiguration;
			buildSettings = {
				ALWAYS_SEARCH_USER_PATHS = NO;
				CLANG_ANALYZER_NONNULL = YES;
				CLANG_ANALYZER_NUMBER_OBJECT_CONVERSION = YES_AGGRESSIVE;
				CLANG_CXX_LANGUAGE_STANDARD = "gnu++14";
				CLANG_CXX_LIBRARY = "libc++";
				CLANG_ENABLE_MODULES = YES;
				CLANG_ENABLE_OBJC_ARC = YES;
				CLANG_ENABLE_OBJC_WEAK = YES;
				CLANG_WARN_BLOCK_CAPTURE_AUTORELEASING = YES;
				CLANG_WARN_BOOL_CONVERSION = YES;
				CLANG_WARN_COMMA = YES;
				CLANG_WARN_CONSTANT_CONVERSION = YES;
				CLANG_WARN_DEPRECATED_OBJC_IMPLEMENTATIONS = YES;
				CLANG_WARN_DIRECT_OBJC_ISA_USAGE = YES_ERROR;
				CLANG_WARN_DOCUMENTATION_COMMENTS = YES;
				CLANG_WARN_EMPTY_BODY = YES;
				CLANG_WARN_ENUM_CONVERSION = YES;
				CLANG_WARN_INFINITE_RECURSION = YES;
				CLANG_WARN_INT_CONVERSION = YES;
				CLANG_WARN_NON_LITERAL_NULL_CONVERSION = YES;
				CLANG_WARN_OBJC_IMPLICIT_RETAIN_SELF = YES;
				CLANG_WARN_OBJC_LITERAL_CONVERSION = YES;
				CLANG_WARN_OBJC_ROOT_CLASS = YES_ERROR;
				CLANG_WARN_QUOTED_INCLUDE_IN_FRAMEWORK_HEADER = YES;
				CLANG_WARN_RANGE_LOOP_ANALYSIS = YES;
				CLANG_WARN_STRICT_PROTOTYPES = YES;
				CLANG_WARN_SUSPICIOUS_MOVE = YES;
				CLANG_WARN_UNGUARDED_AVAILABILITY = YES_AGGRESSIVE;
				CLANG_WARN_UNREACHABLE_CODE = YES;
				CLANG_WARN__DUPLICATE_METHOD_MATCH = YES;
				CODE_SIGN_IDENTITY = "iPhone Developer";
				COPY_PHASE_STRIP = NO;
				DEBUG_INFORMATION_FORMAT = "dwarf-with-dsym";
				ENABLE_NS_ASSERTIONS = NO;
				ENABLE_STRICT_OBJC_MSGSEND = YES;
				GCC_C_LANGUAGE_STANDARD = gnu11;
				GCC_NO_COMMON_BLOCKS = YES;
				GCC_WARN_64_TO_32_BIT_CONVERSION = YES;
				GCC_WARN_ABOUT_RETURN_TYPE = YES_ERROR;
				GCC_WARN_UNDECLARED_SELECTOR = YES;
				GCC_WARN_UNINITIALIZED_AUTOS = YES_AGGRESSIVE;
				GCC_WARN_UNUSED_FUNCTION = YES;
				GCC_WARN_UNUSED_VARIABLE = YES;
				IPHONEOS_DEPLOYMENT_TARGET = 9.0;
				MTL_ENABLE_DEBUG_INFO = NO;
				MTL_FAST_MATH = YES;
				SDKROOT = iphoneos;
				SWIFT_COMPILATION_MODE = wholemodule;
				SWIFT_OPTIMIZATION_LEVEL = "-O";
				VALIDATE_PRODUCT = YES;
			};
			name = Release;
		};
		B7FB823822DC58B900679B81 /* Debug */ = {
			isa = XCBuildConfiguration;
			baseConfigurationReference = 44C5D36131421C89546208BF /* Pods-VASTExample.debug.xcconfig */;
			buildSettings = {
				ASSETCATALOG_COMPILER_APPICON_NAME = AppIcon;
				CODE_SIGN_STYLE = Automatic;
				INFOPLIST_FILE = VASTExample/Info.plist;
				IPHONEOS_DEPLOYMENT_TARGET = 9.0;
				LD_RUNPATH_SEARCH_PATHS = (
					"$(inherited)",
					"@executable_path/Frameworks",
				);
				PRODUCT_BUNDLE_IDENTIFIER = com.yandex.VASTExampleSwift;
				PRODUCT_NAME = "$(TARGET_NAME)";
				SWIFT_VERSION = 5.0;
				TARGETED_DEVICE_FAMILY = "1,2";
			};
			name = Debug;
		};
		B7FB823922DC58B900679B81 /* Release */ = {
			isa = XCBuildConfiguration;
			baseConfigurationReference = 81048C814A2DFD2EF8C36C5C /* Pods-VASTExample.release.xcconfig */;
			buildSettings = {
				ASSETCATALOG_COMPILER_APPICON_NAME = AppIcon;
				CODE_SIGN_STYLE = Automatic;
				INFOPLIST_FILE = VASTExample/Info.plist;
				IPHONEOS_DEPLOYMENT_TARGET = 9.0;
				LD_RUNPATH_SEARCH_PATHS = (
					"$(inherited)",
					"@executable_path/Frameworks",
				);
				PRODUCT_BUNDLE_IDENTIFIER = com.yandex.VASTExampleSwift;
				PRODUCT_NAME = "$(TARGET_NAME)";
				SWIFT_VERSION = 5.0;
				TARGETED_DEVICE_FAMILY = "1,2";
			};
			name = Release;
		};
/* End XCBuildConfiguration section */

/* Begin XCConfigurationList section */
		B7FB822022DC58B800679B81 /* Build configuration list for PBXProject "VASTExample" */ = {
			isa = XCConfigurationList;
			buildConfigurations = (
				B7FB823522DC58B900679B81 /* Debug */,
				B7FB823622DC58B900679B81 /* Release */,
			);
			defaultConfigurationIsVisible = 0;
			defaultConfigurationName = Release;
		};
		B7FB823722DC58B900679B81 /* Build configuration list for PBXNativeTarget "VASTExample" */ = {
			isa = XCConfigurationList;
			buildConfigurations = (
				B7FB823822DC58B900679B81 /* Debug */,
				B7FB823922DC58B900679B81 /* Release */,
			);
			defaultConfigurationIsVisible = 0;
			defaultConfigurationName = Release;
		};
/* End XCConfigurationList section */
	};
	rootObject = B7FB821D22DC58B800679B81 /* Project object */;
}
