// !$*UTF8*$!
{
	archiveVersion = 1;
	classes = {
	};
	objectVersion = 46;
	objects = {

/* Begin PBXBuildFile section */
		C99DF281D0F5B5F963684F10 /* libPods-NativeTemplatesTableViewExample.a in Frameworks */ = {isa = PBXBuildFile; fileRef = 6447FA1859FA12E8AB416428 /* libPods-NativeTemplatesTableViewExample.a */; };
		F61FE0F81C9DA278001BF8DE /* main.m in Sources */ = {isa = PBXBuildFile; fileRef = F61FE0F71C9DA278001BF8DE /* main.m */; };
		F61FE0FB1C9DA278001BF8DE /* AppDelegate.m in Sources */ = {isa = PBXBuildFile; fileRef = F61FE0FA1C9DA278001BF8DE /* AppDelegate.m */; };
		F61FE0FE1C9DA278001BF8DE /* ViewController.m in Sources */ = {isa = PBXBuildFile; fileRef = F61FE0FD1C9DA278001BF8DE /* ViewController.m */; };
		F61FE1011C9DA278001BF8DE /* Main.storyboard in Resources */ = {isa = PBXBuildFile; fileRef = F61FE0FF1C9DA278001BF8DE /* Main.storyboard */; };
		F61FE1061C9DA278001BF8DE /* LaunchScreen.storyboard in Resources */ = {isa = PBXBuildFile; fileRef = F61FE1041C9DA278001BF8DE /* LaunchScreen.storyboard */; };
		F61FE10E1C9DA2A0001BF8DE /* Images.xcassets in Resources */ = {isa = PBXBuildFile; fileRef = F61FE10D1C9DA2A0001BF8DE /* Images.xcassets */; };
		F61FE1111C9DA702001BF8DE /* NativeBannerTableViewCell.m in Sources */ = {isa = PBXBuildFile; fileRef = F61FE1101C9DA702001BF8DE /* NativeBannerTableViewCell.m */; };
/* End PBXBuildFile section */

/* Begin PBXFileReference section */
		4EBF424176D46D4233BE0FA9 /* Pods-NativeTemplatesTableViewExample.debug.xcconfig */ = {isa = PBXFileReference; includeInIndex = 1; lastKnownFileType = text.xcconfig; name = "Pods-NativeTemplatesTableViewExample.debug.xcconfig"; path = "Pods/Target Support Files/Pods-NativeTemplatesTableViewExample/Pods-NativeTemplatesTableViewExample.debug.xcconfig"; sourceTree = "<group>"; };
		6447FA1859FA12E8AB416428 /* libPods-NativeTemplatesTableViewExample.a */ = {isa = PBXFileReference; explicitFileType = archive.ar; includeInIndex = 0; path = "libPods-NativeTemplatesTableViewExample.a"; sourceTree = BUILT_PRODUCTS_DIR; };
		A6EE28F6B124D17790164217 /* Pods-NativeTemplatesTableViewExample.release.xcconfig */ = {isa = PBXFileReference; includeInIndex = 1; lastKnownFileType = text.xcconfig; name = "Pods-NativeTemplatesTableViewExample.release.xcconfig"; path = "Pods/Target Support Files/Pods-NativeTemplatesTableViewExample/Pods-NativeTemplatesTableViewExample.release.xcconfig"; sourceTree = "<group>"; };
		F61FE0F31C9DA278001BF8DE /* NativeTemplatesTableViewExample.app */ = {isa = PBXFileReference; explicitFileType = wrapper.application; includeInIndex = 0; path = NativeTemplatesTableViewExample.app; sourceTree = BUILT_PRODUCTS_DIR; };
		F61FE0F71C9DA278001BF8DE /* main.m */ = {isa = PBXFileReference; lastKnownFileType = sourcecode.c.objc; path = main.m; sourceTree = "<group>"; };
		F61FE0F91C9DA278001BF8DE /* AppDelegate.h */ = {isa = PBXFileReference; lastKnownFileType = sourcecode.c.h; path = AppDelegate.h; sourceTree = "<group>"; };
		F61FE0FA1C9DA278001BF8DE /* AppDelegate.m */ = {isa = PBXFileReference; lastKnownFileType = sourcecode.c.objc; path = AppDelegate.m; sourceTree = "<group>"; };
		F61FE0FC1C9DA278001BF8DE /* ViewController.h */ = {isa = PBXFileReference; lastKnownFileType = sourcecode.c.h; path = ViewController.h; sourceTree = "<group>"; };
		F61FE0FD1C9DA278001BF8DE /* ViewController.m */ = {isa = PBXFileReference; lastKnownFileType = sourcecode.c.objc; path = ViewController.m; sourceTree = "<group>"; };
		F61FE1001C9DA278001BF8DE /* Base */ = {isa = PBXFileReference; lastKnownFileType = file.storyboard; name = Base; path = Base.lproj/Main.storyboard; sourceTree = "<group>"; };
		F61FE1051C9DA278001BF8DE /* Base */ = {isa = PBXFileReference; lastKnownFileType = file.storyboard; name = Base; path = Base.lproj/LaunchScreen.storyboard; sourceTree = "<group>"; };
		F61FE1071C9DA278001BF8DE /* Info.plist */ = {isa = PBXFileReference; lastKnownFileType = text.plist.xml; path = Info.plist; sourceTree = "<group>"; };
		F61FE10D1C9DA2A0001BF8DE /* Images.xcassets */ = {isa = PBXFileReference; lastKnownFileType = folder.assetcatalog; path = Images.xcassets; sourceTree = "<group>"; };
		F61FE10F1C9DA702001BF8DE /* NativeBannerTableViewCell.h */ = {isa = PBXFileReference; fileEncoding = 4; lastKnownFileType = sourcecode.c.h; path = NativeBannerTableViewCell.h; sourceTree = "<group>"; };
		F61FE1101C9DA702001BF8DE /* NativeBannerTableViewCell.m */ = {isa = PBXFileReference; fileEncoding = 4; lastKnownFileType = sourcecode.c.objc; path = NativeBannerTableViewCell.m; sourceTree = "<group>"; };
/* End PBXFileReference section */

/* Begin PBXFrameworksBuildPhase section */
		F61FE0F01C9DA278001BF8DE /* Frameworks */ = {
			isa = PBXFrameworksBuildPhase;
			buildActionMask = 2147483647;
			files = (
				C99DF281D0F5B5F963684F10 /* libPods-NativeTemplatesTableViewExample.a in Frameworks */,
			);
			runOnlyForDeploymentPostprocessing = 0;
		};
/* End PBXFrameworksBuildPhase section */

/* Begin PBXGroup section */
		6069E08DFCA2AB75D3F4374C /* Pods */ = {
			isa = PBXGroup;
			children = (
				4EBF424176D46D4233BE0FA9 /* Pods-NativeTemplatesTableViewExample.debug.xcconfig */,
				A6EE28F6B124D17790164217 /* Pods-NativeTemplatesTableViewExample.release.xcconfig */,
			);
			name = Pods;
			sourceTree = "<group>";
		};
		F61FE0EA1C9DA278001BF8DE = {
			isa = PBXGroup;
			children = (
				F61FE0F51C9DA278001BF8DE /* NativeTemplatesTableViewExample */,
				F61FE0F41C9DA278001BF8DE /* Products */,
				6069E08DFCA2AB75D3F4374C /* Pods */,
				F8ABD6FD59B8B671A65DB559 /* Frameworks */,
			);
			sourceTree = "<group>";
		};
		F61FE0F41C9DA278001BF8DE /* Products */ = {
			isa = PBXGroup;
			children = (
				F61FE0F31C9DA278001BF8DE /* NativeTemplatesTableViewExample.app */,
			);
			name = Products;
			sourceTree = "<group>";
		};
		F61FE0F51C9DA278001BF8DE /* NativeTemplatesTableViewExample */ = {
			isa = PBXGroup;
			children = (
				F61FE0F91C9DA278001BF8DE /* AppDelegate.h */,
				F61FE0FA1C9DA278001BF8DE /* AppDelegate.m */,
				F61FE0FC1C9DA278001BF8DE /* ViewController.h */,
				F61FE0FD1C9DA278001BF8DE /* ViewController.m */,
				F61FE10F1C9DA702001BF8DE /* NativeBannerTableViewCell.h */,
				F61FE1101C9DA702001BF8DE /* NativeBannerTableViewCell.m */,
				F61FE0FF1C9DA278001BF8DE /* Main.storyboard */,
				F61FE1041C9DA278001BF8DE /* LaunchScreen.storyboard */,
				F61FE10D1C9DA2A0001BF8DE /* Images.xcassets */,
				F61FE1071C9DA278001BF8DE /* Info.plist */,
				F61FE0F61C9DA278001BF8DE /* Supporting Files */,
			);
			path = NativeTemplatesTableViewExample;
			sourceTree = "<group>";
		};
		F61FE0F61C9DA278001BF8DE /* Supporting Files */ = {
			isa = PBXGroup;
			children = (
				F61FE0F71C9DA278001BF8DE /* main.m */,
			);
			name = "Supporting Files";
			sourceTree = "<group>";
		};
		F8ABD6FD59B8B671A65DB559 /* Frameworks */ = {
			isa = PBXGroup;
			children = (
				6447FA1859FA12E8AB416428 /* libPods-NativeTemplatesTableViewExample.a */,
			);
			name = Frameworks;
			sourceTree = "<group>";
		};
/* End PBXGroup section */

/* Begin PBXNativeTarget section */
		F61FE0F21C9DA278001BF8DE /* NativeTemplatesTableViewExample */ = {
			isa = PBXNativeTarget;
			buildConfigurationList = F61FE10A1C9DA278001BF8DE /* Build configuration list for PBXNativeTarget "NativeTemplatesTableViewExample" */;
			buildPhases = (
				C5665BF9A0906BFD48FCCE96 /* [CP] Check Pods Manifest.lock */,
				F61FE0EF1C9DA278001BF8DE /* Sources */,
				F61FE0F01C9DA278001BF8DE /* Frameworks */,
				F61FE0F11C9DA278001BF8DE /* Resources */,
				74EBB779E136F104EED73665 /* [CP] Copy Pods Resources */,
			);
			buildRules = (
			);
			dependencies = (
			);
			name = NativeTemplatesTableViewExample;
			productName = NativeTemplatesTableViewExample;
			productReference = F61FE0F31C9DA278001BF8DE /* NativeTemplatesTableViewExample.app */;
			productType = "com.apple.product-type.application";
		};
/* End PBXNativeTarget section */

/* Begin PBXProject section */
		F61FE0EB1C9DA278001BF8DE /* Project object */ = {
			isa = PBXProject;
			attributes = {
				LastUpgradeCheck = 1100;
				ORGANIZATIONNAME = yandex;
				TargetAttributes = {
					F61FE0F21C9DA278001BF8DE = {
						CreatedOnToolsVersion = 7.2;
					};
				};
			};
			buildConfigurationList = F61FE0EE1C9DA278001BF8DE /* Build configuration list for PBXProject "NativeTemplatesTableViewExample" */;
			compatibilityVersion = "Xcode 3.2";
			developmentRegion = en;
			hasScannedForEncodings = 0;
			knownRegions = (
				en,
				Base,
			);
			mainGroup = F61FE0EA1C9DA278001BF8DE;
			productRefGroup = F61FE0F41C9DA278001BF8DE /* Products */;
			projectDirPath = "";
			projectRoot = "";
			targets = (
				F61FE0F21C9DA278001BF8DE /* NativeTemplatesTableViewExample */,
			);
		};
/* End PBXProject section */

/* Begin PBXResourcesBuildPhase section */
		F61FE0F11C9DA278001BF8DE /* Resources */ = {
			isa = PBXResourcesBuildPhase;
			buildActionMask = 2147483647;
			files = (
				F61FE10E1C9DA2A0001BF8DE /* Images.xcassets in Resources */,
				F61FE1061C9DA278001BF8DE /* LaunchScreen.storyboard in Resources */,
				F61FE1011C9DA278001BF8DE /* Main.storyboard in Resources */,
			);
			runOnlyForDeploymentPostprocessing = 0;
		};
/* End PBXResourcesBuildPhase section */

/* Begin PBXShellScriptBuildPhase section */
		74EBB779E136F104EED73665 /* [CP] Copy Pods Resources */ = {
			isa = PBXShellScriptBuildPhase;
			buildActionMask = 2147483647;
			files = (
			);
			inputPaths = (
				"${PODS_ROOT}/Target Support Files/Pods-NativeTemplatesTableViewExample/Pods-NativeTemplatesTableViewExample-resources.sh",
				"${PODS_ROOT}/YandexMobileAds/static/YandexMobileAds.framework/YandexMobileAdsBundle.bundle",
			);
			name = "[CP] Copy Pods Resources";
			outputPaths = (
				"${TARGET_BUILD_DIR}/${UNLOCALIZED_RESOURCES_FOLDER_PATH}/YandexMobileAdsBundle.bundle",
			);
			runOnlyForDeploymentPostprocessing = 0;
			shellPath = /bin/sh;
			shellScript = "\"${PODS_ROOT}/Target Support Files/Pods-NativeTemplatesTableViewExample/Pods-NativeTemplatesTableViewExample-resources.sh\"\n";
			showEnvVarsInLog = 0;
		};
		C5665BF9A0906BFD48FCCE96 /* [CP] Check Pods Manifest.lock */ = {
			isa = PBXShellScriptBuildPhase;
			buildActionMask = 2147483647;
			files = (
			);
			inputPaths = (
				"${PODS_PODFILE_DIR_PATH}/Podfile.lock",
				"${PODS_ROOT}/Manifest.lock",
			);
			name = "[CP] Check Pods Manifest.lock";
			outputPaths = (
				"$(DERIVED_FILE_DIR)/Pods-NativeTemplatesTableViewExample-checkManifestLockResult.txt",
			);
			runOnlyForDeploymentPostprocessing = 0;
			shellPath = /bin/sh;
			shellScript = "diff \"${PODS_PODFILE_DIR_PATH}/Podfile.lock\" \"${PODS_ROOT}/Manifest.lock\" > /dev/null\nif [ $? != 0 ] ; then\n    # print error to STDERR\n    echo \"error: The sandbox is not in sync with the Podfile.lock. Run 'pod install' or update your CocoaPods installation.\" >&2\n    exit 1\nfi\n# This output is used by Xcode 'outputs' to avoid re-running this script phase.\necho \"SUCCESS\" > \"${SCRIPT_OUTPUT_FILE_0}\"\n";
			showEnvVarsInLog = 0;
		};
/* End PBXShellScriptBuildPhase section */

/* Begin PBXSourcesBuildPhase section */
		F61FE0EF1C9DA278001BF8DE /* Sources */ = {
			isa = PBXSourcesBuildPhase;
			buildActionMask = 2147483647;
			files = (
				F61FE0FE1C9DA278001BF8DE /* ViewController.m in Sources */,
				F61FE0FB1C9DA278001BF8DE /* AppDelegate.m in Sources */,
				F61FE1111C9DA702001BF8DE /* NativeBannerTableViewCell.m in Sources */,
				F61FE0F81C9DA278001BF8DE /* main.m in Sources */,
			);
			runOnlyForDeploymentPostprocessing = 0;
		};
/* End PBXSourcesBuildPhase section */

/* Begin PBXVariantGroup section */
		F61FE0FF1C9DA278001BF8DE /* Main.storyboard */ = {
			isa = PBXVariantGroup;
			children = (
				F61FE1001C9DA278001BF8DE /* Base */,
			);
			name = Main.storyboard;
			sourceTree = "<group>";
		};
		F61FE1041C9DA278001BF8DE /* LaunchScreen.storyboard */ = {
			isa = PBXVariantGroup;
			children = (
				F61FE1051C9DA278001BF8DE /* Base */,
			);
			name = LaunchScreen.storyboard;
			sourceTree = "<group>";
		};
/* End PBXVariantGroup section */

/* Begin XCBuildConfiguration section */
		F61FE1081C9DA278001BF8DE /* Debug */ = {
			isa = XCBuildConfiguration;
			buildSettings = {
				ALWAYS_SEARCH_USER_PATHS = NO;
				CLANG_ANALYZER_LOCALIZABILITY_NONLOCALIZED = YES;
				CLANG_CXX_LANGUAGE_STANDARD = "gnu++0x";
				CLANG_CXX_LIBRARY = "libc++";
				CLANG_ENABLE_MODULES = YES;
				CLANG_ENABLE_OBJC_ARC = YES;
				CLANG_WARN_BLOCK_CAPTURE_AUTORELEASING = YES;
				CLANG_WARN_BOOL_CONVERSION = YES;
				CLANG_WARN_COMMA = YES;
				CLANG_WARN_CONSTANT_CONVERSION = YES;
				CLANG_WARN_DEPRECATED_OBJC_IMPLEMENTATIONS = YES;
				CLANG_WARN_DIRECT_OBJC_ISA_USAGE = YES_ERROR;
				CLANG_WARN_EMPTY_BODY = YES;
				CLANG_WARN_ENUM_CONVERSION = YES;
				CLANG_WARN_INFINITE_RECURSION = YES;
				CLANG_WARN_INT_CONVERSION = YES;
				CLANG_WARN_NON_LITERAL_NULL_CONVERSION = YES;
				CLANG_WARN_OBJC_IMPLICIT_RETAIN_SELF = YES;
				CLANG_WARN_OBJC_LITERAL_CONVERSION = YES;
				CLANG_WARN_OBJC_ROOT_CLASS = YES_ERROR;
				CLANG_WARN_RANGE_LOOP_ANALYSIS = YES;
				CLANG_WARN_STRICT_PROTOTYPES = YES;
				CLANG_WARN_SUSPICIOUS_MOVE = YES;
				CLANG_WARN_UNREACHABLE_CODE = YES;
				CLANG_WARN__DUPLICATE_METHOD_MATCH = YES;
				"CODE_SIGN_IDENTITY[sdk=iphoneos*]" = "iPhone Developer";
				COPY_PHASE_STRIP = NO;
				DEBUG_INFORMATION_FORMAT = dwarf;
				ENABLE_STRICT_OBJC_MSGSEND = YES;
				ENABLE_TESTABILITY = YES;
				GCC_C_LANGUAGE_STANDARD = gnu99;
				GCC_DYNAMIC_NO_PIC = NO;
				GCC_NO_COMMON_BLOCKS = YES;
				GCC_OPTIMIZATION_LEVEL = 0;
				GCC_PREPROCESSOR_DEFINITIONS = (
					"DEBUG=1",
					"$(inherited)",
				);
				GCC_WARN_64_TO_32_BIT_CONVERSION = YES;
				GCC_WARN_ABOUT_RETURN_TYPE = YES_ERROR;
				GCC_WARN_UNDECLARED_SELECTOR = YES;
				GCC_WARN_UNINITIALIZED_AUTOS = YES_AGGRESSIVE;
				GCC_WARN_UNUSED_FUNCTION = YES;
				GCC_WARN_UNUSED_VARIABLE = YES;
				IPHONEOS_DEPLOYMENT_TARGET = 8.0;
				MTL_ENABLE_DEBUG_INFO = YES;
				ONLY_ACTIVE_ARCH = YES;
				SDKROOT = iphoneos;
				TARGETED_DEVICE_FAMILY = "1,2";
			};
			name = Debug;
		};
		F61FE1091C9DA278001BF8DE /* Release */ = {
			isa = XCBuildConfiguration;
			buildSettings = {
				ALWAYS_SEARCH_USER_PATHS = NO;
				CLANG_ANALYZER_LOCALIZABILITY_NONLOCALIZED = YES;
				CLANG_CXX_LANGUAGE_STANDARD = "gnu++0x";
				CLANG_CXX_LIBRARY = "libc++";
				CLANG_ENABLE_MODULES = YES;
				CLANG_ENABLE_OBJC_ARC = YES;
				CLANG_WARN_BLOCK_CAPTURE_AUTORELEASING = YES;
				CLANG_WARN_BOOL_CONVERSION = YES;
				CLANG_WARN_COMMA = YES;
				CLANG_WARN_CONSTANT_CONVERSION = YES;
				CLANG_WARN_DEPRECATED_OBJC_IMPLEMENTATIONS = YES;
				CLANG_WARN_DIRECT_OBJC_ISA_USAGE = YES_ERROR;
				CLANG_WARN_EMPTY_BODY = YES;
				CLANG_WARN_ENUM_CONVERSION = YES;
				CLANG_WARN_INFINITE_RECURSION = YES;
				CLANG_WARN_INT_CONVERSION = YES;
				CLANG_WARN_NON_LITERAL_NULL_CONVERSION = YES;
				CLANG_WARN_OBJC_IMPLICIT_RETAIN_SELF = YES;
				CLANG_WARN_OBJC_LITERAL_CONVERSION = YES;
				CLANG_WARN_OBJC_ROOT_CLASS = YES_ERROR;
				CLANG_WARN_RANGE_LOOP_ANALYSIS = YES;
				CLANG_WARN_STRICT_PROTOTYPES = YES;
				CLANG_WARN_SUSPICIOUS_MOVE = YES;
				CLANG_WARN_UNREACHABLE_CODE = YES;
				CLANG_WARN__DUPLICATE_METHOD_MATCH = YES;
				"CODE_SIGN_IDENTITY[sdk=iphoneos*]" = "iPhone Developer";
				COPY_PHASE_STRIP = NO;
				DEBUG_INFORMATION_FORMAT = "dwarf-with-dsym";
				ENABLE_NS_ASSERTIONS = NO;
				ENABLE_STRICT_OBJC_MSGSEND = YES;
				GCC_C_LANGUAGE_STANDARD = gnu99;
				GCC_NO_COMMON_BLOCKS = YES;
				GCC_WARN_64_TO_32_BIT_CONVERSION = YES;
				GCC_WARN_ABOUT_RETURN_TYPE = YES_ERROR;
				GCC_WARN_UNDECLARED_SELECTOR = YES;
				GCC_WARN_UNINITIALIZED_AUTOS = YES_AGGRESSIVE;
				GCC_WARN_UNUSED_FUNCTION = YES;
				GCC_WARN_UNUSED_VARIABLE = YES;
				IPHONEOS_DEPLOYMENT_TARGET = 8.0;
				MTL_ENABLE_DEBUG_INFO = NO;
				SDKROOT = iphoneos;
				TARGETED_DEVICE_FAMILY = "1,2";
				VALIDATE_PRODUCT = YES;
			};
			name = Release;
		};
		F61FE10B1C9DA278001BF8DE /* Debug */ = {
			isa = XCBuildConfiguration;
			baseConfigurationReference = 4EBF424176D46D4233BE0FA9 /* Pods-NativeTemplatesTableViewExample.debug.xcconfig */;
			buildSettings = {
				ASSETCATALOG_COMPILER_APPICON_NAME = AppIcon;
				INFOPLIST_FILE = NativeTemplatesTableViewExample/Info.plist;
				IPHONEOS_DEPLOYMENT_TARGET = 8.0;
				LD_RUNPATH_SEARCH_PATHS = "$(inherited) @executable_path/Frameworks";
				PRODUCT_BUNDLE_IDENTIFIER = com.yandex.NativeTemplatesTableViewExample;
				PRODUCT_NAME = "$(TARGET_NAME)";
			};
			name = Debug;
		};
		F61FE10C1C9DA278001BF8DE /* Release */ = {
			isa = XCBuildConfiguration;
			baseConfigurationReference = A6EE28F6B124D17790164217 /* Pods-NativeTemplatesTableViewExample.release.xcconfig */;
			buildSettings = {
				ASSETCATALOG_COMPILER_APPICON_NAME = AppIcon;
				INFOPLIST_FILE = NativeTemplatesTableViewExample/Info.plist;
				IPHONEOS_DEPLOYMENT_TARGET = 8.0;
				LD_RUNPATH_SEARCH_PATHS = "$(inherited) @executable_path/Frameworks";
				PRODUCT_BUNDLE_IDENTIFIER = com.yandex.NativeTemplatesTableViewExample;
				PRODUCT_NAME = "$(TARGET_NAME)";
			};
			name = Release;
		};
/* End XCBuildConfiguration section */

/* Begin XCConfigurationList section */
		F61FE0EE1C9DA278001BF8DE /* Build configuration list for PBXProject "NativeTemplatesTableViewExample" */ = {
			isa = XCConfigurationList;
			buildConfigurations = (
				F61FE1081C9DA278001BF8DE /* Debug */,
				F61FE1091C9DA278001BF8DE /* Release */,
			);
			defaultConfigurationIsVisible = 0;
			defaultConfigurationName = Release;
		};
		F61FE10A1C9DA278001BF8DE /* Build configuration list for PBXNativeTarget "NativeTemplatesTableViewExample" */ = {
			isa = XCConfigurationList;
			buildConfigurations = (
				F61FE10B1C9DA278001BF8DE /* Debug */,
				F61FE10C1C9DA278001BF8DE /* Release */,
			);
			defaultConfigurationIsVisible = 0;
			defaultConfigurationName = Release;
		};
/* End XCConfigurationList section */
	};
	rootObject = F61FE0EB1C9DA278001BF8DE /* Project object */;
}
