{
  "pins" : [
    {
      "identity" : "appmetrica-sdk-ios",
      "kind" : "remoteSourceControl",
      "location" : "https://github.com/appmetrica/appmetrica-sdk-ios",
      "state" : {
        "revision" : "14cf3e47be3b4d04a2ee450b12537ff7905cf7e1",
        "version" : "5.8.2"
      }
    },
    {
      "identity" : "divkit-ios",
      "kind" : "remoteSourceControl",
      "location" : "https://github.com/divkit/divkit-ios",
      "state" : {
        "revision" : "c016dc541dcaedffddf5dbee472c70bf119e38c1",
        "version" : "31.5.1"
      }
    },
    {
      "identity" : "divkit-ios-facade",
      "kind" : "remoteSourceControl",
      "location" : "https://github.com/divkit/divkit-ios-facade",
      "state" : {
        "revision" : "947cc79c0f0fb8a3393ac33b5e420c635a6e1d94",
        "version" : "4.6.1"
      }
    },
    {
      "identity" : "kscrash",
      "kind" : "remoteSourceControl",
      "location" : "https://github.com/kstenerud/KSCrash",
      "state" : {
        "revision" : "4b108d1b3bbd87e71353990e0af944d0a001803a",
        "version" : "2.0.0-rc.6"
      }
    },
    {
      "identity" : "swift-cmark",
      "kind" : "remoteSourceControl",
      "location" : "https://github.com/apple/swift-cmark.git",
      "state" : {
        "revision" : "3ccff77b2dc5b96b77db3da0d68d28068593fa53",
        "version" : "0.5.0"
      }
    },
    {
      "identity" : "swift-markdown",
      "kind" : "remoteSourceControl",
      "location" : "https://github.com/apple/swift-markdown.git",
      "state" : {
        "revision" : "8f79cb175981458a0a27e76cb42fee8e17b1a993",
        "version" : "0.5.0"
      }
    },
    {
      "identity" : "vgsl",
      "kind" : "remoteSourceControl",
      "location" : "https://github.com/yandex/vgsl.git",
      "state" : {
        "revision" : "bea58060702294e15023725d7c267a99851149c1",
        "version" : "6.24.4"
      }
    }
  ],
  "version" : 2
}
