// !$*UTF8*$!
{
	archiveVersion = 1;
	classes = {
	};
	objectVersion = 51;
	objects = {

/* Begin PBXBuildFile section */
		11E879041711DE4AA8F4F916 /* Pods_NativeExample.framework in Frameworks */ = {isa = PBXBuildFile; fileRef = 82AFB72410C43D468962C417 /* Pods_NativeExample.framework */; };
		B369DF7B25264DF7004E8392 /* NativeAdView.xib in Resources */ = {isa = PBXBuildFile; fileRef = B369DF7925264DF7004E8392 /* NativeAdView.xib */; };
		B369DF7C25264DF7004E8392 /* NativeAdView.swift in Sources */ = {isa = PBXBuildFile; fileRef = B369DF7A25264DF7004E8392 /* NativeAdView.swift */; };
		B75C049E22D88D6F00F17153 /* Images.xcassets in Resources */ = {isa = PBXBuildFile; fileRef = B75C049D22D88D6800F17153 /* Images.xcassets */; };
		B75C04A022D8B24200F17153 /* StarRatingView.swift in Sources */ = {isa = PBXBuildFile; fileRef = B75C049F22D8B24200F17153 /* StarRatingView.swift */; };
		B77246D822D47C2D004BEA3A /* AppDelegate.swift in Sources */ = {isa = PBXBuildFile; fileRef = B77246D722D47C2D004BEA3A /* AppDelegate.swift */; };
		B77246DA22D47C2D004BEA3A /* ViewController.swift in Sources */ = {isa = PBXBuildFile; fileRef = B77246D922D47C2D004BEA3A /* ViewController.swift */; };
		B77246DD22D47C2D004BEA3A /* Main.storyboard in Resources */ = {isa = PBXBuildFile; fileRef = B77246DB22D47C2D004BEA3A /* Main.storyboard */; };
		B77246DF22D47C2E004BEA3A /* Assets.xcassets in Resources */ = {isa = PBXBuildFile; fileRef = B77246DE22D47C2E004BEA3A /* Assets.xcassets */; };
		B77246E222D47C2E004BEA3A /* LaunchScreen.storyboard in Resources */ = {isa = PBXBuildFile; fileRef = B77246E022D47C2E004BEA3A /* LaunchScreen.storyboard */; };
/* End PBXBuildFile section */

/* Begin PBXFileReference section */
		815DB4F378BE323C5A6613BC /* Pods-NativeExample.debug.xcconfig */ = {isa = PBXFileReference; includeInIndex = 1; lastKnownFileType = text.xcconfig; name = "Pods-NativeExample.debug.xcconfig"; path = "Pods/Target Support Files/Pods-NativeExample/Pods-NativeExample.debug.xcconfig"; sourceTree = "<group>"; };
		82AFB72410C43D468962C417 /* Pods_NativeExample.framework */ = {isa = PBXFileReference; explicitFileType = wrapper.framework; includeInIndex = 0; path = Pods_NativeExample.framework; sourceTree = BUILT_PRODUCTS_DIR; };
		B369DF7925264DF7004E8392 /* NativeAdView.xib */ = {isa = PBXFileReference; fileEncoding = 4; lastKnownFileType = file.xib; path = NativeAdView.xib; sourceTree = "<group>"; };
		B369DF7A25264DF7004E8392 /* NativeAdView.swift */ = {isa = PBXFileReference; fileEncoding = 4; lastKnownFileType = sourcecode.swift; path = NativeAdView.swift; sourceTree = "<group>"; };
		B75C049D22D88D6800F17153 /* Images.xcassets */ = {isa = PBXFileReference; lastKnownFileType = folder.assetcatalog; path = Images.xcassets; sourceTree = "<group>"; };
		B75C049F22D8B24200F17153 /* StarRatingView.swift */ = {isa = PBXFileReference; lastKnownFileType = sourcecode.swift; path = StarRatingView.swift; sourceTree = "<group>"; };
		B77246D422D47C2D004BEA3A /* NativeExample.app */ = {isa = PBXFileReference; explicitFileType = wrapper.application; includeInIndex = 0; path = NativeExample.app; sourceTree = BUILT_PRODUCTS_DIR; };
		B77246D722D47C2D004BEA3A /* AppDelegate.swift */ = {isa = PBXFileReference; lastKnownFileType = sourcecode.swift; path = AppDelegate.swift; sourceTree = "<group>"; };
		B77246D922D47C2D004BEA3A /* ViewController.swift */ = {isa = PBXFileReference; lastKnownFileType = sourcecode.swift; path = ViewController.swift; sourceTree = "<group>"; };
		B77246DC22D47C2D004BEA3A /* Base */ = {isa = PBXFileReference; lastKnownFileType = file.storyboard; name = Base; path = Base.lproj/Main.storyboard; sourceTree = "<group>"; };
		B77246DE22D47C2E004BEA3A /* Assets.xcassets */ = {isa = PBXFileReference; lastKnownFileType = folder.assetcatalog; path = Assets.xcassets; sourceTree = "<group>"; };
		B77246E122D47C2E004BEA3A /* Base */ = {isa = PBXFileReference; lastKnownFileType = file.storyboard; name = Base; path = Base.lproj/LaunchScreen.storyboard; sourceTree = "<group>"; };
		B77246E322D47C2E004BEA3A /* Info.plist */ = {isa = PBXFileReference; lastKnownFileType = text.plist.xml; path = Info.plist; sourceTree = "<group>"; };
		FAD1C17B2009EC6B5C7E4E8E /* Pods-NativeExample.release.xcconfig */ = {isa = PBXFileReference; includeInIndex = 1; lastKnownFileType = text.xcconfig; name = "Pods-NativeExample.release.xcconfig"; path = "Pods/Target Support Files/Pods-NativeExample/Pods-NativeExample.release.xcconfig"; sourceTree = "<group>"; };
/* End PBXFileReference section */

/* Begin PBXFrameworksBuildPhase section */
		B77246D122D47C2D004BEA3A /* Frameworks */ = {
			isa = PBXFrameworksBuildPhase;
			buildActionMask = 2147483647;
			files = (
				11E879041711DE4AA8F4F916 /* Pods_NativeExample.framework in Frameworks */,
			);
			runOnlyForDeploymentPostprocessing = 0;
		};
/* End PBXFrameworksBuildPhase section */

/* Begin PBXGroup section */
		41E5437780CC5CFE0A7CE398 /* Pods */ = {
			isa = PBXGroup;
			children = (
				815DB4F378BE323C5A6613BC /* Pods-NativeExample.debug.xcconfig */,
				FAD1C17B2009EC6B5C7E4E8E /* Pods-NativeExample.release.xcconfig */,
			);
			name = Pods;
			sourceTree = "<group>";
		};
		8A38A2D49F2E8785065B36D3 /* Frameworks */ = {
			isa = PBXGroup;
			children = (
				82AFB72410C43D468962C417 /* Pods_NativeExample.framework */,
			);
			name = Frameworks;
			sourceTree = "<group>";
		};
		B77246CB22D47C2D004BEA3A = {
			isa = PBXGroup;
			children = (
				B77246D622D47C2D004BEA3A /* NativeExample */,
				B77246D522D47C2D004BEA3A /* Products */,
				41E5437780CC5CFE0A7CE398 /* Pods */,
				8A38A2D49F2E8785065B36D3 /* Frameworks */,
			);
			sourceTree = "<group>";
		};
		B77246D522D47C2D004BEA3A /* Products */ = {
			isa = PBXGroup;
			children = (
				B77246D422D47C2D004BEA3A /* NativeExample.app */,
			);
			name = Products;
			sourceTree = "<group>";
		};
		B77246D622D47C2D004BEA3A /* NativeExample */ = {
			isa = PBXGroup;
			children = (
				B77246D722D47C2D004BEA3A /* AppDelegate.swift */,
				B77246DE22D47C2E004BEA3A /* Assets.xcassets */,
				B75C049D22D88D6800F17153 /* Images.xcassets */,
				B77246E322D47C2E004BEA3A /* Info.plist */,
				B77246DB22D47C2D004BEA3A /* Main.storyboard */,
				B77246E022D47C2E004BEA3A /* LaunchScreen.storyboard */,
				B75C049F22D8B24200F17153 /* StarRatingView.swift */,
				B369DF7A25264DF7004E8392 /* NativeAdView.swift */,
				B369DF7925264DF7004E8392 /* NativeAdView.xib */,
				B77246D922D47C2D004BEA3A /* ViewController.swift */,
			);
			path = NativeExample;
			sourceTree = "<group>";
		};
/* End PBXGroup section */

/* Begin PBXNativeTarget section */
		B77246D322D47C2D004BEA3A /* NativeExample */ = {
			isa = PBXNativeTarget;
			buildConfigurationList = B77246E622D47C2E004BEA3A /* Build configuration list for PBXNativeTarget "NativeExample" */;
			buildPhases = (
				D84F6EEFF348866E27B3756D /* [CP] Check Pods Manifest.lock */,
				B77246D022D47C2D004BEA3A /* Sources */,
				B77246D122D47C2D004BEA3A /* Frameworks */,
				B77246D222D47C2D004BEA3A /* Resources */,
				7057D0A25699301BCC28DA58 /* [CP] Embed Pods Frameworks */,
				62B37A85678DA7E103B34F90 /* [CP] Copy Pods Resources */,
			);
			buildRules = (
			);
			dependencies = (
			);
			name = NativeExample;
			productName = NativeExample;
			productReference = B77246D422D47C2D004BEA3A /* NativeExample.app */;
			productType = "com.apple.product-type.application";
		};
/* End PBXNativeTarget section */

/* Begin PBXProject section */
		B77246CC22D47C2D004BEA3A /* Project object */ = {
			isa = PBXProject;
			attributes = {
				LastSwiftUpdateCheck = 1020;
				LastUpgradeCheck = 1200;
				ORGANIZATIONNAME = YANDEX;
				TargetAttributes = {
					B77246D322D47C2D004BEA3A = {
						CreatedOnToolsVersion = 10.2.1;
					};
				};
			};
			buildConfigurationList = B77246CF22D47C2D004BEA3A /* Build configuration list for PBXProject "NativeExample" */;
			compatibilityVersion = "Xcode 9.3";
			developmentRegion = en;
			hasScannedForEncodings = 0;
			knownRegions = (
				en,
				Base,
			);
			mainGroup = B77246CB22D47C2D004BEA3A;
			productRefGroup = B77246D522D47C2D004BEA3A /* Products */;
			projectDirPath = "";
			projectRoot = "";
			targets = (
				B77246D322D47C2D004BEA3A /* NativeExample */,
			);
		};
/* End PBXProject section */

/* Begin PBXResourcesBuildPhase section */
		B77246D222D47C2D004BEA3A /* Resources */ = {
			isa = PBXResourcesBuildPhase;
			buildActionMask = 2147483647;
			files = (
				B77246E222D47C2E004BEA3A /* LaunchScreen.storyboard in Resources */,
				B75C049E22D88D6F00F17153 /* Images.xcassets in Resources */,
				B369DF7B25264DF7004E8392 /* NativeAdView.xib in Resources */,
				B77246DF22D47C2E004BEA3A /* Assets.xcassets in Resources */,
				B77246DD22D47C2D004BEA3A /* Main.storyboard in Resources */,
			);
			runOnlyForDeploymentPostprocessing = 0;
		};
/* End PBXResourcesBuildPhase section */

/* Begin PBXShellScriptBuildPhase section */
		62B37A85678DA7E103B34F90 /* [CP] Copy Pods Resources */ = {
			isa = PBXShellScriptBuildPhase;
			buildActionMask = 2147483647;
			files = (
			);
			inputFileListPaths = (
				"${PODS_ROOT}/Target Support Files/Pods-NativeExample/Pods-NativeExample-resources-${CONFIGURATION}-input-files.xcfilelist",
			);
			name = "[CP] Copy Pods Resources";
			outputFileListPaths = (
				"${PODS_ROOT}/Target Support Files/Pods-NativeExample/Pods-NativeExample-resources-${CONFIGURATION}-output-files.xcfilelist",
			);
			runOnlyForDeploymentPostprocessing = 0;
			shellPath = /bin/sh;
			shellScript = "\"${PODS_ROOT}/Target Support Files/Pods-NativeExample/Pods-NativeExample-resources.sh\"\n";
			showEnvVarsInLog = 0;
		};
		7057D0A25699301BCC28DA58 /* [CP] Embed Pods Frameworks */ = {
			isa = PBXShellScriptBuildPhase;
			buildActionMask = 2147483647;
			files = (
			);
			inputFileListPaths = (
				"${PODS_ROOT}/Target Support Files/Pods-NativeExample/Pods-NativeExample-frameworks-${CONFIGURATION}-input-files.xcfilelist",
			);
			name = "[CP] Embed Pods Frameworks";
			outputFileListPaths = (
				"${PODS_ROOT}/Target Support Files/Pods-NativeExample/Pods-NativeExample-frameworks-${CONFIGURATION}-output-files.xcfilelist",
			);
			runOnlyForDeploymentPostprocessing = 0;
			shellPath = /bin/sh;
			shellScript = "\"${PODS_ROOT}/Target Support Files/Pods-NativeExample/Pods-NativeExample-frameworks.sh\"\n";
			showEnvVarsInLog = 0;
		};
		D84F6EEFF348866E27B3756D /* [CP] Check Pods Manifest.lock */ = {
			isa = PBXShellScriptBuildPhase;
			buildActionMask = 2147483647;
			files = (
			);
			inputFileListPaths = (
			);
			inputPaths = (
				"${PODS_PODFILE_DIR_PATH}/Podfile.lock",
				"${PODS_ROOT}/Manifest.lock",
			);
			name = "[CP] Check Pods Manifest.lock";
			outputFileListPaths = (
			);
			outputPaths = (
				"$(DERIVED_FILE_DIR)/Pods-NativeExample-checkManifestLockResult.txt",
			);
			runOnlyForDeploymentPostprocessing = 0;
			shellPath = /bin/sh;
			shellScript = "diff \"${PODS_PODFILE_DIR_PATH}/Podfile.lock\" \"${PODS_ROOT}/Manifest.lock\" > /dev/null\nif [ $? != 0 ] ; then\n    # print error to STDERR\n    echo \"error: The sandbox is not in sync with the Podfile.lock. Run 'pod install' or update your CocoaPods installation.\" >&2\n    exit 1\nfi\n# This output is used by Xcode 'outputs' to avoid re-running this script phase.\necho \"SUCCESS\" > \"${SCRIPT_OUTPUT_FILE_0}\"\n";
			showEnvVarsInLog = 0;
		};
/* End PBXShellScriptBuildPhase section */

/* Begin PBXSourcesBuildPhase section */
		B77246D022D47C2D004BEA3A /* Sources */ = {
			isa = PBXSourcesBuildPhase;
			buildActionMask = 2147483647;
			files = (
				B77246DA22D47C2D004BEA3A /* ViewController.swift in Sources */,
				B77246D822D47C2D004BEA3A /* AppDelegate.swift in Sources */,
				B75C04A022D8B24200F17153 /* StarRatingView.swift in Sources */,
				B369DF7C25264DF7004E8392 /* NativeAdView.swift in Sources */,
			);
			runOnlyForDeploymentPostprocessing = 0;
		};
/* End PBXSourcesBuildPhase section */

/* Begin PBXVariantGroup section */
		B77246DB22D47C2D004BEA3A /* Main.storyboard */ = {
			isa = PBXVariantGroup;
			children = (
				B77246DC22D47C2D004BEA3A /* Base */,
			);
			name = Main.storyboard;
			sourceTree = "<group>";
		};
		B77246E022D47C2E004BEA3A /* LaunchScreen.storyboard */ = {
			isa = PBXVariantGroup;
			children = (
				B77246E122D47C2E004BEA3A /* Base */,
			);
			name = LaunchScreen.storyboard;
			sourceTree = "<group>";
		};
/* End PBXVariantGroup section */

/* Begin XCBuildConfiguration section */
		B77246E422D47C2E004BEA3A /* Debug */ = {
			isa = XCBuildConfiguration;
			buildSettings = {
				ALWAYS_SEARCH_USER_PATHS = NO;
				CLANG_ANALYZER_NONNULL = YES;
				CLANG_ANALYZER_NUMBER_OBJECT_CONVERSION = YES_AGGRESSIVE;
				CLANG_CXX_LANGUAGE_STANDARD = "gnu++14";
				CLANG_CXX_LIBRARY = "libc++";
				CLANG_ENABLE_MODULES = YES;
				CLANG_ENABLE_OBJC_ARC = YES;
				CLANG_ENABLE_OBJC_WEAK = YES;
				CLANG_WARN_BLOCK_CAPTURE_AUTORELEASING = YES;
				CLANG_WARN_BOOL_CONVERSION = YES;
				CLANG_WARN_COMMA = YES;
				CLANG_WARN_CONSTANT_CONVERSION = YES;
				CLANG_WARN_DEPRECATED_OBJC_IMPLEMENTATIONS = YES;
				CLANG_WARN_DIRECT_OBJC_ISA_USAGE = YES_ERROR;
				CLANG_WARN_DOCUMENTATION_COMMENTS = YES;
				CLANG_WARN_EMPTY_BODY = YES;
				CLANG_WARN_ENUM_CONVERSION = YES;
				CLANG_WARN_INFINITE_RECURSION = YES;
				CLANG_WARN_INT_CONVERSION = YES;
				CLANG_WARN_NON_LITERAL_NULL_CONVERSION = YES;
				CLANG_WARN_OBJC_IMPLICIT_RETAIN_SELF = YES;
				CLANG_WARN_OBJC_LITERAL_CONVERSION = YES;
				CLANG_WARN_OBJC_ROOT_CLASS = YES_ERROR;
				CLANG_WARN_QUOTED_INCLUDE_IN_FRAMEWORK_HEADER = YES;
				CLANG_WARN_RANGE_LOOP_ANALYSIS = YES;
				CLANG_WARN_STRICT_PROTOTYPES = YES;
				CLANG_WARN_SUSPICIOUS_MOVE = YES;
				CLANG_WARN_UNGUARDED_AVAILABILITY = YES_AGGRESSIVE;
				CLANG_WARN_UNREACHABLE_CODE = YES;
				CLANG_WARN__DUPLICATE_METHOD_MATCH = YES;
				CODE_SIGN_IDENTITY = "iPhone Developer";
				COPY_PHASE_STRIP = NO;
				DEBUG_INFORMATION_FORMAT = dwarf;
				ENABLE_STRICT_OBJC_MSGSEND = YES;
				ENABLE_TESTABILITY = YES;
				GCC_C_LANGUAGE_STANDARD = gnu11;
				GCC_DYNAMIC_NO_PIC = NO;
				GCC_NO_COMMON_BLOCKS = YES;
				GCC_OPTIMIZATION_LEVEL = 0;
				GCC_PREPROCESSOR_DEFINITIONS = (
					"DEBUG=1",
					"$(inherited)",
				);
				GCC_WARN_64_TO_32_BIT_CONVERSION = YES;
				GCC_WARN_ABOUT_RETURN_TYPE = YES_ERROR;
				GCC_WARN_UNDECLARED_SELECTOR = YES;
				GCC_WARN_UNINITIALIZED_AUTOS = YES_AGGRESSIVE;
				GCC_WARN_UNUSED_FUNCTION = YES;
				GCC_WARN_UNUSED_VARIABLE = YES;
				IPHONEOS_DEPLOYMENT_TARGET = 12.2;
				MTL_ENABLE_DEBUG_INFO = INCLUDE_SOURCE;
				MTL_FAST_MATH = YES;
				ONLY_ACTIVE_ARCH = YES;
				SDKROOT = iphoneos;
				SWIFT_ACTIVE_COMPILATION_CONDITIONS = DEBUG;
				SWIFT_OPTIMIZATION_LEVEL = "-Onone";
			};
			name = Debug;
		};
		B77246E522D47C2E004BEA3A /* Release */ = {
			isa = XCBuildConfiguration;
			buildSettings = {
				ALWAYS_SEARCH_USER_PATHS = NO;
				CLANG_ANALYZER_NONNULL = YES;
				CLANG_ANALYZER_NUMBER_OBJECT_CONVERSION = YES_AGGRESSIVE;
				CLANG_CXX_LANGUAGE_STANDARD = "gnu++14";
				CLANG_CXX_LIBRARY = "libc++";
				CLANG_ENABLE_MODULES = YES;
				CLANG_ENABLE_OBJC_ARC = YES;
				CLANG_ENABLE_OBJC_WEAK = YES;
				CLANG_WARN_BLOCK_CAPTURE_AUTORELEASING = YES;
				CLANG_WARN_BOOL_CONVERSION = YES;
				CLANG_WARN_COMMA = YES;
				CLANG_WARN_CONSTANT_CONVERSION = YES;
				CLANG_WARN_DEPRECATED_OBJC_IMPLEMENTATIONS = YES;
				CLANG_WARN_DIRECT_OBJC_ISA_USAGE = YES_ERROR;
				CLANG_WARN_DOCUMENTATION_COMMENTS = YES;
				CLANG_WARN_EMPTY_BODY = YES;
				CLANG_WARN_ENUM_CONVERSION = YES;
				CLANG_WARN_INFINITE_RECURSION = YES;
				CLANG_WARN_INT_CONVERSION = YES;
				CLANG_WARN_NON_LITERAL_NULL_CONVERSION = YES;
				CLANG_WARN_OBJC_IMPLICIT_RETAIN_SELF = YES;
				CLANG_WARN_OBJC_LITERAL_CONVERSION = YES;
				CLANG_WARN_OBJC_ROOT_CLASS = YES_ERROR;
				CLANG_WARN_QUOTED_INCLUDE_IN_FRAMEWORK_HEADER = YES;
				CLANG_WARN_RANGE_LOOP_ANALYSIS = YES;
				CLANG_WARN_STRICT_PROTOTYPES = YES;
				CLANG_WARN_SUSPICIOUS_MOVE = YES;
				CLANG_WARN_UNGUARDED_AVAILABILITY = YES_AGGRESSIVE;
				CLANG_WARN_UNREACHABLE_CODE = YES;
				CLANG_WARN__DUPLICATE_METHOD_MATCH = YES;
				CODE_SIGN_IDENTITY = "iPhone Developer";
				COPY_PHASE_STRIP = NO;
				DEBUG_INFORMATION_FORMAT = "dwarf-with-dsym";
				ENABLE_NS_ASSERTIONS = NO;
				ENABLE_STRICT_OBJC_MSGSEND = YES;
				GCC_C_LANGUAGE_STANDARD = gnu11;
				GCC_NO_COMMON_BLOCKS = YES;
				GCC_WARN_64_TO_32_BIT_CONVERSION = YES;
				GCC_WARN_ABOUT_RETURN_TYPE = YES_ERROR;
				GCC_WARN_UNDECLARED_SELECTOR = YES;
				GCC_WARN_UNINITIALIZED_AUTOS = YES_AGGRESSIVE;
				GCC_WARN_UNUSED_FUNCTION = YES;
				GCC_WARN_UNUSED_VARIABLE = YES;
				IPHONEOS_DEPLOYMENT_TARGET = 12.2;
				MTL_ENABLE_DEBUG_INFO = NO;
				MTL_FAST_MATH = YES;
				SDKROOT = iphoneos;
				SWIFT_COMPILATION_MODE = wholemodule;
				SWIFT_OPTIMIZATION_LEVEL = "-O";
				VALIDATE_PRODUCT = YES;
			};
			name = Release;
		};
		B77246E722D47C2E004BEA3A /* Debug */ = {
			isa = XCBuildConfiguration;
			baseConfigurationReference = 815DB4F378BE323C5A6613BC /* Pods-NativeExample.debug.xcconfig */;
			buildSettings = {
				ASSETCATALOG_COMPILER_APPICON_NAME = AppIcon;
				CODE_SIGN_STYLE = Automatic;
				"EXCLUDED_ARCHS[sdk=iphonesimulator*]" = arm64;
				INFOPLIST_FILE = NativeExample/Info.plist;
				IPHONEOS_DEPLOYMENT_TARGET = 9.0;
				LD_RUNPATH_SEARCH_PATHS = (
					"$(inherited)",
					"@executable_path/Frameworks",
				);
				PRODUCT_BUNDLE_IDENTIFIER = com.yandex.NativeExampleSwift;
				PRODUCT_NAME = "$(TARGET_NAME)";
				SWIFT_VERSION = 4.2;
				TARGETED_DEVICE_FAMILY = "1,2";
			};
			name = Debug;
		};
		B77246E822D47C2E004BEA3A /* Release */ = {
			isa = XCBuildConfiguration;
			baseConfigurationReference = FAD1C17B2009EC6B5C7E4E8E /* Pods-NativeExample.release.xcconfig */;
			buildSettings = {
				ASSETCATALOG_COMPILER_APPICON_NAME = AppIcon;
				CODE_SIGN_STYLE = Automatic;
				"EXCLUDED_ARCHS[sdk=iphonesimulator*]" = arm64;
				INFOPLIST_FILE = NativeExample/Info.plist;
				IPHONEOS_DEPLOYMENT_TARGET = 9.0;
				LD_RUNPATH_SEARCH_PATHS = (
					"$(inherited)",
					"@executable_path/Frameworks",
				);
				PRODUCT_BUNDLE_IDENTIFIER = com.yandex.NativeExampleSwift;
				PRODUCT_NAME = "$(TARGET_NAME)";
				SWIFT_VERSION = 4.2;
				TARGETED_DEVICE_FAMILY = "1,2";
			};
			name = Release;
		};
/* End XCBuildConfiguration section */

/* Begin XCConfigurationList section */
		B77246CF22D47C2D004BEA3A /* Build configuration list for PBXProject "NativeExample" */ = {
			isa = XCConfigurationList;
			buildConfigurations = (
				B77246E422D47C2E004BEA3A /* Debug */,
				B77246E522D47C2E004BEA3A /* Release */,
			);
			defaultConfigurationIsVisible = 0;
			defaultConfigurationName = Release;
		};
		B77246E622D47C2E004BEA3A /* Build configuration list for PBXNativeTarget "NativeExample" */ = {
			isa = XCConfigurationList;
			buildConfigurations = (
				B77246E722D47C2E004BEA3A /* Debug */,
				B77246E822D47C2E004BEA3A /* Release */,
			);
			defaultConfigurationIsVisible = 0;
			defaultConfigurationName = Release;
		};
/* End XCConfigurationList section */
	};
	rootObject = B77246CC22D47C2D004BEA3A /* Project object */;
}
