// !$*UTF8*$!
{
	archiveVersion = 1;
	classes = {
	};
	objectVersion = 51;
	objects = {

/* Begin PBXBuildFile section */
		8FB913213722EACCDBA03573 /* Pods_AdMobBannerAdapterExample.framework in Frameworks */ = {isa = PBXBuildFile; fileRef = 58436470D950D5FD13609C87 /* Pods_AdMobBannerAdapterExample.framework */; };
		B7A516B422E0874400095829 /* AppDelegate.swift in Sources */ = {isa = PBXBuildFile; fileRef = B7A516B322E0874400095829 /* AppDelegate.swift */; };
		B7A516B622E0874400095829 /* ViewController.swift in Sources */ = {isa = PBXBuildFile; fileRef = B7A516B522E0874400095829 /* ViewController.swift */; };
		B7A516B922E0874400095829 /* Main.storyboard in Resources */ = {isa = PBXBuildFile; fileRef = B7A516B722E0874400095829 /* Main.storyboard */; };
		B7A516BE22E0874500095829 /* LaunchScreen.storyboard in Resources */ = {isa = PBXBuildFile; fileRef = B7A516BC22E0874500095829 /* LaunchScreen.storyboard */; };
		B7A516C622E09E2700095829 /* Images.xcassets in Resources */ = {isa = PBXBuildFile; fileRef = B7A516C522E09E2700095829 /* Images.xcassets */; };
/* End PBXBuildFile section */

/* Begin PBXFileReference section */
		58436470D950D5FD13609C87 /* Pods_AdMobBannerAdapterExample.framework */ = {isa = PBXFileReference; explicitFileType = wrapper.framework; includeInIndex = 0; path = Pods_AdMobBannerAdapterExample.framework; sourceTree = BUILT_PRODUCTS_DIR; };
		6FED87554044AA20574307BC /* Pods-AdMobBannerAdapterExample.debug.xcconfig */ = {isa = PBXFileReference; includeInIndex = 1; lastKnownFileType = text.xcconfig; name = "Pods-AdMobBannerAdapterExample.debug.xcconfig"; path = "Pods/Target Support Files/Pods-AdMobBannerAdapterExample/Pods-AdMobBannerAdapterExample.debug.xcconfig"; sourceTree = "<group>"; };
		9E1BFDC660EEF177A0B51CD5 /* Pods-AdMobBannerAdapterExample.release.xcconfig */ = {isa = PBXFileReference; includeInIndex = 1; lastKnownFileType = text.xcconfig; name = "Pods-AdMobBannerAdapterExample.release.xcconfig"; path = "Pods/Target Support Files/Pods-AdMobBannerAdapterExample/Pods-AdMobBannerAdapterExample.release.xcconfig"; sourceTree = "<group>"; };
		B7A516B022E0874400095829 /* AdMobBannerAdapterExample.app */ = {isa = PBXFileReference; explicitFileType = wrapper.application; includeInIndex = 0; path = AdMobBannerAdapterExample.app; sourceTree = BUILT_PRODUCTS_DIR; };
		B7A516B322E0874400095829 /* AppDelegate.swift */ = {isa = PBXFileReference; lastKnownFileType = sourcecode.swift; path = AppDelegate.swift; sourceTree = "<group>"; };
		B7A516B522E0874400095829 /* ViewController.swift */ = {isa = PBXFileReference; lastKnownFileType = sourcecode.swift; path = ViewController.swift; sourceTree = "<group>"; };
		B7A516B822E0874400095829 /* Base */ = {isa = PBXFileReference; lastKnownFileType = file.storyboard; name = Base; path = Base.lproj/Main.storyboard; sourceTree = "<group>"; };
		B7A516BD22E0874500095829 /* Base */ = {isa = PBXFileReference; lastKnownFileType = file.storyboard; name = Base; path = Base.lproj/LaunchScreen.storyboard; sourceTree = "<group>"; };
		B7A516BF22E0874500095829 /* Info.plist */ = {isa = PBXFileReference; lastKnownFileType = text.plist.xml; path = Info.plist; sourceTree = "<group>"; };
		B7A516C522E09E2700095829 /* Images.xcassets */ = {isa = PBXFileReference; lastKnownFileType = folder.assetcatalog; path = Images.xcassets; sourceTree = "<group>"; };
/* End PBXFileReference section */

/* Begin PBXFrameworksBuildPhase section */
		B7A516AD22E0874400095829 /* Frameworks */ = {
			isa = PBXFrameworksBuildPhase;
			buildActionMask = 2147483647;
			files = (
				8FB913213722EACCDBA03573 /* Pods_AdMobBannerAdapterExample.framework in Frameworks */,
			);
			runOnlyForDeploymentPostprocessing = 0;
		};
/* End PBXFrameworksBuildPhase section */

/* Begin PBXGroup section */
		56E2E7016A92EEAFD9EF4683 /* Frameworks */ = {
			isa = PBXGroup;
			children = (
				58436470D950D5FD13609C87 /* Pods_AdMobBannerAdapterExample.framework */,
			);
			name = Frameworks;
			sourceTree = "<group>";
		};
		746FD75AF505AE3B2BCC10B5 /* Pods */ = {
			isa = PBXGroup;
			children = (
				6FED87554044AA20574307BC /* Pods-AdMobBannerAdapterExample.debug.xcconfig */,
				9E1BFDC660EEF177A0B51CD5 /* Pods-AdMobBannerAdapterExample.release.xcconfig */,
			);
			name = Pods;
			sourceTree = "<group>";
		};
		B7A516A722E0874400095829 = {
			isa = PBXGroup;
			children = (
				B7A516B222E0874400095829 /* AdMobBannerAdapterExample */,
				B7A516B122E0874400095829 /* Products */,
				746FD75AF505AE3B2BCC10B5 /* Pods */,
				56E2E7016A92EEAFD9EF4683 /* Frameworks */,
			);
			sourceTree = "<group>";
		};
		B7A516B122E0874400095829 /* Products */ = {
			isa = PBXGroup;
			children = (
				B7A516B022E0874400095829 /* AdMobBannerAdapterExample.app */,
			);
			name = Products;
			sourceTree = "<group>";
		};
		B7A516B222E0874400095829 /* AdMobBannerAdapterExample */ = {
			isa = PBXGroup;
			children = (
				B7A516B322E0874400095829 /* AppDelegate.swift */,
				B7A516BF22E0874500095829 /* Info.plist */,
				B7A516C522E09E2700095829 /* Images.xcassets */,
				B7A516BC22E0874500095829 /* LaunchScreen.storyboard */,
				B7A516B722E0874400095829 /* Main.storyboard */,
				B7A516B522E0874400095829 /* ViewController.swift */,
			);
			path = AdMobBannerAdapterExample;
			sourceTree = "<group>";
		};
/* End PBXGroup section */

/* Begin PBXNativeTarget section */
		B7A516AF22E0874400095829 /* AdMobBannerAdapterExample */ = {
			isa = PBXNativeTarget;
			buildConfigurationList = B7A516C222E0874500095829 /* Build configuration list for PBXNativeTarget "AdMobBannerAdapterExample" */;
			buildPhases = (
				3311AA5F02C2834F6F5D27EC /* [CP] Check Pods Manifest.lock */,
				B7A516AC22E0874400095829 /* Sources */,
				B7A516AD22E0874400095829 /* Frameworks */,
				B7A516AE22E0874400095829 /* Resources */,
				A599C0A7B5AA7425DDA8BE41 /* [CP] Embed Pods Frameworks */,
			);
			buildRules = (
			);
			dependencies = (
			);
			name = AdMobBannerAdapterExample;
			productName = AdMobBannerAdapterExample;
			productReference = B7A516B022E0874400095829 /* AdMobBannerAdapterExample.app */;
			productType = "com.apple.product-type.application";
		};
/* End PBXNativeTarget section */

/* Begin PBXProject section */
		B7A516A822E0874400095829 /* Project object */ = {
			isa = PBXProject;
			attributes = {
				LastSwiftUpdateCheck = 1020;
				LastUpgradeCheck = 1200;
				ORGANIZATIONNAME = YANDEX;
				TargetAttributes = {
					B7A516AF22E0874400095829 = {
						CreatedOnToolsVersion = 10.2.1;
					};
				};
			};
			buildConfigurationList = B7A516AB22E0874400095829 /* Build configuration list for PBXProject "AdMobBannerAdapterExample" */;
			compatibilityVersion = "Xcode 9.3";
			developmentRegion = en;
			hasScannedForEncodings = 0;
			knownRegions = (
				en,
				Base,
			);
			mainGroup = B7A516A722E0874400095829;
			productRefGroup = B7A516B122E0874400095829 /* Products */;
			projectDirPath = "";
			projectRoot = "";
			targets = (
				B7A516AF22E0874400095829 /* AdMobBannerAdapterExample */,
			);
		};
/* End PBXProject section */

/* Begin PBXResourcesBuildPhase section */
		B7A516AE22E0874400095829 /* Resources */ = {
			isa = PBXResourcesBuildPhase;
			buildActionMask = 2147483647;
			files = (
				B7A516BE22E0874500095829 /* LaunchScreen.storyboard in Resources */,
				B7A516C622E09E2700095829 /* Images.xcassets in Resources */,
				B7A516B922E0874400095829 /* Main.storyboard in Resources */,
			);
			runOnlyForDeploymentPostprocessing = 0;
		};
/* End PBXResourcesBuildPhase section */

/* Begin PBXShellScriptBuildPhase section */
		3311AA5F02C2834F6F5D27EC /* [CP] Check Pods Manifest.lock */ = {
			isa = PBXShellScriptBuildPhase;
			buildActionMask = 2147483647;
			files = (
			);
			inputFileListPaths = (
			);
			inputPaths = (
				"${PODS_PODFILE_DIR_PATH}/Podfile.lock",
				"${PODS_ROOT}/Manifest.lock",
			);
			name = "[CP] Check Pods Manifest.lock";
			outputFileListPaths = (
			);
			outputPaths = (
				"$(DERIVED_FILE_DIR)/Pods-AdMobBannerAdapterExample-checkManifestLockResult.txt",
			);
			runOnlyForDeploymentPostprocessing = 0;
			shellPath = /bin/sh;
			shellScript = "diff \"${PODS_PODFILE_DIR_PATH}/Podfile.lock\" \"${PODS_ROOT}/Manifest.lock\" > /dev/null\nif [ $? != 0 ] ; then\n    # print error to STDERR\n    echo \"error: The sandbox is not in sync with the Podfile.lock. Run 'pod install' or update your CocoaPods installation.\" >&2\n    exit 1\nfi\n# This output is used by Xcode 'outputs' to avoid re-running this script phase.\necho \"SUCCESS\" > \"${SCRIPT_OUTPUT_FILE_0}\"\n";
			showEnvVarsInLog = 0;
		};
		A599C0A7B5AA7425DDA8BE41 /* [CP] Embed Pods Frameworks */ = {
			isa = PBXShellScriptBuildPhase;
			buildActionMask = 2147483647;
			files = (
			);
			inputFileListPaths = (
				"${PODS_ROOT}/Target Support Files/Pods-AdMobBannerAdapterExample/Pods-AdMobBannerAdapterExample-frameworks-${CONFIGURATION}-input-files.xcfilelist",
			);
			name = "[CP] Embed Pods Frameworks";
			outputFileListPaths = (
				"${PODS_ROOT}/Target Support Files/Pods-AdMobBannerAdapterExample/Pods-AdMobBannerAdapterExample-frameworks-${CONFIGURATION}-output-files.xcfilelist",
			);
			runOnlyForDeploymentPostprocessing = 0;
			shellPath = /bin/sh;
			shellScript = "\"${PODS_ROOT}/Target Support Files/Pods-AdMobBannerAdapterExample/Pods-AdMobBannerAdapterExample-frameworks.sh\"\n";
			showEnvVarsInLog = 0;
		};
/* End PBXShellScriptBuildPhase section */

/* Begin PBXSourcesBuildPhase section */
		B7A516AC22E0874400095829 /* Sources */ = {
			isa = PBXSourcesBuildPhase;
			buildActionMask = 2147483647;
			files = (
				B7A516B622E0874400095829 /* ViewController.swift in Sources */,
				B7A516B422E0874400095829 /* AppDelegate.swift in Sources */,
			);
			runOnlyForDeploymentPostprocessing = 0;
		};
/* End PBXSourcesBuildPhase section */

/* Begin PBXVariantGroup section */
		B7A516B722E0874400095829 /* Main.storyboard */ = {
			isa = PBXVariantGroup;
			children = (
				B7A516B822E0874400095829 /* Base */,
			);
			name = Main.storyboard;
			sourceTree = "<group>";
		};
		B7A516BC22E0874500095829 /* LaunchScreen.storyboard */ = {
			isa = PBXVariantGroup;
			children = (
				B7A516BD22E0874500095829 /* Base */,
			);
			name = LaunchScreen.storyboard;
			sourceTree = "<group>";
		};
/* End PBXVariantGroup section */

/* Begin XCBuildConfiguration section */
		B7A516C022E0874500095829 /* Debug */ = {
			isa = XCBuildConfiguration;
			buildSettings = {
				ALWAYS_SEARCH_USER_PATHS = NO;
				CLANG_ANALYZER_NONNULL = YES;
				CLANG_ANALYZER_NUMBER_OBJECT_CONVERSION = YES_AGGRESSIVE;
				CLANG_CXX_LANGUAGE_STANDARD = "gnu++14";
				CLANG_CXX_LIBRARY = "libc++";
				CLANG_ENABLE_MODULES = YES;
				CLANG_ENABLE_OBJC_ARC = YES;
				CLANG_ENABLE_OBJC_WEAK = YES;
				CLANG_WARN_BLOCK_CAPTURE_AUTORELEASING = YES;
				CLANG_WARN_BOOL_CONVERSION = YES;
				CLANG_WARN_COMMA = YES;
				CLANG_WARN_CONSTANT_CONVERSION = YES;
				CLANG_WARN_DEPRECATED_OBJC_IMPLEMENTATIONS = YES;
				CLANG_WARN_DIRECT_OBJC_ISA_USAGE = YES_ERROR;
				CLANG_WARN_DOCUMENTATION_COMMENTS = YES;
				CLANG_WARN_EMPTY_BODY = YES;
				CLANG_WARN_ENUM_CONVERSION = YES;
				CLANG_WARN_INFINITE_RECURSION = YES;
				CLANG_WARN_INT_CONVERSION = YES;
				CLANG_WARN_NON_LITERAL_NULL_CONVERSION = YES;
				CLANG_WARN_OBJC_IMPLICIT_RETAIN_SELF = YES;
				CLANG_WARN_OBJC_LITERAL_CONVERSION = YES;
				CLANG_WARN_OBJC_ROOT_CLASS = YES_ERROR;
				CLANG_WARN_QUOTED_INCLUDE_IN_FRAMEWORK_HEADER = YES;
				CLANG_WARN_RANGE_LOOP_ANALYSIS = YES;
				CLANG_WARN_STRICT_PROTOTYPES = YES;
				CLANG_WARN_SUSPICIOUS_MOVE = YES;
				CLANG_WARN_UNGUARDED_AVAILABILITY = YES_AGGRESSIVE;
				CLANG_WARN_UNREACHABLE_CODE = YES;
				CLANG_WARN__DUPLICATE_METHOD_MATCH = YES;
				CODE_SIGN_IDENTITY = "iPhone Developer";
				COPY_PHASE_STRIP = NO;
				DEBUG_INFORMATION_FORMAT = dwarf;
				ENABLE_STRICT_OBJC_MSGSEND = YES;
				ENABLE_TESTABILITY = YES;
				GCC_C_LANGUAGE_STANDARD = gnu11;
				GCC_DYNAMIC_NO_PIC = NO;
				GCC_NO_COMMON_BLOCKS = YES;
				GCC_OPTIMIZATION_LEVEL = 0;
				GCC_PREPROCESSOR_DEFINITIONS = (
					"DEBUG=1",
					"$(inherited)",
				);
				GCC_WARN_64_TO_32_BIT_CONVERSION = YES;
				GCC_WARN_ABOUT_RETURN_TYPE = YES_ERROR;
				GCC_WARN_UNDECLARED_SELECTOR = YES;
				GCC_WARN_UNINITIALIZED_AUTOS = YES_AGGRESSIVE;
				GCC_WARN_UNUSED_FUNCTION = YES;
				GCC_WARN_UNUSED_VARIABLE = YES;
				IPHONEOS_DEPLOYMENT_TARGET = 9.0;
				MTL_ENABLE_DEBUG_INFO = INCLUDE_SOURCE;
				MTL_FAST_MATH = YES;
				ONLY_ACTIVE_ARCH = YES;
				SDKROOT = iphoneos;
				SWIFT_ACTIVE_COMPILATION_CONDITIONS = DEBUG;
				SWIFT_OPTIMIZATION_LEVEL = "-Onone";
			};
			name = Debug;
		};
		B7A516C122E0874500095829 /* Release */ = {
			isa = XCBuildConfiguration;
			buildSettings = {
				ALWAYS_SEARCH_USER_PATHS = NO;
				CLANG_ANALYZER_NONNULL = YES;
				CLANG_ANALYZER_NUMBER_OBJECT_CONVERSION = YES_AGGRESSIVE;
				CLANG_CXX_LANGUAGE_STANDARD = "gnu++14";
				CLANG_CXX_LIBRARY = "libc++";
				CLANG_ENABLE_MODULES = YES;
				CLANG_ENABLE_OBJC_ARC = YES;
				CLANG_ENABLE_OBJC_WEAK = YES;
				CLANG_WARN_BLOCK_CAPTURE_AUTORELEASING = YES;
				CLANG_WARN_BOOL_CONVERSION = YES;
				CLANG_WARN_COMMA = YES;
				CLANG_WARN_CONSTANT_CONVERSION = YES;
				CLANG_WARN_DEPRECATED_OBJC_IMPLEMENTATIONS = YES;
				CLANG_WARN_DIRECT_OBJC_ISA_USAGE = YES_ERROR;
				CLANG_WARN_DOCUMENTATION_COMMENTS = YES;
				CLANG_WARN_EMPTY_BODY = YES;
				CLANG_WARN_ENUM_CONVERSION = YES;
				CLANG_WARN_INFINITE_RECURSION = YES;
				CLANG_WARN_INT_CONVERSION = YES;
				CLANG_WARN_NON_LITERAL_NULL_CONVERSION = YES;
				CLANG_WARN_OBJC_IMPLICIT_RETAIN_SELF = YES;
				CLANG_WARN_OBJC_LITERAL_CONVERSION = YES;
				CLANG_WARN_OBJC_ROOT_CLASS = YES_ERROR;
				CLANG_WARN_QUOTED_INCLUDE_IN_FRAMEWORK_HEADER = YES;
				CLANG_WARN_RANGE_LOOP_ANALYSIS = YES;
				CLANG_WARN_STRICT_PROTOTYPES = YES;
				CLANG_WARN_SUSPICIOUS_MOVE = YES;
				CLANG_WARN_UNGUARDED_AVAILABILITY = YES_AGGRESSIVE;
				CLANG_WARN_UNREACHABLE_CODE = YES;
				CLANG_WARN__DUPLICATE_METHOD_MATCH = YES;
				CODE_SIGN_IDENTITY = "iPhone Developer";
				COPY_PHASE_STRIP = NO;
				DEBUG_INFORMATION_FORMAT = "dwarf-with-dsym";
				ENABLE_NS_ASSERTIONS = NO;
				ENABLE_STRICT_OBJC_MSGSEND = YES;
				GCC_C_LANGUAGE_STANDARD = gnu11;
				GCC_NO_COMMON_BLOCKS = YES;
				GCC_WARN_64_TO_32_BIT_CONVERSION = YES;
				GCC_WARN_ABOUT_RETURN_TYPE = YES_ERROR;
				GCC_WARN_UNDECLARED_SELECTOR = YES;
				GCC_WARN_UNINITIALIZED_AUTOS = YES_AGGRESSIVE;
				GCC_WARN_UNUSED_FUNCTION = YES;
				GCC_WARN_UNUSED_VARIABLE = YES;
				IPHONEOS_DEPLOYMENT_TARGET = 9.0;
				MTL_ENABLE_DEBUG_INFO = NO;
				MTL_FAST_MATH = YES;
				SDKROOT = iphoneos;
				SWIFT_COMPILATION_MODE = wholemodule;
				SWIFT_OPTIMIZATION_LEVEL = "-O";
				VALIDATE_PRODUCT = YES;
			};
			name = Release;
		};
		B7A516C322E0874500095829 /* Debug */ = {
			isa = XCBuildConfiguration;
			baseConfigurationReference = 6FED87554044AA20574307BC /* Pods-AdMobBannerAdapterExample.debug.xcconfig */;
			buildSettings = {
				ASSETCATALOG_COMPILER_APPICON_NAME = AppIcon;
				CODE_SIGN_STYLE = Automatic;
				INFOPLIST_FILE = AdMobBannerAdapterExample/Info.plist;
				IPHONEOS_DEPLOYMENT_TARGET = 9.0;
				LD_RUNPATH_SEARCH_PATHS = (
					"$(inherited)",
					"@executable_path/Frameworks",
				);
				PRODUCT_BUNDLE_IDENTIFIER = com.yandex.AdMobBannerAdapterExampleSwift;
				PRODUCT_NAME = "$(TARGET_NAME)";
				SWIFT_VERSION = 5.0;
				TARGETED_DEVICE_FAMILY = "1,2";
			};
			name = Debug;
		};
		B7A516C422E0874500095829 /* Release */ = {
			isa = XCBuildConfiguration;
			baseConfigurationReference = 9E1BFDC660EEF177A0B51CD5 /* Pods-AdMobBannerAdapterExample.release.xcconfig */;
			buildSettings = {
				ASSETCATALOG_COMPILER_APPICON_NAME = AppIcon;
				CODE_SIGN_STYLE = Automatic;
				INFOPLIST_FILE = AdMobBannerAdapterExample/Info.plist;
				IPHONEOS_DEPLOYMENT_TARGET = 9.0;
				LD_RUNPATH_SEARCH_PATHS = (
					"$(inherited)",
					"@executable_path/Frameworks",
				);
				PRODUCT_BUNDLE_IDENTIFIER = com.yandex.AdMobBannerAdapterExampleSwift;
				PRODUCT_NAME = "$(TARGET_NAME)";
				SWIFT_VERSION = 5.0;
				TARGETED_DEVICE_FAMILY = "1,2";
			};
			name = Release;
		};
/* End XCBuildConfiguration section */

/* Begin XCConfigurationList section */
		B7A516AB22E0874400095829 /* Build configuration list for PBXProject "AdMobBannerAdapterExample" */ = {
			isa = XCConfigurationList;
			buildConfigurations = (
				B7A516C022E0874500095829 /* Debug */,
				B7A516C122E0874500095829 /* Release */,
			);
			defaultConfigurationIsVisible = 0;
			defaultConfigurationName = Release;
		};
		B7A516C222E0874500095829 /* Build configuration list for PBXNativeTarget "AdMobBannerAdapterExample" */ = {
			isa = XCConfigurationList;
			buildConfigurations = (
				B7A516C322E0874500095829 /* Debug */,
				B7A516C422E0874500095829 /* Release */,
			);
			defaultConfigurationIsVisible = 0;
			defaultConfigurationName = Release;
		};
/* End XCConfigurationList section */
	};
	rootObject = B7A516A822E0874400095829 /* Project object */;
}
