// !$*UTF8*$!
{
	archiveVersion = 1;
	classes = {
	};
	objectVersion = 48;
	objects = {

/* Begin PBXBuildFile section */
		B369DDF025262AAD004E8392 /* NativeAdView.xib in Resources */ = {isa = PBXBuildFile; fileRef = B369DDEE25262AAD004E8392 /* NativeAdView.xib */; };
		B369DDF125262AAD004E8392 /* NativeAdView.m in Sources */ = {isa = PBXBuildFile; fileRef = B369DDEF25262AAD004E8392 /* NativeAdView.m */; };
		B3946C2220456AF50081899C /* AppDelegate.m in Sources */ = {isa = PBXBuildFile; fileRef = B3946C2120456AF50081899C /* AppDelegate.m */; };
		B3946C2520456AF50081899C /* ViewController.m in Sources */ = {isa = PBXBuildFile; fileRef = B3946C2420456AF50081899C /* ViewController.m */; };
		B3946C2820456AF50081899C /* Main.storyboard in Resources */ = {isa = PBXBuildFile; fileRef = B3946C2620456AF50081899C /* Main.storyboard */; };
		B3946C2D20456AF50081899C /* LaunchScreen.storyboard in Resources */ = {isa = PBXBuildFile; fileRef = B3946C2B20456AF50081899C /* LaunchScreen.storyboard */; };
		B3946C3A20457DEE0081899C /* Images.xcassets in Resources */ = {isa = PBXBuildFile; fileRef = B3946C3920457DEE0081899C /* Images.xcassets */; };
		B3946C50204584540081899C /* StarRatingView.m in Sources */ = {isa = PBXBuildFile; fileRef = B3946C4E204584530081899C /* StarRatingView.m */; };
		B3946C51204584540081899C /* Assets.xcassets in Resources */ = {isa = PBXBuildFile; fileRef = B3946C4F204584540081899C /* Assets.xcassets */; };
		B3FF432B23F6B94400D87C74 /* main.m in Sources */ = {isa = PBXBuildFile; fileRef = B3FF432A23F6B94400D87C74 /* main.m */; };
		B7607ED82594949800CF22C3 /* MoPub.swift in Sources */ = {isa = PBXBuildFile; fileRef = B7607ED72594949800CF22C3 /* MoPub.swift */; };
		FEC67E850C1722D613C20C45 /* libPods-MobileMediationNativeExample.a in Frameworks */ = {isa = PBXBuildFile; fileRef = ECEBB0DE170E0DCB8F582E4D /* libPods-MobileMediationNativeExample.a */; };
/* End PBXBuildFile section */

/* Begin PBXFileReference section */
		6A843E321EE562BEECF28B69 /* Pods-MobileMediationNativeExample.debug.xcconfig */ = {isa = PBXFileReference; includeInIndex = 1; lastKnownFileType = text.xcconfig; name = "Pods-MobileMediationNativeExample.debug.xcconfig"; path = "Pods/Target Support Files/Pods-MobileMediationNativeExample/Pods-MobileMediationNativeExample.debug.xcconfig"; sourceTree = "<group>"; };
		97E5BDA9BE0FEB566F3BE573 /* Pods-AdFoxMediationNativeExample.debug.xcconfig */ = {isa = PBXFileReference; includeInIndex = 1; lastKnownFileType = text.xcconfig; name = "Pods-AdFoxMediationNativeExample.debug.xcconfig"; path = "Pods/Target Support Files/Pods-AdFoxMediationNativeExample/Pods-AdFoxMediationNativeExample.debug.xcconfig"; sourceTree = "<group>"; };
		B369DDED25262AAD004E8392 /* NativeAdView.h */ = {isa = PBXFileReference; fileEncoding = 4; lastKnownFileType = sourcecode.c.h; name = NativeAdView.h; path = ../../Common/NativeAdView.h; sourceTree = "<group>"; };
		B369DDEE25262AAD004E8392 /* NativeAdView.xib */ = {isa = PBXFileReference; fileEncoding = 4; lastKnownFileType = file.xib; name = NativeAdView.xib; path = ../../Common/NativeAdView.xib; sourceTree = "<group>"; };
		B369DDEF25262AAD004E8392 /* NativeAdView.m */ = {isa = PBXFileReference; fileEncoding = 4; lastKnownFileType = sourcecode.c.objc; name = NativeAdView.m; path = ../../Common/NativeAdView.m; sourceTree = "<group>"; };
		B3946C1D20456AF50081899C /* MobileMediationNativeExample.app */ = {isa = PBXFileReference; explicitFileType = wrapper.application; includeInIndex = 0; path = MobileMediationNativeExample.app; sourceTree = BUILT_PRODUCTS_DIR; };
		B3946C2020456AF50081899C /* AppDelegate.h */ = {isa = PBXFileReference; lastKnownFileType = sourcecode.c.h; path = AppDelegate.h; sourceTree = "<group>"; };
		B3946C2120456AF50081899C /* AppDelegate.m */ = {isa = PBXFileReference; lastKnownFileType = sourcecode.c.objc; path = AppDelegate.m; sourceTree = "<group>"; };
		B3946C2320456AF50081899C /* ViewController.h */ = {isa = PBXFileReference; lastKnownFileType = sourcecode.c.h; path = ViewController.h; sourceTree = "<group>"; };
		B3946C2420456AF50081899C /* ViewController.m */ = {isa = PBXFileReference; lastKnownFileType = sourcecode.c.objc; path = ViewController.m; sourceTree = "<group>"; };
		B3946C2720456AF50081899C /* Base */ = {isa = PBXFileReference; lastKnownFileType = file.storyboard; name = Base; path = Base.lproj/Main.storyboard; sourceTree = "<group>"; };
		B3946C2C20456AF50081899C /* Base */ = {isa = PBXFileReference; lastKnownFileType = file.storyboard; name = Base; path = Base.lproj/LaunchScreen.storyboard; sourceTree = "<group>"; };
		B3946C2E20456AF50081899C /* Info.plist */ = {isa = PBXFileReference; lastKnownFileType = text.plist.xml; path = Info.plist; sourceTree = "<group>"; };
		B3946C3920457DEE0081899C /* Images.xcassets */ = {isa = PBXFileReference; lastKnownFileType = folder.assetcatalog; path = Images.xcassets; sourceTree = "<group>"; };
		B3946C4D204584530081899C /* StarRatingView.h */ = {isa = PBXFileReference; fileEncoding = 4; lastKnownFileType = sourcecode.c.h; name = StarRatingView.h; path = ../../Common/StarRatingView.h; sourceTree = "<group>"; };
		B3946C4E204584530081899C /* StarRatingView.m */ = {isa = PBXFileReference; fileEncoding = 4; lastKnownFileType = sourcecode.c.objc; name = StarRatingView.m; path = ../../Common/StarRatingView.m; sourceTree = "<group>"; };
		B3946C4F204584540081899C /* Assets.xcassets */ = {isa = PBXFileReference; lastKnownFileType = folder.assetcatalog; name = Assets.xcassets; path = ../../Common/Assets.xcassets; sourceTree = "<group>"; };
		B3FF432A23F6B94400D87C74 /* main.m */ = {isa = PBXFileReference; fileEncoding = 4; lastKnownFileType = sourcecode.c.objc; path = main.m; sourceTree = "<group>"; };
		B7607ED72594949800CF22C3 /* MoPub.swift */ = {isa = PBXFileReference; lastKnownFileType = sourcecode.swift; path = MoPub.swift; sourceTree = "<group>"; };
		DE2B6B55086834AEB472C008 /* Pods-MobileMediationNativeExample.release.xcconfig */ = {isa = PBXFileReference; includeInIndex = 1; lastKnownFileType = text.xcconfig; name = "Pods-MobileMediationNativeExample.release.xcconfig"; path = "Pods/Target Support Files/Pods-MobileMediationNativeExample/Pods-MobileMediationNativeExample.release.xcconfig"; sourceTree = "<group>"; };
		ECEBB0DE170E0DCB8F582E4D /* libPods-MobileMediationNativeExample.a */ = {isa = PBXFileReference; explicitFileType = archive.ar; includeInIndex = 0; path = "libPods-MobileMediationNativeExample.a"; sourceTree = BUILT_PRODUCTS_DIR; };
		F0D97DDAB2FB67441581DB20 /* Pods-AdFoxMediationNativeExample.release.xcconfig */ = {isa = PBXFileReference; includeInIndex = 1; lastKnownFileType = text.xcconfig; name = "Pods-AdFoxMediationNativeExample.release.xcconfig"; path = "Pods/Target Support Files/Pods-AdFoxMediationNativeExample/Pods-AdFoxMediationNativeExample.release.xcconfig"; sourceTree = "<group>"; };
/* End PBXFileReference section */

/* Begin PBXFrameworksBuildPhase section */
		B3946C1A20456AF50081899C /* Frameworks */ = {
			isa = PBXFrameworksBuildPhase;
			buildActionMask = 2147483647;
			files = (
				FEC67E850C1722D613C20C45 /* libPods-MobileMediationNativeExample.a in Frameworks */,
			);
			runOnlyForDeploymentPostprocessing = 0;
		};
/* End PBXFrameworksBuildPhase section */

/* Begin PBXGroup section */
		A07EFD2409337C68A1EEF27D /* Frameworks */ = {
			isa = PBXGroup;
			children = (
				ECEBB0DE170E0DCB8F582E4D /* libPods-MobileMediationNativeExample.a */,
			);
			name = Frameworks;
			sourceTree = "<group>";
		};
		B3946C1420456AF50081899C = {
			isa = PBXGroup;
			children = (
				B3946C1F20456AF50081899C /* MobileMediationNativeExample */,
				B3946C1E20456AF50081899C /* Products */,
				C0E8FC619D5E1555256FFD80 /* Pods */,
				A07EFD2409337C68A1EEF27D /* Frameworks */,
			);
			sourceTree = "<group>";
		};
		B3946C1E20456AF50081899C /* Products */ = {
			isa = PBXGroup;
			children = (
				B3946C1D20456AF50081899C /* MobileMediationNativeExample.app */,
			);
			name = Products;
			sourceTree = "<group>";
		};
		B3946C1F20456AF50081899C /* MobileMediationNativeExample */ = {
			isa = PBXGroup;
			children = (
				B7607ED72594949800CF22C3 /* MoPub.swift */,
				B3FF432A23F6B94400D87C74 /* main.m */,
				B3946C4F204584540081899C /* Assets.xcassets */,
				B3946C4D204584530081899C /* StarRatingView.h */,
				B3946C4E204584530081899C /* StarRatingView.m */,
				B3946C2020456AF50081899C /* AppDelegate.h */,
				B3946C2120456AF50081899C /* AppDelegate.m */,
				B3946C2320456AF50081899C /* ViewController.h */,
				B3946C2420456AF50081899C /* ViewController.m */,
				B3946C2620456AF50081899C /* Main.storyboard */,
				B3946C2B20456AF50081899C /* LaunchScreen.storyboard */,
				B369DDED25262AAD004E8392 /* NativeAdView.h */,
				B369DDEF25262AAD004E8392 /* NativeAdView.m */,
				B369DDEE25262AAD004E8392 /* NativeAdView.xib */,
				B3946C3920457DEE0081899C /* Images.xcassets */,
				B3946C2E20456AF50081899C /* Info.plist */,
			);
			path = MobileMediationNativeExample;
			sourceTree = "<group>";
		};
		C0E8FC619D5E1555256FFD80 /* Pods */ = {
			isa = PBXGroup;
			children = (
				97E5BDA9BE0FEB566F3BE573 /* Pods-AdFoxMediationNativeExample.debug.xcconfig */,
				F0D97DDAB2FB67441581DB20 /* Pods-AdFoxMediationNativeExample.release.xcconfig */,
				6A843E321EE562BEECF28B69 /* Pods-MobileMediationNativeExample.debug.xcconfig */,
				DE2B6B55086834AEB472C008 /* Pods-MobileMediationNativeExample.release.xcconfig */,
			);
			name = Pods;
			sourceTree = "<group>";
		};
/* End PBXGroup section */

/* Begin PBXNativeTarget section */
		B3946C1C20456AF50081899C /* MobileMediationNativeExample */ = {
			isa = PBXNativeTarget;
			buildConfigurationList = B3946C3320456AF50081899C /* Build configuration list for PBXNativeTarget "MobileMediationNativeExample" */;
			buildPhases = (
				C9C3D521EFEACD9805A3CFA6 /* [CP] Check Pods Manifest.lock */,
				B3946C1920456AF50081899C /* Sources */,
				B3946C1A20456AF50081899C /* Frameworks */,
				B3946C1B20456AF50081899C /* Resources */,
				D9C50E2C4F2481A4372AD520 /* [CP] Copy Pods Resources */,
				2FEC951B984DF33B48F89074 /* [CP] Embed Pods Frameworks */,
			);
			buildRules = (
			);
			dependencies = (
			);
			name = MobileMediationNativeExample;
			productName = AdFoxMediationNativeExample;
			productReference = B3946C1D20456AF50081899C /* MobileMediationNativeExample.app */;
			productType = "com.apple.product-type.application";
		};
/* End PBXNativeTarget section */

/* Begin PBXProject section */
		B3946C1520456AF50081899C /* Project object */ = {
			isa = PBXProject;
			attributes = {
				LastUpgradeCheck = 1240;
				TargetAttributes = {
					B3946C1C20456AF50081899C = {
						CreatedOnToolsVersion = 9.2;
						LastSwiftMigration = 1210;
						ProvisioningStyle = Automatic;
					};
				};
			};
			buildConfigurationList = B3946C1820456AF50081899C /* Build configuration list for PBXProject "MobileMediationNativeExample" */;
			compatibilityVersion = "Xcode 8.0";
			developmentRegion = en;
			hasScannedForEncodings = 0;
			knownRegions = (
				en,
				Base,
			);
			mainGroup = B3946C1420456AF50081899C;
			productRefGroup = B3946C1E20456AF50081899C /* Products */;
			projectDirPath = "";
			projectRoot = "";
			targets = (
				B3946C1C20456AF50081899C /* MobileMediationNativeExample */,
			);
		};
/* End PBXProject section */

/* Begin PBXResourcesBuildPhase section */
		B3946C1B20456AF50081899C /* Resources */ = {
			isa = PBXResourcesBuildPhase;
			buildActionMask = 2147483647;
			files = (
				B3946C3A20457DEE0081899C /* Images.xcassets in Resources */,
				B3946C2D20456AF50081899C /* LaunchScreen.storyboard in Resources */,
				B369DDF025262AAD004E8392 /* NativeAdView.xib in Resources */,
				B3946C2820456AF50081899C /* Main.storyboard in Resources */,
				B3946C51204584540081899C /* Assets.xcassets in Resources */,
			);
			runOnlyForDeploymentPostprocessing = 0;
		};
/* End PBXResourcesBuildPhase section */

/* Begin PBXShellScriptBuildPhase section */
		2FEC951B984DF33B48F89074 /* [CP] Embed Pods Frameworks */ = {
			isa = PBXShellScriptBuildPhase;
			buildActionMask = 2147483647;
			files = (
			);
			inputPaths = (
				"${PODS_ROOT}/Target Support Files/Pods-MobileMediationNativeExample/Pods-MobileMediationNativeExample-frameworks.sh",
				"${PODS_XCFRAMEWORKS_BUILD_DIR}/OMSDK_Mopub/OMSDK_Mopub.framework/OMSDK_Mopub",
			);
			name = "[CP] Embed Pods Frameworks";
			outputPaths = (
				"${TARGET_BUILD_DIR}/${FRAMEWORKS_FOLDER_PATH}/OMSDK_Mopub.framework",
			);
			runOnlyForDeploymentPostprocessing = 0;
			shellPath = /bin/sh;
			shellScript = "\"${PODS_ROOT}/Target Support Files/Pods-MobileMediationNativeExample/Pods-MobileMediationNativeExample-frameworks.sh\"\n";
			showEnvVarsInLog = 0;
		};
		C9C3D521EFEACD9805A3CFA6 /* [CP] Check Pods Manifest.lock */ = {
			isa = PBXShellScriptBuildPhase;
			buildActionMask = 2147483647;
			files = (
			);
			inputPaths = (
				"${PODS_PODFILE_DIR_PATH}/Podfile.lock",
				"${PODS_ROOT}/Manifest.lock",
			);
			name = "[CP] Check Pods Manifest.lock";
			outputPaths = (
				"$(DERIVED_FILE_DIR)/Pods-MobileMediationNativeExample-checkManifestLockResult.txt",
			);
			runOnlyForDeploymentPostprocessing = 0;
			shellPath = /bin/sh;
			shellScript = "diff \"${PODS_PODFILE_DIR_PATH}/Podfile.lock\" \"${PODS_ROOT}/Manifest.lock\" > /dev/null\nif [ $? != 0 ] ; then\n    # print error to STDERR\n    echo \"error: The sandbox is not in sync with the Podfile.lock. Run 'pod install' or update your CocoaPods installation.\" >&2\n    exit 1\nfi\n# This output is used by Xcode 'outputs' to avoid re-running this script phase.\necho \"SUCCESS\" > \"${SCRIPT_OUTPUT_FILE_0}\"\n";
			showEnvVarsInLog = 0;
		};
		D9C50E2C4F2481A4372AD520 /* [CP] Copy Pods Resources */ = {
			isa = PBXShellScriptBuildPhase;
			buildActionMask = 2147483647;
			files = (
			);
			inputPaths = (
				"${PODS_ROOT}/Target Support Files/Pods-MobileMediationNativeExample/Pods-MobileMediationNativeExample-resources.sh",
				"${PODS_ROOT}/YandexMobileAds/static/YandexMobileAds.framework/YandexMobileAdsBundle.bundle",
				"${PODS_CONFIGURATION_BUILD_DIR}/mopub-ios-sdk/MoPubResources.bundle",
			);
			name = "[CP] Copy Pods Resources";
			outputPaths = (
				"${TARGET_BUILD_DIR}/${UNLOCALIZED_RESOURCES_FOLDER_PATH}/YandexMobileAdsBundle.bundle",
				"${TARGET_BUILD_DIR}/${UNLOCALIZED_RESOURCES_FOLDER_PATH}/MoPubResources.bundle",
			);
			runOnlyForDeploymentPostprocessing = 0;
			shellPath = /bin/sh;
			shellScript = "\"${PODS_ROOT}/Target Support Files/Pods-MobileMediationNativeExample/Pods-MobileMediationNativeExample-resources.sh\"\n";
			showEnvVarsInLog = 0;
		};
/* End PBXShellScriptBuildPhase section */

/* Begin PBXSourcesBuildPhase section */
		B3946C1920456AF50081899C /* Sources */ = {
			isa = PBXSourcesBuildPhase;
			buildActionMask = 2147483647;
			files = (
				B369DDF125262AAD004E8392 /* NativeAdView.m in Sources */,
				B3946C2520456AF50081899C /* ViewController.m in Sources */,
				B3946C2220456AF50081899C /* AppDelegate.m in Sources */,
				B3FF432B23F6B94400D87C74 /* main.m in Sources */,
				B3946C50204584540081899C /* StarRatingView.m in Sources */,
				B7607ED82594949800CF22C3 /* MoPub.swift in Sources */,
			);
			runOnlyForDeploymentPostprocessing = 0;
		};
/* End PBXSourcesBuildPhase section */

/* Begin PBXVariantGroup section */
		B3946C2620456AF50081899C /* Main.storyboard */ = {
			isa = PBXVariantGroup;
			children = (
				B3946C2720456AF50081899C /* Base */,
			);
			name = Main.storyboard;
			sourceTree = "<group>";
		};
		B3946C2B20456AF50081899C /* LaunchScreen.storyboard */ = {
			isa = PBXVariantGroup;
			children = (
				B3946C2C20456AF50081899C /* Base */,
			);
			name = LaunchScreen.storyboard;
			sourceTree = "<group>";
		};
/* End PBXVariantGroup section */

/* Begin XCBuildConfiguration section */
		B3946C3120456AF50081899C /* Debug */ = {
			isa = XCBuildConfiguration;
			buildSettings = {
				ALWAYS_SEARCH_USER_PATHS = NO;
				CLANG_ANALYZER_NONNULL = YES;
				CLANG_ANALYZER_NUMBER_OBJECT_CONVERSION = YES_AGGRESSIVE;
				CLANG_CXX_LANGUAGE_STANDARD = "gnu++14";
				CLANG_CXX_LIBRARY = "libc++";
				CLANG_ENABLE_MODULES = YES;
				CLANG_ENABLE_OBJC_ARC = YES;
				CLANG_WARN_BLOCK_CAPTURE_AUTORELEASING = YES;
				CLANG_WARN_BOOL_CONVERSION = YES;
				CLANG_WARN_COMMA = YES;
				CLANG_WARN_CONSTANT_CONVERSION = YES;
				CLANG_WARN_DEPRECATED_OBJC_IMPLEMENTATIONS = YES;
				CLANG_WARN_DIRECT_OBJC_ISA_USAGE = YES_ERROR;
				CLANG_WARN_DOCUMENTATION_COMMENTS = YES;
				CLANG_WARN_EMPTY_BODY = YES;
				CLANG_WARN_ENUM_CONVERSION = YES;
				CLANG_WARN_INFINITE_RECURSION = YES;
				CLANG_WARN_INT_CONVERSION = YES;
				CLANG_WARN_NON_LITERAL_NULL_CONVERSION = YES;
				CLANG_WARN_OBJC_IMPLICIT_RETAIN_SELF = YES;
				CLANG_WARN_OBJC_LITERAL_CONVERSION = YES;
				CLANG_WARN_OBJC_ROOT_CLASS = YES_ERROR;
				CLANG_WARN_QUOTED_INCLUDE_IN_FRAMEWORK_HEADER = YES;
				CLANG_WARN_RANGE_LOOP_ANALYSIS = YES;
				CLANG_WARN_STRICT_PROTOTYPES = YES;
				CLANG_WARN_SUSPICIOUS_MOVE = YES;
				CLANG_WARN_UNGUARDED_AVAILABILITY = YES_AGGRESSIVE;
				CLANG_WARN_UNREACHABLE_CODE = YES;
				CLANG_WARN__DUPLICATE_METHOD_MATCH = YES;
				CODE_SIGN_IDENTITY = "iPhone Developer";
				COPY_PHASE_STRIP = NO;
				DEBUG_INFORMATION_FORMAT = dwarf;
				ENABLE_STRICT_OBJC_MSGSEND = YES;
				ENABLE_TESTABILITY = YES;
				GCC_C_LANGUAGE_STANDARD = gnu11;
				GCC_DYNAMIC_NO_PIC = NO;
				GCC_NO_COMMON_BLOCKS = YES;
				GCC_OPTIMIZATION_LEVEL = 0;
				GCC_PREPROCESSOR_DEFINITIONS = (
					"DEBUG=1",
					"$(inherited)",
				);
				GCC_WARN_64_TO_32_BIT_CONVERSION = YES;
				GCC_WARN_ABOUT_RETURN_TYPE = YES_ERROR;
				GCC_WARN_UNDECLARED_SELECTOR = YES;
				GCC_WARN_UNINITIALIZED_AUTOS = YES_AGGRESSIVE;
				GCC_WARN_UNUSED_FUNCTION = YES;
				GCC_WARN_UNUSED_VARIABLE = YES;
				IPHONEOS_DEPLOYMENT_TARGET = 10.0;
				MTL_ENABLE_DEBUG_INFO = YES;
				ONLY_ACTIVE_ARCH = YES;
				SDKROOT = iphoneos;
			};
			name = Debug;
		};
		B3946C3220456AF50081899C /* Release */ = {
			isa = XCBuildConfiguration;
			buildSettings = {
				ALWAYS_SEARCH_USER_PATHS = NO;
				CLANG_ANALYZER_NONNULL = YES;
				CLANG_ANALYZER_NUMBER_OBJECT_CONVERSION = YES_AGGRESSIVE;
				CLANG_CXX_LANGUAGE_STANDARD = "gnu++14";
				CLANG_CXX_LIBRARY = "libc++";
				CLANG_ENABLE_MODULES = YES;
				CLANG_ENABLE_OBJC_ARC = YES;
				CLANG_WARN_BLOCK_CAPTURE_AUTORELEASING = YES;
				CLANG_WARN_BOOL_CONVERSION = YES;
				CLANG_WARN_COMMA = YES;
				CLANG_WARN_CONSTANT_CONVERSION = YES;
				CLANG_WARN_DEPRECATED_OBJC_IMPLEMENTATIONS = YES;
				CLANG_WARN_DIRECT_OBJC_ISA_USAGE = YES_ERROR;
				CLANG_WARN_DOCUMENTATION_COMMENTS = YES;
				CLANG_WARN_EMPTY_BODY = YES;
				CLANG_WARN_ENUM_CONVERSION = YES;
				CLANG_WARN_INFINITE_RECURSION = YES;
				CLANG_WARN_INT_CONVERSION = YES;
				CLANG_WARN_NON_LITERAL_NULL_CONVERSION = YES;
				CLANG_WARN_OBJC_IMPLICIT_RETAIN_SELF = YES;
				CLANG_WARN_OBJC_LITERAL_CONVERSION = YES;
				CLANG_WARN_OBJC_ROOT_CLASS = YES_ERROR;
				CLANG_WARN_QUOTED_INCLUDE_IN_FRAMEWORK_HEADER = YES;
				CLANG_WARN_RANGE_LOOP_ANALYSIS = YES;
				CLANG_WARN_STRICT_PROTOTYPES = YES;
				CLANG_WARN_SUSPICIOUS_MOVE = YES;
				CLANG_WARN_UNGUARDED_AVAILABILITY = YES_AGGRESSIVE;
				CLANG_WARN_UNREACHABLE_CODE = YES;
				CLANG_WARN__DUPLICATE_METHOD_MATCH = YES;
				CODE_SIGN_IDENTITY = "iPhone Developer";
				COPY_PHASE_STRIP = NO;
				DEBUG_INFORMATION_FORMAT = "dwarf-with-dsym";
				ENABLE_NS_ASSERTIONS = NO;
				ENABLE_STRICT_OBJC_MSGSEND = YES;
				GCC_C_LANGUAGE_STANDARD = gnu11;
				GCC_NO_COMMON_BLOCKS = YES;
				GCC_WARN_64_TO_32_BIT_CONVERSION = YES;
				GCC_WARN_ABOUT_RETURN_TYPE = YES_ERROR;
				GCC_WARN_UNDECLARED_SELECTOR = YES;
				GCC_WARN_UNINITIALIZED_AUTOS = YES_AGGRESSIVE;
				GCC_WARN_UNUSED_FUNCTION = YES;
				GCC_WARN_UNUSED_VARIABLE = YES;
				IPHONEOS_DEPLOYMENT_TARGET = 10.0;
				MTL_ENABLE_DEBUG_INFO = NO;
				SDKROOT = iphoneos;
				VALIDATE_PRODUCT = YES;
			};
			name = Release;
		};
		B3946C3420456AF50081899C /* Debug */ = {
			isa = XCBuildConfiguration;
			baseConfigurationReference = 6A843E321EE562BEECF28B69 /* Pods-MobileMediationNativeExample.debug.xcconfig */;
			buildSettings = {
				ASSETCATALOG_COMPILER_APPICON_NAME = AppIcon;
				CLANG_ENABLE_MODULES = YES;
				CODE_SIGN_STYLE = Automatic;
				"EXCLUDED_ARCHS[sdk=iphonesimulator*]" = arm64;
				FRAMEWORK_SEARCH_PATHS = (
					"$(inherited)",
					"\"${PODS_ROOT}/YandexMobileAds/static\"",
					"\"${PODS_ROOT}/YandexMobileMetrica/static\"",
				);
				INFOPLIST_FILE = MobileMediationNativeExample/Info.plist;
				IPHONEOS_DEPLOYMENT_TARGET = 10.0;
				LD_RUNPATH_SEARCH_PATHS = "$(inherited) @executable_path/Frameworks";
				PRODUCT_BUNDLE_IDENTIFIER = com.yandex.MobileMediationNativeExample;
				PRODUCT_NAME = MobileMediationNativeExample;
				SWIFT_OPTIMIZATION_LEVEL = "-Onone";
				SWIFT_VERSION = 5.0;
				TARGETED_DEVICE_FAMILY = "1,2";
			};
			name = Debug;
		};
		B3946C3520456AF50081899C /* Release */ = {
			isa = XCBuildConfiguration;
			baseConfigurationReference = DE2B6B55086834AEB472C008 /* Pods-MobileMediationNativeExample.release.xcconfig */;
			buildSettings = {
				ASSETCATALOG_COMPILER_APPICON_NAME = AppIcon;
				CLANG_ENABLE_MODULES = YES;
				CODE_SIGN_STYLE = Automatic;
				"EXCLUDED_ARCHS[sdk=iphonesimulator*]" = arm64;
				FRAMEWORK_SEARCH_PATHS = (
					"$(inherited)",
					"\"${PODS_ROOT}/YandexMobileAds/static\"",
					"\"${PODS_ROOT}/YandexMobileMetrica/static\"",
				);
				INFOPLIST_FILE = MobileMediationNativeExample/Info.plist;
				IPHONEOS_DEPLOYMENT_TARGET = 10.0;
				LD_RUNPATH_SEARCH_PATHS = "$(inherited) @executable_path/Frameworks";
				PRODUCT_BUNDLE_IDENTIFIER = com.yandex.MobileMediationNativeExample;
				PRODUCT_NAME = MobileMediationNativeExample;
				SWIFT_VERSION = 5.0;
				TARGETED_DEVICE_FAMILY = "1,2";
			};
			name = Release;
		};
/* End XCBuildConfiguration section */

/* Begin XCConfigurationList section */
		B3946C1820456AF50081899C /* Build configuration list for PBXProject "MobileMediationNativeExample" */ = {
			isa = XCConfigurationList;
			buildConfigurations = (
				B3946C3120456AF50081899C /* Debug */,
				B3946C3220456AF50081899C /* Release */,
			);
			defaultConfigurationIsVisible = 0;
			defaultConfigurationName = Release;
		};
		B3946C3320456AF50081899C /* Build configuration list for PBXNativeTarget "MobileMediationNativeExample" */ = {
			isa = XCConfigurationList;
			buildConfigurations = (
				B3946C3420456AF50081899C /* Debug */,
				B3946C3520456AF50081899C /* Release */,
			);
			defaultConfigurationIsVisible = 0;
			defaultConfigurationName = Release;
		};
/* End XCConfigurationList section */
	};
	rootObject = B3946C1520456AF50081899C /* Project object */;
}
