// !$*UTF8*$!
{
	archiveVersion = 1;
	classes = {
	};
	objectVersion = 51;
	objects = {

/* Begin PBXBuildFile section */
		30AAD2ADEC7860D84AADB372 /* libPods-RewardedExample.a in Frameworks */ = {isa = PBXBuildFile; fileRef = 5EAE461D6828B39841464550 /* libPods-RewardedExample.a */; };
		B303454721C13F3400C9A4DA /* AppDelegate.m in Sources */ = {isa = PBXBuildFile; fileRef = B303454621C13F3400C9A4DA /* AppDelegate.m */; };
		B303454A21C13F3400C9A4DA /* ViewController.m in Sources */ = {isa = PBXBuildFile; fileRef = B303454921C13F3400C9A4DA /* ViewController.m */; };
		B303454D21C13F3400C9A4DA /* Main.storyboard in Resources */ = {isa = PBXBuildFile; fileRef = B303454B21C13F3400C9A4DA /* Main.storyboard */; };
		B303455221C13F3400C9A4DA /* LaunchScreen.storyboard in Resources */ = {isa = PBXBuildFile; fileRef = B303455021C13F3400C9A4DA /* LaunchScreen.storyboard */; };
		B303455521C13F3400C9A4DA /* main.m in Sources */ = {isa = PBXBuildFile; fileRef = B303455421C13F3400C9A4DA /* main.m */; };
		B303455C21C14C1B00C9A4DA /* Images.xcassets in Resources */ = {isa = PBXBuildFile; fileRef = B303455B21C14C1B00C9A4DA /* Images.xcassets */; };
/* End PBXBuildFile section */

/* Begin PBXFileReference section */
		0AFBDFC37C4CA627C5B03CF5 /* Pods-RewardedExample.debug.xcconfig */ = {isa = PBXFileReference; includeInIndex = 1; lastKnownFileType = text.xcconfig; name = "Pods-RewardedExample.debug.xcconfig"; path = "Pods/Target Support Files/Pods-RewardedExample/Pods-RewardedExample.debug.xcconfig"; sourceTree = "<group>"; };
		5EAE461D6828B39841464550 /* libPods-RewardedExample.a */ = {isa = PBXFileReference; explicitFileType = archive.ar; includeInIndex = 0; path = "libPods-RewardedExample.a"; sourceTree = BUILT_PRODUCTS_DIR; };
		B303454221C13F3400C9A4DA /* RewardedExample.app */ = {isa = PBXFileReference; explicitFileType = wrapper.application; includeInIndex = 0; path = RewardedExample.app; sourceTree = BUILT_PRODUCTS_DIR; };
		B303454521C13F3400C9A4DA /* AppDelegate.h */ = {isa = PBXFileReference; lastKnownFileType = sourcecode.c.h; path = AppDelegate.h; sourceTree = "<group>"; };
		B303454621C13F3400C9A4DA /* AppDelegate.m */ = {isa = PBXFileReference; lastKnownFileType = sourcecode.c.objc; path = AppDelegate.m; sourceTree = "<group>"; };
		B303454821C13F3400C9A4DA /* ViewController.h */ = {isa = PBXFileReference; lastKnownFileType = sourcecode.c.h; path = ViewController.h; sourceTree = "<group>"; };
		B303454921C13F3400C9A4DA /* ViewController.m */ = {isa = PBXFileReference; lastKnownFileType = sourcecode.c.objc; path = ViewController.m; sourceTree = "<group>"; };
		B303454C21C13F3400C9A4DA /* Base */ = {isa = PBXFileReference; lastKnownFileType = file.storyboard; name = Base; path = Base.lproj/Main.storyboard; sourceTree = "<group>"; };
		B303455121C13F3400C9A4DA /* Base */ = {isa = PBXFileReference; lastKnownFileType = file.storyboard; name = Base; path = Base.lproj/LaunchScreen.storyboard; sourceTree = "<group>"; };
		B303455321C13F3400C9A4DA /* Info.plist */ = {isa = PBXFileReference; lastKnownFileType = text.plist.xml; path = Info.plist; sourceTree = "<group>"; };
		B303455421C13F3400C9A4DA /* main.m */ = {isa = PBXFileReference; lastKnownFileType = sourcecode.c.objc; path = main.m; sourceTree = "<group>"; };
		B303455B21C14C1B00C9A4DA /* Images.xcassets */ = {isa = PBXFileReference; lastKnownFileType = folder.assetcatalog; path = Images.xcassets; sourceTree = "<group>"; };
		F91AB3174A8CE2ECD3F0F5FE /* Pods-RewardedExample.release.xcconfig */ = {isa = PBXFileReference; includeInIndex = 1; lastKnownFileType = text.xcconfig; name = "Pods-RewardedExample.release.xcconfig"; path = "Pods/Target Support Files/Pods-RewardedExample/Pods-RewardedExample.release.xcconfig"; sourceTree = "<group>"; };
/* End PBXFileReference section */

/* Begin PBXFrameworksBuildPhase section */
		B303453F21C13F3400C9A4DA /* Frameworks */ = {
			isa = PBXFrameworksBuildPhase;
			buildActionMask = 2147483647;
			files = (
				30AAD2ADEC7860D84AADB372 /* libPods-RewardedExample.a in Frameworks */,
			);
			runOnlyForDeploymentPostprocessing = 0;
		};
/* End PBXFrameworksBuildPhase section */

/* Begin PBXGroup section */
		37C3A62A4D8628BDD7588812 /* Pods */ = {
			isa = PBXGroup;
			children = (
				0AFBDFC37C4CA627C5B03CF5 /* Pods-RewardedExample.debug.xcconfig */,
				F91AB3174A8CE2ECD3F0F5FE /* Pods-RewardedExample.release.xcconfig */,
			);
			name = Pods;
			sourceTree = "<group>";
		};
		3E35B32E128A97756B77A1D0 /* Frameworks */ = {
			isa = PBXGroup;
			children = (
				5EAE461D6828B39841464550 /* libPods-RewardedExample.a */,
			);
			name = Frameworks;
			sourceTree = "<group>";
		};
		B303453921C13F3400C9A4DA = {
			isa = PBXGroup;
			children = (
				B303454421C13F3400C9A4DA /* RewardedExample */,
				B303454321C13F3400C9A4DA /* Products */,
				37C3A62A4D8628BDD7588812 /* Pods */,
				3E35B32E128A97756B77A1D0 /* Frameworks */,
			);
			sourceTree = "<group>";
		};
		B303454321C13F3400C9A4DA /* Products */ = {
			isa = PBXGroup;
			children = (
				B303454221C13F3400C9A4DA /* RewardedExample.app */,
			);
			name = Products;
			sourceTree = "<group>";
		};
		B303454421C13F3400C9A4DA /* RewardedExample */ = {
			isa = PBXGroup;
			children = (
				B303454521C13F3400C9A4DA /* AppDelegate.h */,
				B303454621C13F3400C9A4DA /* AppDelegate.m */,
				B303454821C13F3400C9A4DA /* ViewController.h */,
				B303454921C13F3400C9A4DA /* ViewController.m */,
				B303454B21C13F3400C9A4DA /* Main.storyboard */,
				B303455021C13F3400C9A4DA /* LaunchScreen.storyboard */,
				B303455B21C14C1B00C9A4DA /* Images.xcassets */,
				B303455321C13F3400C9A4DA /* Info.plist */,
				B303455421C13F3400C9A4DA /* main.m */,
			);
			path = RewardedExample;
			sourceTree = "<group>";
		};
/* End PBXGroup section */

/* Begin PBXNativeTarget section */
		B303454121C13F3400C9A4DA /* RewardedExample */ = {
			isa = PBXNativeTarget;
			buildConfigurationList = B303455821C13F3400C9A4DA /* Build configuration list for PBXNativeTarget "RewardedExample" */;
			buildPhases = (
				AFF217E5475F12C495CDC173 /* [CP] Check Pods Manifest.lock */,
				B303453E21C13F3400C9A4DA /* Sources */,
				B303453F21C13F3400C9A4DA /* Frameworks */,
				B303454021C13F3400C9A4DA /* Resources */,
				8E029AAA983C5701BC6F33AE /* [CP] Copy Pods Resources */,
			);
			buildRules = (
			);
			dependencies = (
			);
			name = RewardedExample;
			productName = RewardedExample;
			productReference = B303454221C13F3400C9A4DA /* RewardedExample.app */;
			productType = "com.apple.product-type.application";
		};
/* End PBXNativeTarget section */

/* Begin PBXProject section */
		B303453A21C13F3400C9A4DA /* Project object */ = {
			isa = PBXProject;
			attributes = {
				LastUpgradeCheck = 1010;
				ORGANIZATIONNAME = Yandex;
				TargetAttributes = {
					B303454121C13F3400C9A4DA = {
						CreatedOnToolsVersion = 10.1;
					};
				};
			};
			buildConfigurationList = B303453D21C13F3400C9A4DA /* Build configuration list for PBXProject "RewardedExample" */;
			compatibilityVersion = "Xcode 9.3";
			developmentRegion = en;
			hasScannedForEncodings = 0;
			knownRegions = (
				en,
				Base,
			);
			mainGroup = B303453921C13F3400C9A4DA;
			productRefGroup = B303454321C13F3400C9A4DA /* Products */;
			projectDirPath = "";
			projectRoot = "";
			targets = (
				B303454121C13F3400C9A4DA /* RewardedExample */,
			);
		};
/* End PBXProject section */

/* Begin PBXResourcesBuildPhase section */
		B303454021C13F3400C9A4DA /* Resources */ = {
			isa = PBXResourcesBuildPhase;
			buildActionMask = 2147483647;
			files = (
				B303455C21C14C1B00C9A4DA /* Images.xcassets in Resources */,
				B303455221C13F3400C9A4DA /* LaunchScreen.storyboard in Resources */,
				B303454D21C13F3400C9A4DA /* Main.storyboard in Resources */,
			);
			runOnlyForDeploymentPostprocessing = 0;
		};
/* End PBXResourcesBuildPhase section */

/* Begin PBXShellScriptBuildPhase section */
		8E029AAA983C5701BC6F33AE /* [CP] Copy Pods Resources */ = {
			isa = PBXShellScriptBuildPhase;
			buildActionMask = 2147483647;
			files = (
			);
			inputFileListPaths = (
				"${PODS_ROOT}/Target Support Files/Pods-RewardedExample/Pods-RewardedExample-resources-${CONFIGURATION}-input-files.xcfilelist",
			);
			name = "[CP] Copy Pods Resources";
			outputFileListPaths = (
				"${PODS_ROOT}/Target Support Files/Pods-RewardedExample/Pods-RewardedExample-resources-${CONFIGURATION}-output-files.xcfilelist",
			);
			runOnlyForDeploymentPostprocessing = 0;
			shellPath = /bin/sh;
			shellScript = "\"${PODS_ROOT}/Target Support Files/Pods-RewardedExample/Pods-RewardedExample-resources.sh\"\n";
			showEnvVarsInLog = 0;
		};
		AFF217E5475F12C495CDC173 /* [CP] Check Pods Manifest.lock */ = {
			isa = PBXShellScriptBuildPhase;
			buildActionMask = 2147483647;
			files = (
			);
			inputFileListPaths = (
			);
			inputPaths = (
				"${PODS_PODFILE_DIR_PATH}/Podfile.lock",
				"${PODS_ROOT}/Manifest.lock",
			);
			name = "[CP] Check Pods Manifest.lock";
			outputFileListPaths = (
			);
			outputPaths = (
				"$(DERIVED_FILE_DIR)/Pods-RewardedExample-checkManifestLockResult.txt",
			);
			runOnlyForDeploymentPostprocessing = 0;
			shellPath = /bin/sh;
			shellScript = "diff \"${PODS_PODFILE_DIR_PATH}/Podfile.lock\" \"${PODS_ROOT}/Manifest.lock\" > /dev/null\nif [ $? != 0 ] ; then\n    # print error to STDERR\n    echo \"error: The sandbox is not in sync with the Podfile.lock. Run 'pod install' or update your CocoaPods installation.\" >&2\n    exit 1\nfi\n# This output is used by Xcode 'outputs' to avoid re-running this script phase.\necho \"SUCCESS\" > \"${SCRIPT_OUTPUT_FILE_0}\"\n";
			showEnvVarsInLog = 0;
		};
/* End PBXShellScriptBuildPhase section */

/* Begin PBXSourcesBuildPhase section */
		B303453E21C13F3400C9A4DA /* Sources */ = {
			isa = PBXSourcesBuildPhase;
			buildActionMask = 2147483647;
			files = (
				B303454A21C13F3400C9A4DA /* ViewController.m in Sources */,
				B303455521C13F3400C9A4DA /* main.m in Sources */,
				B303454721C13F3400C9A4DA /* AppDelegate.m in Sources */,
			);
			runOnlyForDeploymentPostprocessing = 0;
		};
/* End PBXSourcesBuildPhase section */

/* Begin PBXVariantGroup section */
		B303454B21C13F3400C9A4DA /* Main.storyboard */ = {
			isa = PBXVariantGroup;
			children = (
				B303454C21C13F3400C9A4DA /* Base */,
			);
			name = Main.storyboard;
			sourceTree = "<group>";
		};
		B303455021C13F3400C9A4DA /* LaunchScreen.storyboard */ = {
			isa = PBXVariantGroup;
			children = (
				B303455121C13F3400C9A4DA /* Base */,
			);
			name = LaunchScreen.storyboard;
			sourceTree = "<group>";
		};
/* End PBXVariantGroup section */

/* Begin XCBuildConfiguration section */
		B303455621C13F3400C9A4DA /* Debug */ = {
			isa = XCBuildConfiguration;
			buildSettings = {
				ALWAYS_SEARCH_USER_PATHS = NO;
				CLANG_ANALYZER_NONNULL = YES;
				CLANG_ANALYZER_NUMBER_OBJECT_CONVERSION = YES_AGGRESSIVE;
				CLANG_CXX_LANGUAGE_STANDARD = "gnu++14";
				CLANG_CXX_LIBRARY = "libc++";
				CLANG_ENABLE_MODULES = YES;
				CLANG_ENABLE_OBJC_ARC = YES;
				CLANG_ENABLE_OBJC_WEAK = YES;
				CLANG_WARN_BLOCK_CAPTURE_AUTORELEASING = YES;
				CLANG_WARN_BOOL_CONVERSION = YES;
				CLANG_WARN_COMMA = YES;
				CLANG_WARN_CONSTANT_CONVERSION = YES;
				CLANG_WARN_DEPRECATED_OBJC_IMPLEMENTATIONS = YES;
				CLANG_WARN_DIRECT_OBJC_ISA_USAGE = YES_ERROR;
				CLANG_WARN_DOCUMENTATION_COMMENTS = YES;
				CLANG_WARN_EMPTY_BODY = YES;
				CLANG_WARN_ENUM_CONVERSION = YES;
				CLANG_WARN_INFINITE_RECURSION = YES;
				CLANG_WARN_INT_CONVERSION = YES;
				CLANG_WARN_NON_LITERAL_NULL_CONVERSION = YES;
				CLANG_WARN_OBJC_IMPLICIT_RETAIN_SELF = YES;
				CLANG_WARN_OBJC_LITERAL_CONVERSION = YES;
				CLANG_WARN_OBJC_ROOT_CLASS = YES_ERROR;
				CLANG_WARN_RANGE_LOOP_ANALYSIS = YES;
				CLANG_WARN_STRICT_PROTOTYPES = YES;
				CLANG_WARN_SUSPICIOUS_MOVE = YES;
				CLANG_WARN_UNGUARDED_AVAILABILITY = YES_AGGRESSIVE;
				CLANG_WARN_UNREACHABLE_CODE = YES;
				CLANG_WARN__DUPLICATE_METHOD_MATCH = YES;
				CODE_SIGN_IDENTITY = "iPhone Developer";
				COPY_PHASE_STRIP = NO;
				DEBUG_INFORMATION_FORMAT = dwarf;
				ENABLE_STRICT_OBJC_MSGSEND = YES;
				ENABLE_TESTABILITY = YES;
				GCC_C_LANGUAGE_STANDARD = gnu11;
				GCC_DYNAMIC_NO_PIC = NO;
				GCC_NO_COMMON_BLOCKS = YES;
				GCC_OPTIMIZATION_LEVEL = 0;
				GCC_PREPROCESSOR_DEFINITIONS = (
					"DEBUG=1",
					"$(inherited)",
				);
				GCC_WARN_64_TO_32_BIT_CONVERSION = YES;
				GCC_WARN_ABOUT_RETURN_TYPE = YES_ERROR;
				GCC_WARN_UNDECLARED_SELECTOR = YES;
				GCC_WARN_UNINITIALIZED_AUTOS = YES_AGGRESSIVE;
				GCC_WARN_UNUSED_FUNCTION = YES;
				GCC_WARN_UNUSED_VARIABLE = YES;
				IPHONEOS_DEPLOYMENT_TARGET = 12.1;
				MTL_ENABLE_DEBUG_INFO = INCLUDE_SOURCE;
				MTL_FAST_MATH = YES;
				ONLY_ACTIVE_ARCH = YES;
				SDKROOT = iphoneos;
			};
			name = Debug;
		};
		B303455721C13F3400C9A4DA /* Release */ = {
			isa = XCBuildConfiguration;
			buildSettings = {
				ALWAYS_SEARCH_USER_PATHS = NO;
				CLANG_ANALYZER_NONNULL = YES;
				CLANG_ANALYZER_NUMBER_OBJECT_CONVERSION = YES_AGGRESSIVE;
				CLANG_CXX_LANGUAGE_STANDARD = "gnu++14";
				CLANG_CXX_LIBRARY = "libc++";
				CLANG_ENABLE_MODULES = YES;
				CLANG_ENABLE_OBJC_ARC = YES;
				CLANG_ENABLE_OBJC_WEAK = YES;
				CLANG_WARN_BLOCK_CAPTURE_AUTORELEASING = YES;
				CLANG_WARN_BOOL_CONVERSION = YES;
				CLANG_WARN_COMMA = YES;
				CLANG_WARN_CONSTANT_CONVERSION = YES;
				CLANG_WARN_DEPRECATED_OBJC_IMPLEMENTATIONS = YES;
				CLANG_WARN_DIRECT_OBJC_ISA_USAGE = YES_ERROR;
				CLANG_WARN_DOCUMENTATION_COMMENTS = YES;
				CLANG_WARN_EMPTY_BODY = YES;
				CLANG_WARN_ENUM_CONVERSION = YES;
				CLANG_WARN_INFINITE_RECURSION = YES;
				CLANG_WARN_INT_CONVERSION = YES;
				CLANG_WARN_NON_LITERAL_NULL_CONVERSION = YES;
				CLANG_WARN_OBJC_IMPLICIT_RETAIN_SELF = YES;
				CLANG_WARN_OBJC_LITERAL_CONVERSION = YES;
				CLANG_WARN_OBJC_ROOT_CLASS = YES_ERROR;
				CLANG_WARN_RANGE_LOOP_ANALYSIS = YES;
				CLANG_WARN_STRICT_PROTOTYPES = YES;
				CLANG_WARN_SUSPICIOUS_MOVE = YES;
				CLANG_WARN_UNGUARDED_AVAILABILITY = YES_AGGRESSIVE;
				CLANG_WARN_UNREACHABLE_CODE = YES;
				CLANG_WARN__DUPLICATE_METHOD_MATCH = YES;
				CODE_SIGN_IDENTITY = "iPhone Developer";
				COPY_PHASE_STRIP = NO;
				DEBUG_INFORMATION_FORMAT = "dwarf-with-dsym";
				ENABLE_NS_ASSERTIONS = NO;
				ENABLE_STRICT_OBJC_MSGSEND = YES;
				GCC_C_LANGUAGE_STANDARD = gnu11;
				GCC_NO_COMMON_BLOCKS = YES;
				GCC_WARN_64_TO_32_BIT_CONVERSION = YES;
				GCC_WARN_ABOUT_RETURN_TYPE = YES_ERROR;
				GCC_WARN_UNDECLARED_SELECTOR = YES;
				GCC_WARN_UNINITIALIZED_AUTOS = YES_AGGRESSIVE;
				GCC_WARN_UNUSED_FUNCTION = YES;
				GCC_WARN_UNUSED_VARIABLE = YES;
				IPHONEOS_DEPLOYMENT_TARGET = 12.1;
				MTL_ENABLE_DEBUG_INFO = NO;
				MTL_FAST_MATH = YES;
				SDKROOT = iphoneos;
				VALIDATE_PRODUCT = YES;
			};
			name = Release;
		};
		B303455921C13F3400C9A4DA /* Debug */ = {
			isa = XCBuildConfiguration;
			baseConfigurationReference = 0AFBDFC37C4CA627C5B03CF5 /* Pods-RewardedExample.debug.xcconfig */;
			buildSettings = {
				ASSETCATALOG_COMPILER_APPICON_NAME = AppIcon;
				CODE_SIGN_STYLE = Automatic;
				"EXCLUDED_ARCHS[sdk=iphonesimulator*]" = arm64;
				INFOPLIST_FILE = RewardedExample/Info.plist;
				IPHONEOS_DEPLOYMENT_TARGET = 8.0;
				LD_RUNPATH_SEARCH_PATHS = (
					"$(inherited)",
					"@executable_path/Frameworks",
				);
				PRODUCT_BUNDLE_IDENTIFIER = com.yandex.RewardedExample;
				PRODUCT_NAME = "$(TARGET_NAME)";
				TARGETED_DEVICE_FAMILY = "1,2";
			};
			name = Debug;
		};
		B303455A21C13F3400C9A4DA /* Release */ = {
			isa = XCBuildConfiguration;
			baseConfigurationReference = F91AB3174A8CE2ECD3F0F5FE /* Pods-RewardedExample.release.xcconfig */;
			buildSettings = {
				ASSETCATALOG_COMPILER_APPICON_NAME = AppIcon;
				CODE_SIGN_STYLE = Automatic;
				"EXCLUDED_ARCHS[sdk=iphonesimulator*]" = arm64;
				INFOPLIST_FILE = RewardedExample/Info.plist;
				IPHONEOS_DEPLOYMENT_TARGET = 8.0;
				LD_RUNPATH_SEARCH_PATHS = (
					"$(inherited)",
					"@executable_path/Frameworks",
				);
				PRODUCT_BUNDLE_IDENTIFIER = com.yandex.RewardedExample;
				PRODUCT_NAME = "$(TARGET_NAME)";
				TARGETED_DEVICE_FAMILY = "1,2";
			};
			name = Release;
		};
/* End XCBuildConfiguration section */

/* Begin XCConfigurationList section */
		B303453D21C13F3400C9A4DA /* Build configuration list for PBXProject "RewardedExample" */ = {
			isa = XCConfigurationList;
			buildConfigurations = (
				B303455621C13F3400C9A4DA /* Debug */,
				B303455721C13F3400C9A4DA /* Release */,
			);
			defaultConfigurationIsVisible = 0;
			defaultConfigurationName = Release;
		};
		B303455821C13F3400C9A4DA /* Build configuration list for PBXNativeTarget "RewardedExample" */ = {
			isa = XCConfigurationList;
			buildConfigurations = (
				B303455921C13F3400C9A4DA /* Debug */,
				B303455A21C13F3400C9A4DA /* Release */,
			);
			defaultConfigurationIsVisible = 0;
			defaultConfigurationName = Release;
		};
/* End XCConfigurationList section */
	};
	rootObject = B303453A21C13F3400C9A4DA /* Project object */;
}
